// !$*UTF8*$!
{
	archiveVersion = 1;
	classes = {
	};
	objectVersion = 46;
	objects = {

/* Begin PBXBuildFile section */
		2F2FF081681B4E36A5E2769A /* Pods_Ssom.framework in Frameworks */ = {isa = PBXBuildFile; fileRef = 8908E95D56F47D3632CCC46C /* Pods_Ssom.framework */; };
		9730033B1BF84F1500734D8D /* SSNetworkContext.swift in Sources */ = {isa = PBXBuildFile; fileRef = 9730033A1BF84F1500734D8D /* SSNetworkContext.swift */; };
		9730033D1BF84F9900734D8D /* SSNetworkAPIClient.swift in Sources */ = {isa = PBXBuildFile; fileRef = 9730033C1BF84F9900734D8D /* SSNetworkAPIClient.swift */; };
		9730033F1BF84FAE00734D8D /* SSNetworkErrorHandler.swift in Sources */ = {isa = PBXBuildFile; fileRef = 9730033E1BF84FAE00734D8D /* SSNetworkErrorHandler.swift */; };
		973003431BFCDF0500734D8D /* SSPhotoView.swift in Sources */ = {isa = PBXBuildFile; fileRef = 973003421BFCDF0500734D8D /* SSPhotoView.swift */; };
		973003451BFCE06400734D8D /* SSPhotoView.xib in Resources */ = {isa = PBXBuildFile; fileRef = 973003441BFCE06400734D8D /* SSPhotoView.xib */; };
		973003471C0B4ABB00734D8D /* UIImage+Crop.swift in Sources */ = {isa = PBXBuildFile; fileRef = 973003461C0B4ABB00734D8D /* UIImage+Crop.swift */; };
		973003491C0B4F4D00734D8D /* SSWriteViewController.swift in Sources */ = {isa = PBXBuildFile; fileRef = 973003481C0B4F4D00734D8D /* SSWriteViewController.swift */; };
		9730034B1C0F38EC00734D8D /* SSFilterView.swift in Sources */ = {isa = PBXBuildFile; fileRef = 9730034A1C0F38EB00734D8D /* SSFilterView.swift */; };
		9730034D1C1091E700734D8D /* SSFilterView.xib in Resources */ = {isa = PBXBuildFile; fileRef = 9730034C1C1091E700734D8D /* SSFilterView.xib */; };
		9730039B1C1094B700734D8D /* bg_filter_cancel_b.png in Resources */ = {isa = PBXBuildFile; fileRef = 9730034F1C1094B700734D8D /* bg_filter_cancel_b.png */; };
		9730039C1C1094B700734D8D /* bg_filter_filter.png.png in Resources */ = {isa = PBXBuildFile; fileRef = 973003501C1094B700734D8D /* bg_filter_filter.png.png */; };
		9730039D1C1094B700734D8D /* bg_filter_ok_b.png in Resources */ = {isa = PBXBuildFile; fileRef = 973003511C1094B700734D8D /* bg_filter_ok_b.png */; };
		9730039E1C1094B700734D8D /* bg_filter_w80.png in Resources */ = {isa = PBXBuildFile; fileRef = 973003521C1094B700734D8D /* bg_filter_w80.png */; };
		9730039F1C1094B700734D8D /* bg_filter_white.png in Resources */ = {isa = PBXBuildFile; fileRef = 973003531C1094B700734D8D /* bg_filter_white.png */; };
		973003A01C1094B700734D8D /* bg_fullview_F_L.png in Resources */ = {isa = PBXBuildFile; fileRef = 973003541C1094B700734D8D /* bg_fullview_F_L.png */; };
		973003A11C1094B700734D8D /* bg_fullview_F_R.png in Resources */ = {isa = PBXBuildFile; fileRef = 973003551C1094B700734D8D /* bg_fullview_F_R.png */; };
		973003A21C1094B700734D8D /* bg_fullview_main_b.png in Resources */ = {isa = PBXBuildFile; fileRef = 973003561C1094B700734D8D /* bg_fullview_main_b.png */; };
		973003A31C1094B700734D8D /* bg_fullview_main_R.png in Resources */ = {isa = PBXBuildFile; fileRef = 973003571C1094B700734D8D /* bg_fullview_main_R.png */; };
		973003A41C1094B700734D8D /* bg_fullview_main_w.png in Resources */ = {isa = PBXBuildFile; fileRef = 973003581C1094B700734D8D /* bg_fullview_main_w.png */; };
		973003A51C1094B700734D8D /* bg_list_bot.png in Resources */ = {isa = PBXBuildFile; fileRef = 973003591C1094B700734D8D /* bg_list_bot.png */; };
		973003A61C1094B700734D8D /* bg_list_white.png in Resources */ = {isa = PBXBuildFile; fileRef = 9730035A1C1094B700734D8D /* bg_list_white.png */; };
		973003A71C1094B700734D8D /* bg_main_bw.png in Resources */ = {isa = PBXBuildFile; fileRef = 9730035B1C1094B700734D8D /* bg_main_bw.png */; };
		973003A81C1094B700734D8D /* btn_filter_black.png in Resources */ = {isa = PBXBuildFile; fileRef = 9730035C1C1094B700734D8D /* btn_filter_black.png */; };
		973003A91C1094B700734D8D /* btn_main_start.png in Resources */ = {isa = PBXBuildFile; fileRef = 9730035D1C1094B700734D8D /* btn_main_start.png */; };
		973003AA1C1094B700734D8D /* btn_main_write.png in Resources */ = {isa = PBXBuildFile; fileRef = 9730035E1C1094B700734D8D /* btn_main_write.png */; };
		973003AB1C1094B700734D8D /* btn_site_me.png in Resources */ = {isa = PBXBuildFile; fileRef = 9730035F1C1094B700734D8D /* btn_site_me.png */; };
		973003AC1C1094B700734D8D /* btn_small_g.png in Resources */ = {isa = PBXBuildFile; fileRef = 973003601C1094B700734D8D /* btn_small_g.png */; };
		973003AD1C1094B700734D8D /* btn_small_r.png in Resources */ = {isa = PBXBuildFile; fileRef = 973003611C1094B700734D8D /* btn_small_r.png */; };
		973003AE1C1094B700734D8D /* btn_ssom_wide_r.png in Resources */ = {isa = PBXBuildFile; fileRef = 973003621C1094B700734D8D /* btn_ssom_wide_r.png */; };
		973003AF1C1094B700734D8D /* btn_write_cancle.png in Resources */ = {isa = PBXBuildFile; fileRef = 973003631C1094B700734D8D /* btn_write_cancle.png */; };
		973003B01C1094B700734D8D /* btn_write_ok.png in Resources */ = {isa = PBXBuildFile; fileRef = 973003641C1094B700734D8D /* btn_write_ok.png */; };
		973003B11C1094B700734D8D /* full_photo_st_b.png in Resources */ = {isa = PBXBuildFile; fileRef = 973003651C1094B700734D8D /* full_photo_st_b.png */; };
		973003B21C1094B700734D8D /* full_photo_st_r.png in Resources */ = {isa = PBXBuildFile; fileRef = 973003661C1094B700734D8D /* full_photo_st_r.png */; };
		973003B31C1094B700734D8D /* icon_all_dis.png in Resources */ = {isa = PBXBuildFile; fileRef = 973003671C1094B700734D8D /* icon_all_dis.png */; };
		973003B41C1094B700734D8D /* icon_all_perss.png in Resources */ = {isa = PBXBuildFile; fileRef = 973003681C1094B700734D8D /* icon_all_perss.png */; };
		973003B51C1094B700734D8D /* icon_beer_dis.png in Resources */ = {isa = PBXBuildFile; fileRef = 973003691C1094B700734D8D /* icon_beer_dis.png */; };
		973003B61C1094B700734D8D /* icon_beer_press.png in Resources */ = {isa = PBXBuildFile; fileRef = 9730036A1C1094B700734D8D /* icon_beer_press.png */; };
		973003B71C1094B700734D8D /* icon_beer_st_b.png in Resources */ = {isa = PBXBuildFile; fileRef = 9730036B1C1094B700734D8D /* icon_beer_st_b.png */; };
		973003B81C1094B700734D8D /* icon_beer_st_r.png in Resources */ = {isa = PBXBuildFile; fileRef = 9730036C1C1094B700734D8D /* icon_beer_st_r.png */; };
		973003B91C1094B700734D8D /* icon_buy_black.png in Resources */ = {isa = PBXBuildFile; fileRef = 9730036D1C1094B700734D8D /* icon_buy_black.png */; };
		973003BA1C1094B700734D8D /* icon_chat_black.png in Resources */ = {isa = PBXBuildFile; fileRef = 9730036E1C1094B700734D8D /* icon_chat_black.png */; };
		973003BB1C1094B700734D8D /* icon_chat_on.png in Resources */ = {isa = PBXBuildFile; fileRef = 9730036F1C1094B700734D8D /* icon_chat_on.png */; };
		973003BC1C1094B700734D8D /* icon_chat_w.png in Resources */ = {isa = PBXBuildFile; fileRef = 973003701C1094B700734D8D /* icon_chat_w.png */; };
		973003BD1C1094B700734D8D /* icon_check_g.png in Resources */ = {isa = PBXBuildFile; fileRef = 973003711C1094B700734D8D /* icon_check_g.png */; };
		973003BE1C1094B700734D8D /* icon_check_w.png in Resources */ = {isa = PBXBuildFile; fileRef = 973003721C1094B700734D8D /* icon_check_w.png */; };
		973003BF1C1094B700734D8D /* icon_cof_dis.png in Resources */ = {isa = PBXBuildFile; fileRef = 973003731C1094B700734D8D /* icon_cof_dis.png */; };
		973003C01C1094B700734D8D /* icon_cof_press.png in Resources */ = {isa = PBXBuildFile; fileRef = 973003741C1094B700734D8D /* icon_cof_press.png */; };
		973003C11C1094B700734D8D /* icon_cof_st_b.png in Resources */ = {isa = PBXBuildFile; fileRef = 973003751C1094B700734D8D /* icon_cof_st_b.png */; };
		973003C21C1094B700734D8D /* icon_cof_st_r.png in Resources */ = {isa = PBXBuildFile; fileRef = 973003761C1094B700734D8D /* icon_cof_st_r.png */; };
		973003C31C1094B700734D8D /* icon_ctrl_circle.png in Resources */ = {isa = PBXBuildFile; fileRef = 973003771C1094B700734D8D /* icon_ctrl_circle.png */; };
		973003C41C1094B700734D8D /* icon_del_w.png in Resources */ = {isa = PBXBuildFile; fileRef = 973003781C1094B700734D8D /* icon_del_w.png */; };
		973003C51C1094B700734D8D /* icon_edit_b.png in Resources */ = {isa = PBXBuildFile; fileRef = 973003791C1094B700734D8D /* icon_edit_b.png */; };
		973003C61C1094B700734D8D /* icon_heart_black.png in Resources */ = {isa = PBXBuildFile; fileRef = 9730037A1C1094B700734D8D /* icon_heart_black.png */; };
		973003C71C1094B700734D8D /* icon_heart_w.png in Resources */ = {isa = PBXBuildFile; fileRef = 9730037B1C1094B700734D8D /* icon_heart_w.png */; };
		973003C81C1094B700734D8D /* icon_list_st_b.png in Resources */ = {isa = PBXBuildFile; fileRef = 9730037C1C1094B700734D8D /* icon_list_st_b.png */; };
		973003C91C1094B700734D8D /* icon_list_st_r.png in Resources */ = {isa = PBXBuildFile; fileRef = 9730037D1C1094B700734D8D /* icon_list_st_r.png */; };
		973003CA1C1094B700734D8D /* icon_my_g.png in Resources */ = {isa = PBXBuildFile; fileRef = 9730037E1C1094B700734D8D /* icon_my_g.png */; };
		973003CB1C1094B700734D8D /* icon_rice_dis.png in Resources */ = {isa = PBXBuildFile; fileRef = 9730037F1C1094B700734D8D /* icon_rice_dis.png */; };
		973003CC1C1094B700734D8D /* icon_rice_press.png in Resources */ = {isa = PBXBuildFile; fileRef = 973003801C1094B700734D8D /* icon_rice_press.png */; };
		973003CD1C1094B700734D8D /* icon_rice_st_b.png in Resources */ = {isa = PBXBuildFile; fileRef = 973003811C1094B700734D8D /* icon_rice_st_b.png */; };
		973003CE1C1094B700734D8D /* icon_rice_st_r.png in Resources */ = {isa = PBXBuildFile; fileRef = 973003821C1094B700734D8D /* icon_rice_st_r.png */; };
		973003CF1C1094B700734D8D /* icon_sell_red.png in Resources */ = {isa = PBXBuildFile; fileRef = 973003831C1094B700734D8D /* icon_sell_red.png */; };
		973003D01C1094B700734D8D /* icon_ssom_heart.png in Resources */ = {isa = PBXBuildFile; fileRef = 973003841C1094B700734D8D /* icon_ssom_heart.png */; };
		973003D11C1094B700734D8D /* icon_target_g.png in Resources */ = {isa = PBXBuildFile; fileRef = 973003851C1094B700734D8D /* icon_target_g.png */; };
		973003D21C1094B700734D8D /* icon_target_w.png in Resources */ = {isa = PBXBuildFile; fileRef = 973003861C1094B700734D8D /* icon_target_w.png */; };
		973003D31C1094B700734D8D /* icon_top_menu.png in Resources */ = {isa = PBXBuildFile; fileRef = 973003871C1094B700734D8D /* icon_top_menu.png */; };
		973003D41C1094B700734D8D /* icon_wirte_photo_emp.png in Resources */ = {isa = PBXBuildFile; fileRef = 973003881C1094B700734D8D /* icon_wirte_photo_emp.png */; };
		973003D51C1094B700734D8D /* icon_wirte_photo.png in Resources */ = {isa = PBXBuildFile; fileRef = 973003891C1094B700734D8D /* icon_wirte_photo.png */; };
		973003D61C1094B700734D8D /* icon_wirte_st_b.png in Resources */ = {isa = PBXBuildFile; fileRef = 9730038A1C1094B700734D8D /* icon_wirte_st_b.png */; };
		973003D71C1094B700734D8D /* icon_wirte_st_r.png in Resources */ = {isa = PBXBuildFile; fileRef = 9730038B1C1094B700734D8D /* icon_wirte_st_r.png */; };
		973003D81C1094B700734D8D /* line_filter_toggle_g.png in Resources */ = {isa = PBXBuildFile; fileRef = 9730038C1C1094B700734D8D /* line_filter_toggle_g.png */; };
		973003D91C1094B700734D8D /* line_list_gray.png in Resources */ = {isa = PBXBuildFile; fileRef = 9730038D1C1094B700734D8D /* line_list_gray.png */; };
		973003DA1C1094B700734D8D /* logo_main_ssom.png in Resources */ = {isa = PBXBuildFile; fileRef = 9730038E1C1094B700734D8D /* logo_main_ssom.png */; };
		973003DB1C1094B700734D8D /* title_filter_type.png in Resources */ = {isa = PBXBuildFile; fileRef = 9730038F1C1094B700734D8D /* title_filter_type.png */; };
		973003DC1C1094B700734D8D /* title_wirte_type.png in Resources */ = {isa = PBXBuildFile; fileRef = 973003901C1094B700734D8D /* title_wirte_type.png */; };
		973003DD1C1094B700734D8D /* toggle_bg_w.png in Resources */ = {isa = PBXBuildFile; fileRef = 973003911C1094B700734D8D /* toggle_bg_w.png */; };
		973003DE1C1094B700734D8D /* toggle_filter_2.png in Resources */ = {isa = PBXBuildFile; fileRef = 973003921C1094B700734D8D /* toggle_filter_2.png */; };
		973003DF1C1094B700734D8D /* toggle_filter_3.png in Resources */ = {isa = PBXBuildFile; fileRef = 973003931C1094B700734D8D /* toggle_filter_3.png */; };
		973003E01C1094B700734D8D /* toggle_filter_all.png in Resources */ = {isa = PBXBuildFile; fileRef = 973003941C1094B700734D8D /* toggle_filter_all.png */; };
		973003E11C1094B700734D8D /* toggle_filter_bg_g.png in Resources */ = {isa = PBXBuildFile; fileRef = 973003951C1094B700734D8D /* toggle_filter_bg_g.png */; };
		973003E21C1094B700734D8D /* toggle_sel_b.png in Resources */ = {isa = PBXBuildFile; fileRef = 973003961C1094B700734D8D /* toggle_sel_b.png */; };
		973003E31C1094B700734D8D /* toggle_write_bg_w.png in Resources */ = {isa = PBXBuildFile; fileRef = 973003971C1094B700734D8D /* toggle_write_bg_w.png */; };
		973003E41C1094B700734D8D /* toggle_write_black.png in Resources */ = {isa = PBXBuildFile; fileRef = 973003981C1094B700734D8D /* toggle_write_black.png */; };
		973003E51C1094B700734D8D /* toggle_write_red.png in Resources */ = {isa = PBXBuildFile; fileRef = 973003991C1094B700734D8D /* toggle_write_red.png */; };
		973003E61C1094B700734D8D /* type_slogan_white.png in Resources */ = {isa = PBXBuildFile; fileRef = 9730039A1C1094B700734D8D /* type_slogan_white.png */; };
		973003E81C15ED9F00734D8D /* SSFilterViewModel.swift in Sources */ = {isa = PBXBuildFile; fileRef = 973003E71C15ED9F00734D8D /* SSFilterViewModel.swift */; };
		97343E281BE65AB300A9D39D /* AppDelegate.swift in Sources */ = {isa = PBXBuildFile; fileRef = 97343E271BE65AB300A9D39D /* AppDelegate.swift */; };
		97343E2A1BE65AB300A9D39D /* MainViewController.swift in Sources */ = {isa = PBXBuildFile; fileRef = 97343E291BE65AB300A9D39D /* MainViewController.swift */; };
		97343E2D1BE65AB300A9D39D /* Main.storyboard in Resources */ = {isa = PBXBuildFile; fileRef = 97343E2B1BE65AB300A9D39D /* Main.storyboard */; };
		97343E2F1BE65AB300A9D39D /* Assets.xcassets in Resources */ = {isa = PBXBuildFile; fileRef = 97343E2E1BE65AB300A9D39D /* Assets.xcassets */; };
		97343E321BE65AB300A9D39D /* LaunchScreen.storyboard in Resources */ = {isa = PBXBuildFile; fileRef = 97343E301BE65AB300A9D39D /* LaunchScreen.storyboard */; };
		97343E3D1BE65AB300A9D39D /* SsomTests.swift in Sources */ = {isa = PBXBuildFile; fileRef = 97343E3C1BE65AB300A9D39D /* SsomTests.swift */; };
		97343E481BE65AB300A9D39D /* SsomUITests.swift in Sources */ = {isa = PBXBuildFile; fileRef = 97343E471BE65AB300A9D39D /* SsomUITests.swift */; };
		97343E5B1BE65D8C00A9D39D /* OpenGLES.framework in Frameworks */ = {isa = PBXBuildFile; fileRef = 97343E5A1BE65D8C00A9D39D /* OpenGLES.framework */; };
		97343E5D1BE65DA500A9D39D /* SystemConfiguration.framework in Frameworks */ = {isa = PBXBuildFile; fileRef = 97343E5C1BE65DA500A9D39D /* SystemConfiguration.framework */; };
		97343E5F1BE65DAF00A9D39D /* CoreLocation.framework in Frameworks */ = {isa = PBXBuildFile; fileRef = 97343E5E1BE65DAF00A9D39D /* CoreLocation.framework */; };
		97343E611BE65DB900A9D39D /* QuartzCore.framework in Frameworks */ = {isa = PBXBuildFile; fileRef = 97343E601BE65DB900A9D39D /* QuartzCore.framework */; };
		97343E631BE65DC800A9D39D /* libstdc++.6.tbd in Frameworks */ = {isa = PBXBuildFile; fileRef = 97343E621BE65DC800A9D39D /* libstdc++.6.tbd */; };
		97343E651BE65DD100A9D39D /* libxml2.tbd in Frameworks */ = {isa = PBXBuildFile; fileRef = 97343E641BE65DD100A9D39D /* libxml2.tbd */; };
		97343E671BE65DDD00A9D39D /* libsqlite3.tbd in Frameworks */ = {isa = PBXBuildFile; fileRef = 97343E661BE65DDD00A9D39D /* libsqlite3.tbd */; };
		974291051BF25F7000609974 /* ListTableViewCell.xib in Resources */ = {isa = PBXBuildFile; fileRef = 974291041BF25F7000609974 /* ListTableViewCell.xib */; };
		9742910D1BF25FC600609974 /* ListTableViewCell.swift in Sources */ = {isa = PBXBuildFile; fileRef = 9742910C1BF25FC600609974 /* ListTableViewCell.swift */; };
		979A4A031BF4525A00FAFB21 /* Define.swift in Sources */ = {isa = PBXBuildFile; fileRef = 979A4A001BF4525A00FAFB21 /* Define.swift */; };
		979A4A041BF4525A00FAFB21 /* Util.swift in Sources */ = {isa = PBXBuildFile; fileRef = 979A4A021BF4525A00FAFB21 /* Util.swift */; };
		979A4A061BF4527400FAFB21 /* UIDevice+Util.swift in Sources */ = {isa = PBXBuildFile; fileRef = 979A4A051BF4527400FAFB21 /* UIDevice+Util.swift */; };
		97D5A3CB1BEBB23500F3DDFB /* ListViewController.swift in Sources */ = {isa = PBXBuildFile; fileRef = 97D5A3CA1BEBB23500F3DDFB /* ListViewController.swift */; };
		97D5A3CE1BEBB26F00F3DDFB /* ChatViewController.swift in Sources */ = {isa = PBXBuildFile; fileRef = 97D5A3CD1BEBB26F00F3DDFB /* ChatViewController.swift */; };
/* End PBXBuildFile section */

/* Begin PBXContainerItemProxy section */
		97343E391BE65AB300A9D39D /* PBXContainerItemProxy */ = {
			isa = PBXContainerItemProxy;
			containerPortal = 97343E1C1BE65AB300A9D39D /* Project object */;
			proxyType = 1;
			remoteGlobalIDString = 97343E231BE65AB300A9D39D;
			remoteInfo = Ssom;
		};
		97343E441BE65AB300A9D39D /* PBXContainerItemProxy */ = {
			isa = PBXContainerItemProxy;
			containerPortal = 97343E1C1BE65AB300A9D39D /* Project object */;
			proxyType = 1;
			remoteGlobalIDString = 97343E231BE65AB300A9D39D;
			remoteInfo = Ssom;
		};
/* End PBXContainerItemProxy section */

/* Begin PBXCopyFilesBuildPhase section */
		97D5A3F21BF23E5500F3DDFB /* Embed Frameworks */ = {
			isa = PBXCopyFilesBuildPhase;
			buildActionMask = 2147483647;
			dstPath = "";
			dstSubfolderSpec = 10;
			files = (
			);
			name = "Embed Frameworks";
			runOnlyForDeploymentPostprocessing = 0;
		};
/* End PBXCopyFilesBuildPhase section */

/* Begin PBXFileReference section */
		565A5D72859E053601B56633 /* Pods-Ssom.debug.xcconfig */ = {isa = PBXFileReference; includeInIndex = 1; lastKnownFileType = text.xcconfig; name = "Pods-Ssom.debug.xcconfig"; path = "Pods/Target Support Files/Pods-Ssom/Pods-Ssom.debug.xcconfig"; sourceTree = "<group>"; };
		8908E95D56F47D3632CCC46C /* Pods_Ssom.framework */ = {isa = PBXFileReference; explicitFileType = wrapper.framework; includeInIndex = 0; path = Pods_Ssom.framework; sourceTree = BUILT_PRODUCTS_DIR; };
		8C3D8493CF1921016C670E5B /* Pods-Ssom.release.xcconfig */ = {isa = PBXFileReference; includeInIndex = 1; lastKnownFileType = text.xcconfig; name = "Pods-Ssom.release.xcconfig"; path = "Pods/Target Support Files/Pods-Ssom/Pods-Ssom.release.xcconfig"; sourceTree = "<group>"; };
		9730033A1BF84F1500734D8D /* SSNetworkContext.swift */ = {isa = PBXFileReference; fileEncoding = 4; lastKnownFileType = sourcecode.swift; path = SSNetworkContext.swift; sourceTree = "<group>"; };
		9730033C1BF84F9900734D8D /* SSNetworkAPIClient.swift */ = {isa = PBXFileReference; fileEncoding = 4; lastKnownFileType = sourcecode.swift; path = SSNetworkAPIClient.swift; sourceTree = "<group>"; };
		9730033E1BF84FAE00734D8D /* SSNetworkErrorHandler.swift */ = {isa = PBXFileReference; fileEncoding = 4; lastKnownFileType = sourcecode.swift; path = SSNetworkErrorHandler.swift; sourceTree = "<group>"; };
		973003421BFCDF0500734D8D /* SSPhotoView.swift */ = {isa = PBXFileReference; fileEncoding = 4; lastKnownFileType = sourcecode.swift; path = SSPhotoView.swift; sourceTree = "<group>"; };
		973003441BFCE06400734D8D /* SSPhotoView.xib */ = {isa = PBXFileReference; fileEncoding = 4; lastKnownFileType = file.xib; path = SSPhotoView.xib; sourceTree = "<group>"; };
		973003461C0B4ABB00734D8D /* UIImage+Crop.swift */ = {isa = PBXFileReference; fileEncoding = 4; lastKnownFileType = sourcecode.swift; path = "UIImage+Crop.swift"; sourceTree = "<group>"; };
		973003481C0B4F4D00734D8D /* SSWriteViewController.swift */ = {isa = PBXFileReference; fileEncoding = 4; lastKnownFileType = sourcecode.swift; path = SSWriteViewController.swift; sourceTree = "<group>"; };
		9730034A1C0F38EB00734D8D /* SSFilterView.swift */ = {isa = PBXFileReference; fileEncoding = 4; lastKnownFileType = sourcecode.swift; path = SSFilterView.swift; sourceTree = "<group>"; };
		9730034C1C1091E700734D8D /* SSFilterView.xib */ = {isa = PBXFileReference; fileEncoding = 4; lastKnownFileType = file.xib; path = SSFilterView.xib; sourceTree = "<group>"; };
		9730034F1C1094B700734D8D /* bg_filter_cancel_b.png */ = {isa = PBXFileReference; lastKnownFileType = image.png; name = bg_filter_cancel_b.png; path = Resource/bg_filter_cancel_b.png; sourceTree = "<group>"; };
		973003501C1094B700734D8D /* bg_filter_filter.png.png */ = {isa = PBXFileReference; lastKnownFileType = image.png; name = bg_filter_filter.png.png; path = Resource/bg_filter_filter.png.png; sourceTree = "<group>"; };
		973003511C1094B700734D8D /* bg_filter_ok_b.png */ = {isa = PBXFileReference; lastKnownFileType = image.png; name = bg_filter_ok_b.png; path = Resource/bg_filter_ok_b.png; sourceTree = "<group>"; };
		973003521C1094B700734D8D /* bg_filter_w80.png */ = {isa = PBXFileReference; lastKnownFileType = image.png; name = bg_filter_w80.png; path = Resource/bg_filter_w80.png; sourceTree = "<group>"; };
		973003531C1094B700734D8D /* bg_filter_white.png */ = {isa = PBXFileReference; lastKnownFileType = image.png; name = bg_filter_white.png; path = Resource/bg_filter_white.png; sourceTree = "<group>"; };
		973003541C1094B700734D8D /* bg_fullview_F_L.png */ = {isa = PBXFileReference; lastKnownFileType = image.png; name = bg_fullview_F_L.png; path = Resource/bg_fullview_F_L.png; sourceTree = "<group>"; };
		973003551C1094B700734D8D /* bg_fullview_F_R.png */ = {isa = PBXFileReference; lastKnownFileType = image.png; name = bg_fullview_F_R.png; path = Resource/bg_fullview_F_R.png; sourceTree = "<group>"; };
		973003561C1094B700734D8D /* bg_fullview_main_b.png */ = {isa = PBXFileReference; lastKnownFileType = image.png; name = bg_fullview_main_b.png; path = Resource/bg_fullview_main_b.png; sourceTree = "<group>"; };
		973003571C1094B700734D8D /* bg_fullview_main_R.png */ = {isa = PBXFileReference; lastKnownFileType = image.png; name = bg_fullview_main_R.png; path = Resource/bg_fullview_main_R.png; sourceTree = "<group>"; };
		973003581C1094B700734D8D /* bg_fullview_main_w.png */ = {isa = PBXFileReference; lastKnownFileType = image.png; name = bg_fullview_main_w.png; path = Resource/bg_fullview_main_w.png; sourceTree = "<group>"; };
		973003591C1094B700734D8D /* bg_list_bot.png */ = {isa = PBXFileReference; lastKnownFileType = image.png; name = bg_list_bot.png; path = Resource/bg_list_bot.png; sourceTree = "<group>"; };
		9730035A1C1094B700734D8D /* bg_list_white.png */ = {isa = PBXFileReference; lastKnownFileType = image.png; name = bg_list_white.png; path = Resource/bg_list_white.png; sourceTree = "<group>"; };
		9730035B1C1094B700734D8D /* bg_main_bw.png */ = {isa = PBXFileReference; lastKnownFileType = image.png; name = bg_main_bw.png; path = Resource/bg_main_bw.png; sourceTree = "<group>"; };
		9730035C1C1094B700734D8D /* btn_filter_black.png */ = {isa = PBXFileReference; lastKnownFileType = image.png; name = btn_filter_black.png; path = Resource/btn_filter_black.png; sourceTree = "<group>"; };
		9730035D1C1094B700734D8D /* btn_main_start.png */ = {isa = PBXFileReference; lastKnownFileType = image.png; name = btn_main_start.png; path = Resource/btn_main_start.png; sourceTree = "<group>"; };
		9730035E1C1094B700734D8D /* btn_main_write.png */ = {isa = PBXFileReference; lastKnownFileType = image.png; name = btn_main_write.png; path = Resource/btn_main_write.png; sourceTree = "<group>"; };
		9730035F1C1094B700734D8D /* btn_site_me.png */ = {isa = PBXFileReference; lastKnownFileType = image.png; name = btn_site_me.png; path = Resource/btn_site_me.png; sourceTree = "<group>"; };
		973003601C1094B700734D8D /* btn_small_g.png */ = {isa = PBXFileReference; lastKnownFileType = image.png; name = btn_small_g.png; path = Resource/btn_small_g.png; sourceTree = "<group>"; };
		973003611C1094B700734D8D /* btn_small_r.png */ = {isa = PBXFileReference; lastKnownFileType = image.png; name = btn_small_r.png; path = Resource/btn_small_r.png; sourceTree = "<group>"; };
		973003621C1094B700734D8D /* btn_ssom_wide_r.png */ = {isa = PBXFileReference; lastKnownFileType = image.png; name = btn_ssom_wide_r.png; path = Resource/btn_ssom_wide_r.png; sourceTree = "<group>"; };
		973003631C1094B700734D8D /* btn_write_cancle.png */ = {isa = PBXFileReference; lastKnownFileType = image.png; name = btn_write_cancle.png; path = Resource/btn_write_cancle.png; sourceTree = "<group>"; };
		973003641C1094B700734D8D /* btn_write_ok.png */ = {isa = PBXFileReference; lastKnownFileType = image.png; name = btn_write_ok.png; path = Resource/btn_write_ok.png; sourceTree = "<group>"; };
		973003651C1094B700734D8D /* full_photo_st_b.png */ = {isa = PBXFileReference; lastKnownFileType = image.png; name = full_photo_st_b.png; path = Resource/full_photo_st_b.png; sourceTree = "<group>"; };
		973003661C1094B700734D8D /* full_photo_st_r.png */ = {isa = PBXFileReference; lastKnownFileType = image.png; name = full_photo_st_r.png; path = Resource/full_photo_st_r.png; sourceTree = "<group>"; };
		973003671C1094B700734D8D /* icon_all_dis.png */ = {isa = PBXFileReference; lastKnownFileType = image.png; name = icon_all_dis.png; path = Resource/icon_all_dis.png; sourceTree = "<group>"; };
		973003681C1094B700734D8D /* icon_all_perss.png */ = {isa = PBXFileReference; lastKnownFileType = image.png; name = icon_all_perss.png; path = Resource/icon_all_perss.png; sourceTree = "<group>"; };
		973003691C1094B700734D8D /* icon_beer_dis.png */ = {isa = PBXFileReference; lastKnownFileType = image.png; name = icon_beer_dis.png; path = Resource/icon_beer_dis.png; sourceTree = "<group>"; };
		9730036A1C1094B700734D8D /* icon_beer_press.png */ = {isa = PBXFileReference; lastKnownFileType = image.png; name = icon_beer_press.png; path = Resource/icon_beer_press.png; sourceTree = "<group>"; };
		9730036B1C1094B700734D8D /* icon_beer_st_b.png */ = {isa = PBXFileReference; lastKnownFileType = image.png; name = icon_beer_st_b.png; path = Resource/icon_beer_st_b.png; sourceTree = "<group>"; };
		9730036C1C1094B700734D8D /* icon_beer_st_r.png */ = {isa = PBXFileReference; lastKnownFileType = image.png; name = icon_beer_st_r.png; path = Resource/icon_beer_st_r.png; sourceTree = "<group>"; };
		9730036D1C1094B700734D8D /* icon_buy_black.png */ = {isa = PBXFileReference; lastKnownFileType = image.png; name = icon_buy_black.png; path = Resource/icon_buy_black.png; sourceTree = "<group>"; };
		9730036E1C1094B700734D8D /* icon_chat_black.png */ = {isa = PBXFileReference; lastKnownFileType = image.png; name = icon_chat_black.png; path = Resource/icon_chat_black.png; sourceTree = "<group>"; };
		9730036F1C1094B700734D8D /* icon_chat_on.png */ = {isa = PBXFileReference; lastKnownFileType = image.png; name = icon_chat_on.png; path = Resource/icon_chat_on.png; sourceTree = "<group>"; };
		973003701C1094B700734D8D /* icon_chat_w.png */ = {isa = PBXFileReference; lastKnownFileType = image.png; name = icon_chat_w.png; path = Resource/icon_chat_w.png; sourceTree = "<group>"; };
		973003711C1094B700734D8D /* icon_check_g.png */ = {isa = PBXFileReference; lastKnownFileType = image.png; name = icon_check_g.png; path = Resource/icon_check_g.png; sourceTree = "<group>"; };
		973003721C1094B700734D8D /* icon_check_w.png */ = {isa = PBXFileReference; lastKnownFileType = image.png; name = icon_check_w.png; path = Resource/icon_check_w.png; sourceTree = "<group>"; };
		973003731C1094B700734D8D /* icon_cof_dis.png */ = {isa = PBXFileReference; lastKnownFileType = image.png; name = icon_cof_dis.png; path = Resource/icon_cof_dis.png; sourceTree = "<group>"; };
		973003741C1094B700734D8D /* icon_cof_press.png */ = {isa = PBXFileReference; lastKnownFileType = image.png; name = icon_cof_press.png; path = Resource/icon_cof_press.png; sourceTree = "<group>"; };
		973003751C1094B700734D8D /* icon_cof_st_b.png */ = {isa = PBXFileReference; lastKnownFileType = image.png; name = icon_cof_st_b.png; path = Resource/icon_cof_st_b.png; sourceTree = "<group>"; };
		973003761C1094B700734D8D /* icon_cof_st_r.png */ = {isa = PBXFileReference; lastKnownFileType = image.png; name = icon_cof_st_r.png; path = Resource/icon_cof_st_r.png; sourceTree = "<group>"; };
		973003771C1094B700734D8D /* icon_ctrl_circle.png */ = {isa = PBXFileReference; lastKnownFileType = image.png; name = icon_ctrl_circle.png; path = Resource/icon_ctrl_circle.png; sourceTree = "<group>"; };
		973003781C1094B700734D8D /* icon_del_w.png */ = {isa = PBXFileReference; lastKnownFileType = image.png; name = icon_del_w.png; path = Resource/icon_del_w.png; sourceTree = "<group>"; };
		973003791C1094B700734D8D /* icon_edit_b.png */ = {isa = PBXFileReference; lastKnownFileType = image.png; name = icon_edit_b.png; path = Resource/icon_edit_b.png; sourceTree = "<group>"; };
		9730037A1C1094B700734D8D /* icon_heart_black.png */ = {isa = PBXFileReference; lastKnownFileType = image.png; name = icon_heart_black.png; path = Resource/icon_heart_black.png; sourceTree = "<group>"; };
		9730037B1C1094B700734D8D /* icon_heart_w.png */ = {isa = PBXFileReference; lastKnownFileType = image.png; name = icon_heart_w.png; path = Resource/icon_heart_w.png; sourceTree = "<group>"; };
		9730037C1C1094B700734D8D /* icon_list_st_b.png */ = {isa = PBXFileReference; lastKnownFileType = image.png; name = icon_list_st_b.png; path = Resource/icon_list_st_b.png; sourceTree = "<group>"; };
		9730037D1C1094B700734D8D /* icon_list_st_r.png */ = {isa = PBXFileReference; lastKnownFileType = image.png; name = icon_list_st_r.png; path = Resource/icon_list_st_r.png; sourceTree = "<group>"; };
		9730037E1C1094B700734D8D /* icon_my_g.png */ = {isa = PBXFileReference; lastKnownFileType = image.png; name = icon_my_g.png; path = Resource/icon_my_g.png; sourceTree = "<group>"; };
		9730037F1C1094B700734D8D /* icon_rice_dis.png */ = {isa = PBXFileReference; lastKnownFileType = image.png; name = icon_rice_dis.png; path = Resource/icon_rice_dis.png; sourceTree = "<group>"; };
		973003801C1094B700734D8D /* icon_rice_press.png */ = {isa = PBXFileReference; lastKnownFileType = image.png; name = icon_rice_press.png; path = Resource/icon_rice_press.png; sourceTree = "<group>"; };
		973003811C1094B700734D8D /* icon_rice_st_b.png */ = {isa = PBXFileReference; lastKnownFileType = image.png; name = icon_rice_st_b.png; path = Resource/icon_rice_st_b.png; sourceTree = "<group>"; };
		973003821C1094B700734D8D /* icon_rice_st_r.png */ = {isa = PBXFileReference; lastKnownFileType = image.png; name = icon_rice_st_r.png; path = Resource/icon_rice_st_r.png; sourceTree = "<group>"; };
		973003831C1094B700734D8D /* icon_sell_red.png */ = {isa = PBXFileReference; lastKnownFileType = image.png; name = icon_sell_red.png; path = Resource/icon_sell_red.png; sourceTree = "<group>"; };
		973003841C1094B700734D8D /* icon_ssom_heart.png */ = {isa = PBXFileReference; lastKnownFileType = image.png; name = icon_ssom_heart.png; path = Resource/icon_ssom_heart.png; sourceTree = "<group>"; };
		973003851C1094B700734D8D /* icon_target_g.png */ = {isa = PBXFileReference; lastKnownFileType = image.png; name = icon_target_g.png; path = Resource/icon_target_g.png; sourceTree = "<group>"; };
		973003861C1094B700734D8D /* icon_target_w.png */ = {isa = PBXFileReference; lastKnownFileType = image.png; name = icon_target_w.png; path = Resource/icon_target_w.png; sourceTree = "<group>"; };
		973003871C1094B700734D8D /* icon_top_menu.png */ = {isa = PBXFileReference; lastKnownFileType = image.png; name = icon_top_menu.png; path = Resource/icon_top_menu.png; sourceTree = "<group>"; };
		973003881C1094B700734D8D /* icon_wirte_photo_emp.png */ = {isa = PBXFileReference; lastKnownFileType = image.png; name = icon_wirte_photo_emp.png; path = Resource/icon_wirte_photo_emp.png; sourceTree = "<group>"; };
		973003891C1094B700734D8D /* icon_wirte_photo.png */ = {isa = PBXFileReference; lastKnownFileType = image.png; name = icon_wirte_photo.png; path = Resource/icon_wirte_photo.png; sourceTree = "<group>"; };
		9730038A1C1094B700734D8D /* icon_wirte_st_b.png */ = {isa = PBXFileReference; lastKnownFileType = image.png; name = icon_wirte_st_b.png; path = Resource/icon_wirte_st_b.png; sourceTree = "<group>"; };
		9730038B1C1094B700734D8D /* icon_wirte_st_r.png */ = {isa = PBXFileReference; lastKnownFileType = image.png; name = icon_wirte_st_r.png; path = Resource/icon_wirte_st_r.png; sourceTree = "<group>"; };
		9730038C1C1094B700734D8D /* line_filter_toggle_g.png */ = {isa = PBXFileReference; lastKnownFileType = image.png; name = line_filter_toggle_g.png; path = Resource/line_filter_toggle_g.png; sourceTree = "<group>"; };
		9730038D1C1094B700734D8D /* line_list_gray.png */ = {isa = PBXFileReference; lastKnownFileType = image.png; name = line_list_gray.png; path = Resource/line_list_gray.png; sourceTree = "<group>"; };
		9730038E1C1094B700734D8D /* logo_main_ssom.png */ = {isa = PBXFileReference; lastKnownFileType = image.png; name = logo_main_ssom.png; path = Resource/logo_main_ssom.png; sourceTree = "<group>"; };
		9730038F1C1094B700734D8D /* title_filter_type.png */ = {isa = PBXFileReference; lastKnownFileType = image.png; name = title_filter_type.png; path = Resource/title_filter_type.png; sourceTree = "<group>"; };
		973003901C1094B700734D8D /* title_wirte_type.png */ = {isa = PBXFileReference; lastKnownFileType = image.png; name = title_wirte_type.png; path = Resource/title_wirte_type.png; sourceTree = "<group>"; };
		973003911C1094B700734D8D /* toggle_bg_w.png */ = {isa = PBXFileReference; lastKnownFileType = image.png; name = toggle_bg_w.png; path = Resource/toggle_bg_w.png; sourceTree = "<group>"; };
		973003921C1094B700734D8D /* toggle_filter_2.png */ = {isa = PBXFileReference; lastKnownFileType = image.png; name = toggle_filter_2.png; path = Resource/toggle_filter_2.png; sourceTree = "<group>"; };
		973003931C1094B700734D8D /* toggle_filter_3.png */ = {isa = PBXFileReference; lastKnownFileType = image.png; name = toggle_filter_3.png; path = Resource/toggle_filter_3.png; sourceTree = "<group>"; };
		973003941C1094B700734D8D /* toggle_filter_all.png */ = {isa = PBXFileReference; lastKnownFileType = image.png; name = toggle_filter_all.png; path = Resource/toggle_filter_all.png; sourceTree = "<group>"; };
		973003951C1094B700734D8D /* toggle_filter_bg_g.png */ = {isa = PBXFileReference; lastKnownFileType = image.png; name = toggle_filter_bg_g.png; path = Resource/toggle_filter_bg_g.png; sourceTree = "<group>"; };
		973003961C1094B700734D8D /* toggle_sel_b.png */ = {isa = PBXFileReference; lastKnownFileType = image.png; name = toggle_sel_b.png; path = Resource/toggle_sel_b.png; sourceTree = "<group>"; };
		973003971C1094B700734D8D /* toggle_write_bg_w.png */ = {isa = PBXFileReference; lastKnownFileType = image.png; name = toggle_write_bg_w.png; path = Resource/toggle_write_bg_w.png; sourceTree = "<group>"; };
		973003981C1094B700734D8D /* toggle_write_black.png */ = {isa = PBXFileReference; lastKnownFileType = image.png; name = toggle_write_black.png; path = Resource/toggle_write_black.png; sourceTree = "<group>"; };
		973003991C1094B700734D8D /* toggle_write_red.png */ = {isa = PBXFileReference; lastKnownFileType = image.png; name = toggle_write_red.png; path = Resource/toggle_write_red.png; sourceTree = "<group>"; };
		9730039A1C1094B700734D8D /* type_slogan_white.png */ = {isa = PBXFileReference; lastKnownFileType = image.png; name = type_slogan_white.png; path = Resource/type_slogan_white.png; sourceTree = "<group>"; };
		973003E71C15ED9F00734D8D /* SSFilterViewModel.swift */ = {isa = PBXFileReference; fileEncoding = 4; lastKnownFileType = sourcecode.swift; name = SSFilterViewModel.swift; path = ViewModel/SSFilterViewModel.swift; sourceTree = "<group>"; };
		97343E241BE65AB300A9D39D /* Ssom.app */ = {isa = PBXFileReference; explicitFileType = wrapper.application; includeInIndex = 0; path = Ssom.app; sourceTree = BUILT_PRODUCTS_DIR; };
		97343E271BE65AB300A9D39D /* AppDelegate.swift */ = {isa = PBXFileReference; lastKnownFileType = sourcecode.swift; path = AppDelegate.swift; sourceTree = "<group>"; };
		97343E291BE65AB300A9D39D /* MainViewController.swift */ = {isa = PBXFileReference; lastKnownFileType = sourcecode.swift; path = MainViewController.swift; sourceTree = "<group>"; };
		97343E2C1BE65AB300A9D39D /* Base */ = {isa = PBXFileReference; lastKnownFileType = file.storyboard; name = Base; path = Base.lproj/Main.storyboard; sourceTree = "<group>"; };
		97343E2E1BE65AB300A9D39D /* Assets.xcassets */ = {isa = PBXFileReference; lastKnownFileType = folder.assetcatalog; path = Assets.xcassets; sourceTree = "<group>"; };
		97343E311BE65AB300A9D39D /* Base */ = {isa = PBXFileReference; lastKnownFileType = file.storyboard; name = Base; path = Base.lproj/LaunchScreen.storyboard; sourceTree = "<group>"; };
		97343E331BE65AB300A9D39D /* Info.plist */ = {isa = PBXFileReference; lastKnownFileType = text.plist.xml; path = Info.plist; sourceTree = "<group>"; };
		97343E381BE65AB300A9D39D /* SsomTests.xctest */ = {isa = PBXFileReference; explicitFileType = wrapper.cfbundle; includeInIndex = 0; path = SsomTests.xctest; sourceTree = BUILT_PRODUCTS_DIR; };
		97343E3C1BE65AB300A9D39D /* SsomTests.swift */ = {isa = PBXFileReference; lastKnownFileType = sourcecode.swift; path = SsomTests.swift; sourceTree = "<group>"; };
		97343E3E1BE65AB300A9D39D /* Info.plist */ = {isa = PBXFileReference; lastKnownFileType = text.plist.xml; path = Info.plist; sourceTree = "<group>"; };
		97343E431BE65AB300A9D39D /* SsomUITests.xctest */ = {isa = PBXFileReference; explicitFileType = wrapper.cfbundle; includeInIndex = 0; path = SsomUITests.xctest; sourceTree = BUILT_PRODUCTS_DIR; };
		97343E471BE65AB300A9D39D /* SsomUITests.swift */ = {isa = PBXFileReference; lastKnownFileType = sourcecode.swift; path = SsomUITests.swift; sourceTree = "<group>"; };
		97343E491BE65AB300A9D39D /* Info.plist */ = {isa = PBXFileReference; lastKnownFileType = text.plist.xml; path = Info.plist; sourceTree = "<group>"; };
		97343E5A1BE65D8C00A9D39D /* OpenGLES.framework */ = {isa = PBXFileReference; lastKnownFileType = wrapper.framework; name = OpenGLES.framework; path = System/Library/Frameworks/OpenGLES.framework; sourceTree = SDKROOT; };
		97343E5C1BE65DA500A9D39D /* SystemConfiguration.framework */ = {isa = PBXFileReference; lastKnownFileType = wrapper.framework; name = SystemConfiguration.framework; path = System/Library/Frameworks/SystemConfiguration.framework; sourceTree = SDKROOT; };
		97343E5E1BE65DAF00A9D39D /* CoreLocation.framework */ = {isa = PBXFileReference; lastKnownFileType = wrapper.framework; name = CoreLocation.framework; path = System/Library/Frameworks/CoreLocation.framework; sourceTree = SDKROOT; };
		97343E601BE65DB900A9D39D /* QuartzCore.framework */ = {isa = PBXFileReference; lastKnownFileType = wrapper.framework; name = QuartzCore.framework; path = System/Library/Frameworks/QuartzCore.framework; sourceTree = SDKROOT; };
		97343E621BE65DC800A9D39D /* libstdc++.6.tbd */ = {isa = PBXFileReference; lastKnownFileType = "sourcecode.text-based-dylib-definition"; name = "libstdc++.6.tbd"; path = "usr/lib/libstdc++.6.tbd"; sourceTree = SDKROOT; };
		97343E641BE65DD100A9D39D /* libxml2.tbd */ = {isa = PBXFileReference; lastKnownFileType = "sourcecode.text-based-dylib-definition"; name = libxml2.tbd; path = usr/lib/libxml2.tbd; sourceTree = SDKROOT; };
		97343E661BE65DDD00A9D39D /* libsqlite3.tbd */ = {isa = PBXFileReference; lastKnownFileType = "sourcecode.text-based-dylib-definition"; name = libsqlite3.tbd; path = usr/lib/libsqlite3.tbd; sourceTree = SDKROOT; };
		97343E6F1BE65EEB00A9D39D /* DaumMap.framework */ = {isa = PBXFileReference; lastKnownFileType = wrapper.framework; name = DaumMap.framework; path = Ssom/3rdLib/IOS_DaumMap_SDK_1.2.16/lib/DaumMap.embeddedframework/DaumMap.framework; sourceTree = "<group>"; };
		974291041BF25F7000609974 /* ListTableViewCell.xib */ = {isa = PBXFileReference; fileEncoding = 4; lastKnownFileType = file.xib; path = ListTableViewCell.xib; sourceTree = "<group>"; };
		9742910C1BF25FC600609974 /* ListTableViewCell.swift */ = {isa = PBXFileReference; fileEncoding = 4; lastKnownFileType = sourcecode.swift; path = ListTableViewCell.swift; sourceTree = "<group>"; };
		979A4A001BF4525A00FAFB21 /* Define.swift */ = {isa = PBXFileReference; fileEncoding = 4; lastKnownFileType = sourcecode.swift; name = Define.swift; path = Ssom/Common/Define.swift; sourceTree = "<group>"; };
		979A4A011BF4525A00FAFB21 /* ObjcBridge.h */ = {isa = PBXFileReference; fileEncoding = 4; lastKnownFileType = sourcecode.c.h; name = ObjcBridge.h; path = Ssom/Common/ObjcBridge.h; sourceTree = "<group>"; };
		979A4A021BF4525A00FAFB21 /* Util.swift */ = {isa = PBXFileReference; fileEncoding = 4; lastKnownFileType = sourcecode.swift; name = Util.swift; path = Ssom/Common/Util.swift; sourceTree = "<group>"; };
		979A4A051BF4527400FAFB21 /* UIDevice+Util.swift */ = {isa = PBXFileReference; fileEncoding = 4; lastKnownFileType = sourcecode.swift; name = "UIDevice+Util.swift"; path = "Ssom/3rdLib/UIDevice+Util.swift"; sourceTree = "<group>"; };
		97D5A3CA1BEBB23500F3DDFB /* ListViewController.swift */ = {isa = PBXFileReference; fileEncoding = 4; lastKnownFileType = sourcecode.swift; path = ListViewController.swift; sourceTree = "<group>"; };
		97D5A3CD1BEBB26F00F3DDFB /* ChatViewController.swift */ = {isa = PBXFileReference; fileEncoding = 4; lastKnownFileType = sourcecode.swift; path = ChatViewController.swift; sourceTree = "<group>"; };
/* End PBXFileReference section */

/* Begin PBXFrameworksBuildPhase section */
		97343E211BE65AB300A9D39D /* Frameworks */ = {
			isa = PBXFrameworksBuildPhase;
			buildActionMask = 2147483647;
			files = (
				97343E671BE65DDD00A9D39D /* libsqlite3.tbd in Frameworks */,
				97343E651BE65DD100A9D39D /* libxml2.tbd in Frameworks */,
				97343E631BE65DC800A9D39D /* libstdc++.6.tbd in Frameworks */,
				97343E611BE65DB900A9D39D /* QuartzCore.framework in Frameworks */,
				97343E5F1BE65DAF00A9D39D /* CoreLocation.framework in Frameworks */,
				97343E5D1BE65DA500A9D39D /* SystemConfiguration.framework in Frameworks */,
				97343E5B1BE65D8C00A9D39D /* OpenGLES.framework in Frameworks */,
				2F2FF081681B4E36A5E2769A /* Pods_Ssom.framework in Frameworks */,
			);
			runOnlyForDeploymentPostprocessing = 0;
		};
		97343E351BE65AB300A9D39D /* Frameworks */ = {
			isa = PBXFrameworksBuildPhase;
			buildActionMask = 2147483647;
			files = (
			);
			runOnlyForDeploymentPostprocessing = 0;
		};
		97343E401BE65AB300A9D39D /* Frameworks */ = {
			isa = PBXFrameworksBuildPhase;
			buildActionMask = 2147483647;
			files = (
			);
			runOnlyForDeploymentPostprocessing = 0;
		};
/* End PBXFrameworksBuildPhase section */

/* Begin PBXGroup section */
		78FE04C740BA87D69CD14E20 /* Pods */ = {
			isa = PBXGroup;
			children = (
				565A5D72859E053601B56633 /* Pods-Ssom.debug.xcconfig */,
				8C3D8493CF1921016C670E5B /* Pods-Ssom.release.xcconfig */,
			);
			name = Pods;
			sourceTree = "<group>";
		};
		973003391BF84EA600734D8D /* Network */ = {
			isa = PBXGroup;
			children = (
				9730033A1BF84F1500734D8D /* SSNetworkContext.swift */,
				9730033C1BF84F9900734D8D /* SSNetworkAPIClient.swift */,
				9730033E1BF84FAE00734D8D /* SSNetworkErrorHandler.swift */,
			);
			name = Network;
			sourceTree = "<group>";
		};
		9730034E1C10947100734D8D /* Resource */ = {
			isa = PBXGroup;
			children = (
				9730034F1C1094B700734D8D /* bg_filter_cancel_b.png */,
				973003501C1094B700734D8D /* bg_filter_filter.png.png */,
				973003511C1094B700734D8D /* bg_filter_ok_b.png */,
				973003521C1094B700734D8D /* bg_filter_w80.png */,
				973003531C1094B700734D8D /* bg_filter_white.png */,
				973003541C1094B700734D8D /* bg_fullview_F_L.png */,
				973003551C1094B700734D8D /* bg_fullview_F_R.png */,
				973003561C1094B700734D8D /* bg_fullview_main_b.png */,
				973003571C1094B700734D8D /* bg_fullview_main_R.png */,
				973003581C1094B700734D8D /* bg_fullview_main_w.png */,
				973003591C1094B700734D8D /* bg_list_bot.png */,
				9730035A1C1094B700734D8D /* bg_list_white.png */,
				9730035B1C1094B700734D8D /* bg_main_bw.png */,
				9730035C1C1094B700734D8D /* btn_filter_black.png */,
				9730035D1C1094B700734D8D /* btn_main_start.png */,
				9730035E1C1094B700734D8D /* btn_main_write.png */,
				9730035F1C1094B700734D8D /* btn_site_me.png */,
				973003601C1094B700734D8D /* btn_small_g.png */,
				973003611C1094B700734D8D /* btn_small_r.png */,
				973003621C1094B700734D8D /* btn_ssom_wide_r.png */,
				973003631C1094B700734D8D /* btn_write_cancle.png */,
				973003641C1094B700734D8D /* btn_write_ok.png */,
				973003651C1094B700734D8D /* full_photo_st_b.png */,
				973003661C1094B700734D8D /* full_photo_st_r.png */,
				973003671C1094B700734D8D /* icon_all_dis.png */,
				973003681C1094B700734D8D /* icon_all_perss.png */,
				973003691C1094B700734D8D /* icon_beer_dis.png */,
				9730036A1C1094B700734D8D /* icon_beer_press.png */,
				9730036B1C1094B700734D8D /* icon_beer_st_b.png */,
				9730036C1C1094B700734D8D /* icon_beer_st_r.png */,
				9730036D1C1094B700734D8D /* icon_buy_black.png */,
				9730036E1C1094B700734D8D /* icon_chat_black.png */,
				9730036F1C1094B700734D8D /* icon_chat_on.png */,
				973003701C1094B700734D8D /* icon_chat_w.png */,
				973003711C1094B700734D8D /* icon_check_g.png */,
				973003721C1094B700734D8D /* icon_check_w.png */,
				973003731C1094B700734D8D /* icon_cof_dis.png */,
				973003741C1094B700734D8D /* icon_cof_press.png */,
				973003751C1094B700734D8D /* icon_cof_st_b.png */,
				973003761C1094B700734D8D /* icon_cof_st_r.png */,
				973003771C1094B700734D8D /* icon_ctrl_circle.png */,
				973003781C1094B700734D8D /* icon_del_w.png */,
				973003791C1094B700734D8D /* icon_edit_b.png */,
				9730037A1C1094B700734D8D /* icon_heart_black.png */,
				9730037B1C1094B700734D8D /* icon_heart_w.png */,
				9730037C1C1094B700734D8D /* icon_list_st_b.png */,
				9730037D1C1094B700734D8D /* icon_list_st_r.png */,
				9730037E1C1094B700734D8D /* icon_my_g.png */,
				9730037F1C1094B700734D8D /* icon_rice_dis.png */,
				973003801C1094B700734D8D /* icon_rice_press.png */,
				973003811C1094B700734D8D /* icon_rice_st_b.png */,
				973003821C1094B700734D8D /* icon_rice_st_r.png */,
				973003831C1094B700734D8D /* icon_sell_red.png */,
				973003841C1094B700734D8D /* icon_ssom_heart.png */,
				973003851C1094B700734D8D /* icon_target_g.png */,
				973003861C1094B700734D8D /* icon_target_w.png */,
				973003871C1094B700734D8D /* icon_top_menu.png */,
				973003881C1094B700734D8D /* icon_wirte_photo_emp.png */,
				973003891C1094B700734D8D /* icon_wirte_photo.png */,
				9730038A1C1094B700734D8D /* icon_wirte_st_b.png */,
				9730038B1C1094B700734D8D /* icon_wirte_st_r.png */,
				9730038C1C1094B700734D8D /* line_filter_toggle_g.png */,
				9730038D1C1094B700734D8D /* line_list_gray.png */,
				9730038E1C1094B700734D8D /* logo_main_ssom.png */,
				9730038F1C1094B700734D8D /* title_filter_type.png */,
				973003901C1094B700734D8D /* title_wirte_type.png */,
				973003911C1094B700734D8D /* toggle_bg_w.png */,
				973003921C1094B700734D8D /* toggle_filter_2.png */,
				973003931C1094B700734D8D /* toggle_filter_3.png */,
				973003941C1094B700734D8D /* toggle_filter_all.png */,
				973003951C1094B700734D8D /* toggle_filter_bg_g.png */,
				973003961C1094B700734D8D /* toggle_sel_b.png */,
				973003971C1094B700734D8D /* toggle_write_bg_w.png */,
				973003981C1094B700734D8D /* toggle_write_black.png */,
				973003991C1094B700734D8D /* toggle_write_red.png */,
				9730039A1C1094B700734D8D /* type_slogan_white.png */,
			);
			name = Resource;
			sourceTree = "<group>";
		};
		973003E91C15EDA600734D8D /* ViewModel */ = {
			isa = PBXGroup;
			children = (
				973003E71C15ED9F00734D8D /* SSFilterViewModel.swift */,
			);
			name = ViewModel;
			sourceTree = "<group>";
		};
		97343E1B1BE65AB300A9D39D = {
			isa = PBXGroup;
			children = (
				973003391BF84EA600734D8D /* Network */,
				97D5A3CC1BEBB24600F3DDFB /* Common */,
				97343E261BE65AB300A9D39D /* Ssom UI */,
				97343E551BE65CD000A9D39D /* 3rd Party */,
				97343E681BE65E2800A9D39D /* Frameworks */,
				97343E3B1BE65AB300A9D39D /* SsomTests */,
				97343E461BE65AB300A9D39D /* SsomUITests */,
				97343E251BE65AB300A9D39D /* Products */,
				78FE04C740BA87D69CD14E20 /* Pods */,
			);
			sourceTree = "<group>";
		};
		97343E251BE65AB300A9D39D /* Products */ = {
			isa = PBXGroup;
			children = (
				97343E241BE65AB300A9D39D /* Ssom.app */,
				97343E381BE65AB300A9D39D /* SsomTests.xctest */,
				97343E431BE65AB300A9D39D /* SsomUITests.xctest */,
			);
			name = Products;
			sourceTree = "<group>";
		};
		97343E261BE65AB300A9D39D /* Ssom UI */ = {
			isa = PBXGroup;
			children = (
				973003E91C15EDA600734D8D /* ViewModel */,
				9730034E1C10947100734D8D /* Resource */,
				97343E271BE65AB300A9D39D /* AppDelegate.swift */,
				97343E291BE65AB300A9D39D /* MainViewController.swift */,
				97343E2B1BE65AB300A9D39D /* Main.storyboard */,
				97343E2E1BE65AB300A9D39D /* Assets.xcassets */,
				97343E301BE65AB300A9D39D /* LaunchScreen.storyboard */,
				97343E331BE65AB300A9D39D /* Info.plist */,
				97D5A3CA1BEBB23500F3DDFB /* ListViewController.swift */,
				97D5A3CD1BEBB26F00F3DDFB /* ChatViewController.swift */,
				974291041BF25F7000609974 /* ListTableViewCell.xib */,
				9742910C1BF25FC600609974 /* ListTableViewCell.swift */,
				973003421BFCDF0500734D8D /* SSPhotoView.swift */,
				973003441BFCE06400734D8D /* SSPhotoView.xib */,
				973003481C0B4F4D00734D8D /* SSWriteViewController.swift */,
				9730034A1C0F38EB00734D8D /* SSFilterView.swift */,
				9730034C1C1091E700734D8D /* SSFilterView.xib */,
			);
			name = "Ssom UI";
			path = Ssom;
			sourceTree = "<group>";
		};
		97343E3B1BE65AB300A9D39D /* SsomTests */ = {
			isa = PBXGroup;
			children = (
				97343E3C1BE65AB300A9D39D /* SsomTests.swift */,
				97343E3E1BE65AB300A9D39D /* Info.plist */,
			);
			path = SsomTests;
			sourceTree = "<group>";
		};
		97343E461BE65AB300A9D39D /* SsomUITests */ = {
			isa = PBXGroup;
			children = (
				97343E471BE65AB300A9D39D /* SsomUITests.swift */,
				97343E491BE65AB300A9D39D /* Info.plist */,
			);
			path = SsomUITests;
			sourceTree = "<group>";
		};
		97343E551BE65CD000A9D39D /* 3rd Party */ = {
			isa = PBXGroup;
			children = (
				97D5A3D31BEF373800F3DDFB /* extension */,
			);
			name = "3rd Party";
			sourceTree = "<group>";
		};
		97343E681BE65E2800A9D39D /* Frameworks */ = {
			isa = PBXGroup;
			children = (
				97343E6F1BE65EEB00A9D39D /* DaumMap.framework */,
				97343E661BE65DDD00A9D39D /* libsqlite3.tbd */,
				97343E641BE65DD100A9D39D /* libxml2.tbd */,
				97343E621BE65DC800A9D39D /* libstdc++.6.tbd */,
				97343E601BE65DB900A9D39D /* QuartzCore.framework */,
				97343E5E1BE65DAF00A9D39D /* CoreLocation.framework */,
				97343E5C1BE65DA500A9D39D /* SystemConfiguration.framework */,
				97343E5A1BE65D8C00A9D39D /* OpenGLES.framework */,
				8908E95D56F47D3632CCC46C /* Pods_Ssom.framework */,
			);
			name = Frameworks;
			sourceTree = "<group>";
		};
		97D5A3CC1BEBB24600F3DDFB /* Common */ = {
			isa = PBXGroup;
			children = (
				979A4A011BF4525A00FAFB21 /* ObjcBridge.h */,
				979A4A001BF4525A00FAFB21 /* Define.swift */,
				979A4A021BF4525A00FAFB21 /* Util.swift */,
			);
			name = Common;
			sourceTree = "<group>";
		};
		97D5A3D31BEF373800F3DDFB /* extension */ = {
			isa = PBXGroup;
			children = (
				979A4A051BF4527400FAFB21 /* UIDevice+Util.swift */,
				973003461C0B4ABB00734D8D /* UIImage+Crop.swift */,
			);
			name = extension;
			sourceTree = "<group>";
		};
/* End PBXGroup section */

/* Begin PBXNativeTarget section */
		97343E231BE65AB300A9D39D /* Ssom */ = {
			isa = PBXNativeTarget;
			buildConfigurationList = 97343E4C1BE65AB300A9D39D /* Build configuration list for PBXNativeTarget "Ssom" */;
			buildPhases = (
				E9CC34B73AB66214555A792A /* Check Pods Manifest.lock */,
				97343E201BE65AB300A9D39D /* Sources */,
				97343E211BE65AB300A9D39D /* Frameworks */,
				97343E221BE65AB300A9D39D /* Resources */,
				97D5A3F21BF23E5500F3DDFB /* Embed Frameworks */,
				82A47EC02E2C0BBAFC2DF625 /* Embed Pods Frameworks */,
				4AA9A0ED5B3C4F8E8844E875 /* Copy Pods Resources */,
			);
			buildRules = (
			);
			dependencies = (
			);
			name = Ssom;
			productName = Ssom;
			productReference = 97343E241BE65AB300A9D39D /* Ssom.app */;
			productType = "com.apple.product-type.application";
		};
		97343E371BE65AB300A9D39D /* SsomTests */ = {
			isa = PBXNativeTarget;
			buildConfigurationList = 97343E4F1BE65AB300A9D39D /* Build configuration list for PBXNativeTarget "SsomTests" */;
			buildPhases = (
				97343E341BE65AB300A9D39D /* Sources */,
				97343E351BE65AB300A9D39D /* Frameworks */,
				97343E361BE65AB300A9D39D /* Resources */,
			);
			buildRules = (
			);
			dependencies = (
				97343E3A1BE65AB300A9D39D /* PBXTargetDependency */,
			);
			name = SsomTests;
			productName = SsomTests;
			productReference = 97343E381BE65AB300A9D39D /* SsomTests.xctest */;
			productType = "com.apple.product-type.bundle.unit-test";
		};
		97343E421BE65AB300A9D39D /* SsomUITests */ = {
			isa = PBXNativeTarget;
			buildConfigurationList = 97343E521BE65AB300A9D39D /* Build configuration list for PBXNativeTarget "SsomUITests" */;
			buildPhases = (
				97343E3F1BE65AB300A9D39D /* Sources */,
				97343E401BE65AB300A9D39D /* Frameworks */,
				97343E411BE65AB300A9D39D /* Resources */,
			);
			buildRules = (
			);
			dependencies = (
				97343E451BE65AB300A9D39D /* PBXTargetDependency */,
			);
			name = SsomUITests;
			productName = SsomUITests;
			productReference = 97343E431BE65AB300A9D39D /* SsomUITests.xctest */;
			productType = "com.apple.product-type.bundle.ui-testing";
		};
/* End PBXNativeTarget section */

/* Begin PBXProject section */
		97343E1C1BE65AB300A9D39D /* Project object */ = {
			isa = PBXProject;
			attributes = {
				LastSwiftUpdateCheck = 0710;
				LastUpgradeCheck = 0710;
				ORGANIZATIONNAME = SsomCompany;
				TargetAttributes = {
					97343E231BE65AB300A9D39D = {
						CreatedOnToolsVersion = 7.1;
						DevelopmentTeam = DRS9CQ7V2Z;
					};
					97343E371BE65AB300A9D39D = {
						CreatedOnToolsVersion = 7.1;
						TestTargetID = 97343E231BE65AB300A9D39D;
					};
					97343E421BE65AB300A9D39D = {
						CreatedOnToolsVersion = 7.1;
						TestTargetID = 97343E231BE65AB300A9D39D;
					};
				};
			};
			buildConfigurationList = 97343E1F1BE65AB300A9D39D /* Build configuration list for PBXProject "Ssom" */;
			compatibilityVersion = "Xcode 3.2";
			developmentRegion = English;
			hasScannedForEncodings = 0;
			knownRegions = (
				en,
				Base,
			);
			mainGroup = 97343E1B1BE65AB300A9D39D;
			productRefGroup = 97343E251BE65AB300A9D39D /* Products */;
			projectDirPath = "";
			projectRoot = "";
			targets = (
				97343E231BE65AB300A9D39D /* Ssom */,
				97343E371BE65AB300A9D39D /* SsomTests */,
				97343E421BE65AB300A9D39D /* SsomUITests */,
			);
		};
/* End PBXProject section */

/* Begin PBXResourcesBuildPhase section */
		97343E221BE65AB300A9D39D /* Resources */ = {
			isa = PBXResourcesBuildPhase;
			buildActionMask = 2147483647;
			files = (
				973003D71C1094B700734D8D /* icon_wirte_st_r.png in Resources */,
				973003C81C1094B700734D8D /* icon_list_st_b.png in Resources */,
				973003B71C1094B700734D8D /* icon_beer_st_b.png in Resources */,
				973003B91C1094B700734D8D /* icon_buy_black.png in Resources */,
				973003E51C1094B700734D8D /* toggle_write_red.png in Resources */,
				973003BA1C1094B700734D8D /* icon_chat_black.png in Resources */,
				973003C71C1094B700734D8D /* icon_heart_w.png in Resources */,
				973003C11C1094B700734D8D /* icon_cof_st_b.png in Resources */,
				973003D81C1094B700734D8D /* line_filter_toggle_g.png in Resources */,
				973003AE1C1094B700734D8D /* btn_ssom_wide_r.png in Resources */,
				973003B81C1094B700734D8D /* icon_beer_st_r.png in Resources */,
				973003A71C1094B700734D8D /* bg_main_bw.png in Resources */,
				973003D91C1094B700734D8D /* line_list_gray.png in Resources */,
				9730034D1C1091E700734D8D /* SSFilterView.xib in Resources */,
				973003A31C1094B700734D8D /* bg_fullview_main_R.png in Resources */,
				973003D01C1094B700734D8D /* icon_ssom_heart.png in Resources */,
				973003B61C1094B700734D8D /* icon_beer_press.png in Resources */,
				973003AA1C1094B700734D8D /* btn_main_write.png in Resources */,
				973003DF1C1094B700734D8D /* toggle_filter_3.png in Resources */,
				973003AC1C1094B700734D8D /* btn_small_g.png in Resources */,
				973003C91C1094B700734D8D /* icon_list_st_r.png in Resources */,
				9730039C1C1094B700734D8D /* bg_filter_filter.png.png in Resources */,
				973003AD1C1094B700734D8D /* btn_small_r.png in Resources */,
				973003CF1C1094B700734D8D /* icon_sell_red.png in Resources */,
				973003DB1C1094B700734D8D /* title_filter_type.png in Resources */,
				973003B31C1094B700734D8D /* icon_all_dis.png in Resources */,
				9730039B1C1094B700734D8D /* bg_filter_cancel_b.png in Resources */,
				973003D21C1094B700734D8D /* icon_target_w.png in Resources */,
				973003CB1C1094B700734D8D /* icon_rice_dis.png in Resources */,
				973003B21C1094B700734D8D /* full_photo_st_r.png in Resources */,
				973003E21C1094B700734D8D /* toggle_sel_b.png in Resources */,
				973003CE1C1094B700734D8D /* icon_rice_st_r.png in Resources */,
				973003BC1C1094B700734D8D /* icon_chat_w.png in Resources */,
				973003A61C1094B700734D8D /* bg_list_white.png in Resources */,
				97343E321BE65AB300A9D39D /* LaunchScreen.storyboard in Resources */,
				973003A21C1094B700734D8D /* bg_fullview_main_b.png in Resources */,
				973003CD1C1094B700734D8D /* icon_rice_st_b.png in Resources */,
				973003B11C1094B700734D8D /* full_photo_st_b.png in Resources */,
				973003C01C1094B700734D8D /* icon_cof_press.png in Resources */,
				973003DE1C1094B700734D8D /* toggle_filter_2.png in Resources */,
				973003DC1C1094B700734D8D /* title_wirte_type.png in Resources */,
				973003BE1C1094B700734D8D /* icon_check_w.png in Resources */,
				973003BB1C1094B700734D8D /* icon_chat_on.png in Resources */,
				973003C21C1094B700734D8D /* icon_cof_st_r.png in Resources */,
				973003AB1C1094B700734D8D /* btn_site_me.png in Resources */,
				973003E61C1094B700734D8D /* type_slogan_white.png in Resources */,
				973003CA1C1094B700734D8D /* icon_my_g.png in Resources */,
				973003A01C1094B700734D8D /* bg_fullview_F_L.png in Resources */,
				9730039D1C1094B700734D8D /* bg_filter_ok_b.png in Resources */,
				973003C51C1094B700734D8D /* icon_edit_b.png in Resources */,
				973003D41C1094B700734D8D /* icon_wirte_photo_emp.png in Resources */,
				973003E41C1094B700734D8D /* toggle_write_black.png in Resources */,
				973003B41C1094B700734D8D /* icon_all_perss.png in Resources */,
				973003451BFCE06400734D8D /* SSPhotoView.xib in Resources */,
				973003B51C1094B700734D8D /* icon_beer_dis.png in Resources */,
				973003C61C1094B700734D8D /* icon_heart_black.png in Resources */,
				973003A91C1094B700734D8D /* btn_main_start.png in Resources */,
				973003A41C1094B700734D8D /* bg_fullview_main_w.png in Resources */,
				973003B01C1094B700734D8D /* btn_write_ok.png in Resources */,
				973003A81C1094B700734D8D /* btn_filter_black.png in Resources */,
				973003C41C1094B700734D8D /* icon_del_w.png in Resources */,
				973003DA1C1094B700734D8D /* logo_main_ssom.png in Resources */,
				973003AF1C1094B700734D8D /* btn_write_cancle.png in Resources */,
				97343E2F1BE65AB300A9D39D /* Assets.xcassets in Resources */,
				973003A11C1094B700734D8D /* bg_fullview_F_R.png in Resources */,
				973003D51C1094B700734D8D /* icon_wirte_photo.png in Resources */,
				973003A51C1094B700734D8D /* bg_list_bot.png in Resources */,
				973003C31C1094B700734D8D /* icon_ctrl_circle.png in Resources */,
				9730039F1C1094B700734D8D /* bg_filter_white.png in Resources */,
				973003D11C1094B700734D8D /* icon_target_g.png in Resources */,
				973003D61C1094B700734D8D /* icon_wirte_st_b.png in Resources */,
				973003BF1C1094B700734D8D /* icon_cof_dis.png in Resources */,
				97343E2D1BE65AB300A9D39D /* Main.storyboard in Resources */,
				9730039E1C1094B700734D8D /* bg_filter_w80.png in Resources */,
				973003CC1C1094B700734D8D /* icon_rice_press.png in Resources */,
				973003E11C1094B700734D8D /* toggle_filter_bg_g.png in Resources */,
				973003E01C1094B700734D8D /* toggle_filter_all.png in Resources */,
				973003BD1C1094B700734D8D /* icon_check_g.png in Resources */,
				974291051BF25F7000609974 /* ListTableViewCell.xib in Resources */,
				973003E31C1094B700734D8D /* toggle_write_bg_w.png in Resources */,
				973003DD1C1094B700734D8D /* toggle_bg_w.png in Resources */,
				973003D31C1094B700734D8D /* icon_top_menu.png in Resources */,
			);
			runOnlyForDeploymentPostprocessing = 0;
		};
		97343E361BE65AB300A9D39D /* Resources */ = {
			isa = PBXResourcesBuildPhase;
			buildActionMask = 2147483647;
			files = (
			);
			runOnlyForDeploymentPostprocessing = 0;
		};
		97343E411BE65AB300A9D39D /* Resources */ = {
			isa = PBXResourcesBuildPhase;
			buildActionMask = 2147483647;
			files = (
			);
			runOnlyForDeploymentPostprocessing = 0;
		};
/* End PBXResourcesBuildPhase section */

/* Begin PBXShellScriptBuildPhase section */
		4AA9A0ED5B3C4F8E8844E875 /* Copy Pods Resources */ = {
			isa = PBXShellScriptBuildPhase;
			buildActionMask = 2147483647;
			files = (
			);
			inputPaths = (
			);
			name = "Copy Pods Resources";
			outputPaths = (
			);
			runOnlyForDeploymentPostprocessing = 0;
			shellPath = /bin/sh;
			shellScript = "\"${SRCROOT}/Pods/Target Support Files/Pods-Ssom/Pods-Ssom-resources.sh\"\n";
			showEnvVarsInLog = 0;
		};
		82A47EC02E2C0BBAFC2DF625 /* Embed Pods Frameworks */ = {
			isa = PBXShellScriptBuildPhase;
			buildActionMask = 2147483647;
			files = (
			);
			inputPaths = (
			);
			name = "Embed Pods Frameworks";
			outputPaths = (
			);
			runOnlyForDeploymentPostprocessing = 0;
			shellPath = /bin/sh;
			shellScript = "\"${SRCROOT}/Pods/Target Support Files/Pods-Ssom/Pods-Ssom-frameworks.sh\"\n";
			showEnvVarsInLog = 0;
		};
		E9CC34B73AB66214555A792A /* Check Pods Manifest.lock */ = {
			isa = PBXShellScriptBuildPhase;
			buildActionMask = 2147483647;
			files = (
			);
			inputPaths = (
			);
			name = "Check Pods Manifest.lock";
			outputPaths = (
			);
			runOnlyForDeploymentPostprocessing = 0;
			shellPath = /bin/sh;
			shellScript = "diff \"${PODS_ROOT}/../Podfile.lock\" \"${PODS_ROOT}/Manifest.lock\" > /dev/null\nif [[ $? != 0 ]] ; then\n    cat << EOM\nerror: The sandbox is not in sync with the Podfile.lock. Run 'pod install' or update your CocoaPods installation.\nEOM\n    exit 1\nfi\n";
			showEnvVarsInLog = 0;
		};
/* End PBXShellScriptBuildPhase section */

/* Begin PBXSourcesBuildPhase section */
		97343E201BE65AB300A9D39D /* Sources */ = {
			isa = PBXSourcesBuildPhase;
			buildActionMask = 2147483647;
			files = (
				9730033B1BF84F1500734D8D /* SSNetworkContext.swift in Sources */,
				9742910D1BF25FC600609974 /* ListTableViewCell.swift in Sources */,
				9730033D1BF84F9900734D8D /* SSNetworkAPIClient.swift in Sources */,
				973003471C0B4ABB00734D8D /* UIImage+Crop.swift in Sources */,
				9730034B1C0F38EC00734D8D /* SSFilterView.swift in Sources */,
				97343E2A1BE65AB300A9D39D /* MainViewController.swift in Sources */,
				979A4A041BF4525A00FAFB21 /* Util.swift in Sources */,
				97343E281BE65AB300A9D39D /* AppDelegate.swift in Sources */,
				9730033F1BF84FAE00734D8D /* SSNetworkErrorHandler.swift in Sources */,
				973003431BFCDF0500734D8D /* SSPhotoView.swift in Sources */,
				973003E81C15ED9F00734D8D /* SSFilterViewModel.swift in Sources */,
				97D5A3CE1BEBB26F00F3DDFB /* ChatViewController.swift in Sources */,
				979A4A061BF4527400FAFB21 /* UIDevice+Util.swift in Sources */,
				97D5A3CB1BEBB23500F3DDFB /* ListViewController.swift in Sources */,
				973003491C0B4F4D00734D8D /* SSWriteViewController.swift in Sources */,
				979A4A031BF4525A00FAFB21 /* Define.swift in Sources */,
			);
			runOnlyForDeploymentPostprocessing = 0;
		};
		97343E341BE65AB300A9D39D /* Sources */ = {
			isa = PBXSourcesBuildPhase;
			buildActionMask = 2147483647;
			files = (
				97343E3D1BE65AB300A9D39D /* SsomTests.swift in Sources */,
			);
			runOnlyForDeploymentPostprocessing = 0;
		};
		97343E3F1BE65AB300A9D39D /* Sources */ = {
			isa = PBXSourcesBuildPhase;
			buildActionMask = 2147483647;
			files = (
				97343E481BE65AB300A9D39D /* SsomUITests.swift in Sources */,
			);
			runOnlyForDeploymentPostprocessing = 0;
		};
/* End PBXSourcesBuildPhase section */

/* Begin PBXTargetDependency section */
		97343E3A1BE65AB300A9D39D /* PBXTargetDependency */ = {
			isa = PBXTargetDependency;
			target = 97343E231BE65AB300A9D39D /* Ssom */;
			targetProxy = 97343E391BE65AB300A9D39D /* PBXContainerItemProxy */;
		};
		97343E451BE65AB300A9D39D /* PBXTargetDependency */ = {
			isa = PBXTargetDependency;
			target = 97343E231BE65AB300A9D39D /* Ssom */;
			targetProxy = 97343E441BE65AB300A9D39D /* PBXContainerItemProxy */;
		};
/* End PBXTargetDependency section */

/* Begin PBXVariantGroup section */
		97343E2B1BE65AB300A9D39D /* Main.storyboard */ = {
			isa = PBXVariantGroup;
			children = (
				97343E2C1BE65AB300A9D39D /* Base */,
			);
			name = Main.storyboard;
			sourceTree = "<group>";
		};
		97343E301BE65AB300A9D39D /* LaunchScreen.storyboard */ = {
			isa = PBXVariantGroup;
			children = (
				97343E311BE65AB300A9D39D /* Base */,
			);
			name = LaunchScreen.storyboard;
			sourceTree = "<group>";
		};
/* End PBXVariantGroup section */

/* Begin XCBuildConfiguration section */
		97343E4A1BE65AB300A9D39D /* Debug */ = {
			isa = XCBuildConfiguration;
			buildSettings = {
				ALWAYS_SEARCH_USER_PATHS = NO;
				CLANG_CXX_LANGUAGE_STANDARD = "gnu++0x";
				CLANG_CXX_LIBRARY = "libc++";
				CLANG_ENABLE_MODULES = YES;
				CLANG_ENABLE_OBJC_ARC = YES;
				CLANG_WARN_BOOL_CONVERSION = YES;
				CLANG_WARN_CONSTANT_CONVERSION = YES;
				CLANG_WARN_DIRECT_OBJC_ISA_USAGE = YES_ERROR;
				CLANG_WARN_EMPTY_BODY = YES;
				CLANG_WARN_ENUM_CONVERSION = YES;
				CLANG_WARN_INT_CONVERSION = YES;
				CLANG_WARN_OBJC_ROOT_CLASS = YES_ERROR;
				CLANG_WARN_UNREACHABLE_CODE = YES;
				CLANG_WARN__DUPLICATE_METHOD_MATCH = YES;
				"CODE_SIGN_IDENTITY[sdk=iphoneos*]" = "iPhone Developer";
				COPY_PHASE_STRIP = NO;
				DEBUG_INFORMATION_FORMAT = dwarf;
				ENABLE_STRICT_OBJC_MSGSEND = YES;
				ENABLE_TESTABILITY = YES;
				GCC_C_LANGUAGE_STANDARD = gnu99;
				GCC_DYNAMIC_NO_PIC = NO;
				GCC_NO_COMMON_BLOCKS = YES;
				GCC_OPTIMIZATION_LEVEL = 0;
				GCC_PREPROCESSOR_DEFINITIONS = (
					"DEBUG=1",
					"$(inherited)",
				);
				GCC_WARN_64_TO_32_BIT_CONVERSION = YES;
				GCC_WARN_ABOUT_RETURN_TYPE = YES_ERROR;
				GCC_WARN_UNDECLARED_SELECTOR = YES;
				GCC_WARN_UNINITIALIZED_AUTOS = YES_AGGRESSIVE;
				GCC_WARN_UNUSED_FUNCTION = YES;
				GCC_WARN_UNUSED_VARIABLE = YES;
				IPHONEOS_DEPLOYMENT_TARGET = 9.1;
				MTL_ENABLE_DEBUG_INFO = YES;
				ONLY_ACTIVE_ARCH = YES;
				SDKROOT = iphoneos;
				SWIFT_OPTIMIZATION_LEVEL = "-Onone";
			};
			name = Debug;
		};
		97343E4B1BE65AB300A9D39D /* Release */ = {
			isa = XCBuildConfiguration;
			buildSettings = {
				ALWAYS_SEARCH_USER_PATHS = NO;
				CLANG_CXX_LANGUAGE_STANDARD = "gnu++0x";
				CLANG_CXX_LIBRARY = "libc++";
				CLANG_ENABLE_MODULES = YES;
				CLANG_ENABLE_OBJC_ARC = YES;
				CLANG_WARN_BOOL_CONVERSION = YES;
				CLANG_WARN_CONSTANT_CONVERSION = YES;
				CLANG_WARN_DIRECT_OBJC_ISA_USAGE = YES_ERROR;
				CLANG_WARN_EMPTY_BODY = YES;
				CLANG_WARN_ENUM_CONVERSION = YES;
				CLANG_WARN_INT_CONVERSION = YES;
				CLANG_WARN_OBJC_ROOT_CLASS = YES_ERROR;
				CLANG_WARN_UNREACHABLE_CODE = YES;
				CLANG_WARN__DUPLICATE_METHOD_MATCH = YES;
				"CODE_SIGN_IDENTITY[sdk=iphoneos*]" = "iPhone Developer";
				COPY_PHASE_STRIP = NO;
				DEBUG_INFORMATION_FORMAT = "dwarf-with-dsym";
				ENABLE_NS_ASSERTIONS = NO;
				ENABLE_STRICT_OBJC_MSGSEND = YES;
				GCC_C_LANGUAGE_STANDARD = gnu99;
				GCC_NO_COMMON_BLOCKS = YES;
				GCC_WARN_64_TO_32_BIT_CONVERSION = YES;
				GCC_WARN_ABOUT_RETURN_TYPE = YES_ERROR;
				GCC_WARN_UNDECLARED_SELECTOR = YES;
				GCC_WARN_UNINITIALIZED_AUTOS = YES_AGGRESSIVE;
				GCC_WARN_UNUSED_FUNCTION = YES;
				GCC_WARN_UNUSED_VARIABLE = YES;
				IPHONEOS_DEPLOYMENT_TARGET = 9.1;
				MTL_ENABLE_DEBUG_INFO = NO;
				SDKROOT = iphoneos;
				VALIDATE_PRODUCT = YES;
			};
			name = Release;
		};
		97343E4D1BE65AB300A9D39D /* Debug */ = {
			isa = XCBuildConfiguration;
			baseConfigurationReference = 565A5D72859E053601B56633 /* Pods-Ssom.debug.xcconfig */;
			buildSettings = {
				ASSETCATALOG_COMPILER_APPICON_NAME = AppIcon;
				CODE_SIGN_IDENTITY = "iPhone Developer";
				EMBEDDED_CONTENT_CONTAINS_SWIFT = "$(inherited)";
				FRAMEWORK_SEARCH_PATHS = "$(inherited)";
				HEADER_SEARCH_PATHS = (
					"$(inherited)",
					"\"${PODS_ROOT}/Headers/Public\"",
					"\"${PODS_ROOT}/Headers/Public/GoogleMaps\"/**",
				);
				INFOPLIST_FILE = Ssom/Info.plist;
				IPHONEOS_DEPLOYMENT_TARGET = 8.0;
				LD_RUNPATH_SEARCH_PATHS = "$(inherited) @executable_path/Frameworks";
				OTHER_CFLAGS = (
					"$(inherited)",
					"-iquote",
					"\"$CONFIGURATION_BUILD_DIR/Alamofire.framework/Headers\"",
					"-iquote",
					"\"$CONFIGURATION_BUILD_DIR/MMDrawerController.framework/Headers\"",
					"-iquote",
					"\"$CONFIGURATION_BUILD_DIR/SDWebImage.framework/Headers\"",
					"-isystem",
					"\"${PODS_ROOT}/Headers/Public\"",
					"-isystem",
					"\"${PODS_ROOT}/Headers/Public/GoogleMaps\"",
				);
				PRODUCT_BUNDLE_IDENTIFIER = com.ssom.Ssom;
				PRODUCT_NAME = "$(TARGET_NAME)";
				SWIFT_OBJC_BRIDGING_HEADER = Ssom/Common/ObjcBridge.h;
				USER_HEADER_SEARCH_PATHS = "";
			};
			name = Debug;
		};
		97343E4E1BE65AB300A9D39D /* Release */ = {
			isa = XCBuildConfiguration;
			baseConfigurationReference = 8C3D8493CF1921016C670E5B /* Pods-Ssom.release.xcconfig */;
			buildSettings = {
				ASSETCATALOG_COMPILER_APPICON_NAME = AppIcon;
				CODE_SIGN_IDENTITY = "iPhone Developer";
				EMBEDDED_CONTENT_CONTAINS_SWIFT = "$(inherited)";
				FRAMEWORK_SEARCH_PATHS = "$(inherited)";
				HEADER_SEARCH_PATHS = (
					"$(inherited)",
					"\"${PODS_ROOT}/Headers/Public\"",
					"\"${PODS_ROOT}/Headers/Public/GoogleMaps\"/**",
				);
				INFOPLIST_FILE = Ssom/Info.plist;
				IPHONEOS_DEPLOYMENT_TARGET = 8.0;
				LD_RUNPATH_SEARCH_PATHS = "$(inherited) @executable_path/Frameworks";
				OTHER_CFLAGS = (
					"$(inherited)",
					"-iquote",
					"\"$CONFIGURATION_BUILD_DIR/Alamofire.framework/Headers\"",
					"-iquote",
					"\"$CONFIGURATION_BUILD_DIR/MMDrawerController.framework/Headers\"",
					"-iquote",
					"\"$CONFIGURATION_BUILD_DIR/SDWebImage.framework/Headers\"",
					"-isystem",
					"\"${PODS_ROOT}/Headers/Public\"",
					"-isystem",
					"\"${PODS_ROOT}/Headers/Public/GoogleMaps\"",
				);
				PRODUCT_BUNDLE_IDENTIFIER = com.ssom.Ssom;
				PRODUCT_NAME = "$(TARGET_NAME)";
				SWIFT_OBJC_BRIDGING_HEADER = Ssom/Common/ObjcBridge.h;
				USER_HEADER_SEARCH_PATHS = "";
			};
			name = Release;
		};
		97343E501BE65AB300A9D39D /* Debug */ = {
			isa = XCBuildConfiguration;
			buildSettings = {
				BUNDLE_LOADER = "$(TEST_HOST)";
				INFOPLIST_FILE = SsomTests/Info.plist;
				LD_RUNPATH_SEARCH_PATHS = "$(inherited) @executable_path/Frameworks @loader_path/Frameworks";
				PRODUCT_BUNDLE_IDENTIFIER = com.ssom.SsomTests;
				PRODUCT_NAME = "$(TARGET_NAME)";
				TEST_HOST = "$(BUILT_PRODUCTS_DIR)/Ssom.app/Ssom";
			};
			name = Debug;
		};
		97343E511BE65AB300A9D39D /* Release */ = {
			isa = XCBuildConfiguration;
			buildSettings = {
				BUNDLE_LOADER = "$(TEST_HOST)";
				INFOPLIST_FILE = SsomTests/Info.plist;
				LD_RUNPATH_SEARCH_PATHS = "$(inherited) @executable_path/Frameworks @loader_path/Frameworks";
				PRODUCT_BUNDLE_IDENTIFIER = com.ssom.SsomTests;
				PRODUCT_NAME = "$(TARGET_NAME)";
				TEST_HOST = "$(BUILT_PRODUCTS_DIR)/Ssom.app/Ssom";
			};
			name = Release;
		};
		97343E531BE65AB300A9D39D /* Debug */ = {
			isa = XCBuildConfiguration;
			buildSettings = {
				INFOPLIST_FILE = SsomUITests/Info.plist;
				LD_RUNPATH_SEARCH_PATHS = "$(inherited) @executable_path/Frameworks @loader_path/Frameworks";
				PRODUCT_BUNDLE_IDENTIFIER = com.ssom.SsomUITests;
				PRODUCT_NAME = "$(TARGET_NAME)";
				TEST_TARGET_NAME = Ssom;
				USES_XCTRUNNER = YES;
			};
			name = Debug;
		};
		97343E541BE65AB300A9D39D /* Release */ = {
			isa = XCBuildConfiguration;
			buildSettings = {
				INFOPLIST_FILE = SsomUITests/Info.plist;
				LD_RUNPATH_SEARCH_PATHS = "$(inherited) @executable_path/Frameworks @loader_path/Frameworks";
				PRODUCT_BUNDLE_IDENTIFIER = com.ssom.SsomUITests;
				PRODUCT_NAME = "$(TARGET_NAME)";
				TEST_TARGET_NAME = Ssom;
				USES_XCTRUNNER = YES;
			};
			name = Release;
		};
/* End XCBuildConfiguration section */

/* Begin XCConfigurationList section */
		97343E1F1BE65AB300A9D39D /* Build configuration list for PBXProject "Ssom" */ = {
			isa = XCConfigurationList;
			buildConfigurations = (
				97343E4A1BE65AB300A9D39D /* Debug */,
				97343E4B1BE65AB300A9D39D /* Release */,
			);
			defaultConfigurationIsVisible = 0;
			defaultConfigurationName = Release;
		};
		97343E4C1BE65AB300A9D39D /* Build configuration list for PBXNativeTarget "Ssom" */ = {
			isa = XCConfigurationList;
			buildConfigurations = (
				97343E4D1BE65AB300A9D39D /* Debug */,
				97343E4E1BE65AB300A9D39D /* Release */,
			);
			defaultConfigurationIsVisible = 0;
			defaultConfigurationName = Release;
		};
		97343E4F1BE65AB300A9D39D /* Build configuration list for PBXNativeTarget "SsomTests" */ = {
			isa = XCConfigurationList;
			buildConfigurations = (
				97343E501BE65AB300A9D39D /* Debug */,
				97343E511BE65AB300A9D39D /* Release */,
			);
			defaultConfigurationIsVisible = 0;
			defaultConfigurationName = Release;
		};
		97343E521BE65AB300A9D39D /* Build configuration list for PBXNativeTarget "SsomUITests" */ = {
			isa = XCConfigurationList;
			buildConfigurations = (
				97343E531BE65AB300A9D39D /* Debug */,
				97343E541BE65AB300A9D39D /* Release */,
			);
			defaultConfigurationIsVisible = 0;
			defaultConfigurationName = Release;
		};
/* End XCConfigurationList section */
	};
	rootObject = 97343E1C1BE65AB300A9D39D /* Project object */;
}
