// !$*UTF8*$!
{
	archiveVersion = 1;
	classes = {
	};
	objectVersion = 46;
	objects = {

/* Begin PBXBuildFile section */
		59689FF47FE2D25F01147592 /* Pods_SsomUITests.framework in Frameworks */ = {isa = PBXBuildFile; fileRef = A530854B527325AE2DBAC0BA /* Pods_SsomUITests.framework */; };
		5BD8ADE7AD8C44F99C1F2136 /* Pods_Ssom.framework in Frameworks */ = {isa = PBXBuildFile; fileRef = D23054E5C0B43CA6939A6F01 /* Pods_Ssom.framework */; };
		9701C4A01C512D3900E1D3DB /* SSNavigationBarItems.xib in Resources */ = {isa = PBXBuildFile; fileRef = 9701C49F1C512D3900E1D3DB /* SSNavigationBarItems.xib */; };
		9703C6241DABC0EA00469BEE /* SSHeartViewController.swift in Sources */ = {isa = PBXBuildFile; fileRef = 9703C6231DABC0EA00469BEE /* SSHeartViewController.swift */; };
		9703C6261DB12B6600469BEE /* SSHeartTableViewCell.swift in Sources */ = {isa = PBXBuildFile; fileRef = 9703C6251DB12B6600469BEE /* SSHeartTableViewCell.swift */; };
		9703C6281DB205C400469BEE /* StoreKit.framework in Frameworks */ = {isa = PBXBuildFile; fileRef = 9703C6271DB205C400469BEE /* StoreKit.framework */; };
		9725A3C51D9ADA4800AB7116 /* SSTodayPhotoViewController.swift in Sources */ = {isa = PBXBuildFile; fileRef = 9725A3C41D9ADA4800AB7116 /* SSTodayPhotoViewController.swift */; };
		972C87071DB351BB00E890B3 /* SsomFirebaseRemoteConfigDefaults.plist in Resources */ = {isa = PBXBuildFile; fileRef = 972C87061DB351BB00E890B3 /* SsomFirebaseRemoteConfigDefaults.plist */; };
		9730033B1BF84F1500734D8D /* SSNetworkContext.swift in Sources */ = {isa = PBXBuildFile; fileRef = 9730033A1BF84F1500734D8D /* SSNetworkContext.swift */; };
		9730033D1BF84F9900734D8D /* SSNetworkAPIClient.swift in Sources */ = {isa = PBXBuildFile; fileRef = 9730033C1BF84F9900734D8D /* SSNetworkAPIClient.swift */; };
		9730033F1BF84FAE00734D8D /* SSNetworkErrorHandler.swift in Sources */ = {isa = PBXBuildFile; fileRef = 9730033E1BF84FAE00734D8D /* SSNetworkErrorHandler.swift */; };
		973003431BFCDF0500734D8D /* SSPhotoView.swift in Sources */ = {isa = PBXBuildFile; fileRef = 973003421BFCDF0500734D8D /* SSPhotoView.swift */; };
		973003451BFCE06400734D8D /* SSPhotoView.xib in Resources */ = {isa = PBXBuildFile; fileRef = 973003441BFCE06400734D8D /* SSPhotoView.xib */; };
		973003491C0B4F4D00734D8D /* SSWriteViewController.swift in Sources */ = {isa = PBXBuildFile; fileRef = 973003481C0B4F4D00734D8D /* SSWriteViewController.swift */; };
		9730034B1C0F38EC00734D8D /* SSFilterView.swift in Sources */ = {isa = PBXBuildFile; fileRef = 9730034A1C0F38EB00734D8D /* SSFilterView.swift */; };
		9730034D1C1091E700734D8D /* SSFilterView.xib in Resources */ = {isa = PBXBuildFile; fileRef = 9730034C1C1091E700734D8D /* SSFilterView.xib */; };
		9730C9D11D5229BB0042B9FD /* SSError.plist in Resources */ = {isa = PBXBuildFile; fileRef = 9730C9D01D5229BB0042B9FD /* SSError.plist */; };
		97343E281BE65AB300A9D39D /* AppDelegate.swift in Sources */ = {isa = PBXBuildFile; fileRef = 97343E271BE65AB300A9D39D /* AppDelegate.swift */; };
		97343E2A1BE65AB300A9D39D /* MapViewController.swift in Sources */ = {isa = PBXBuildFile; fileRef = 97343E291BE65AB300A9D39D /* MapViewController.swift */; };
		97343E2D1BE65AB300A9D39D /* Main.storyboard in Resources */ = {isa = PBXBuildFile; fileRef = 97343E2B1BE65AB300A9D39D /* Main.storyboard */; };
		97343E2F1BE65AB300A9D39D /* Assets.xcassets in Resources */ = {isa = PBXBuildFile; fileRef = 97343E2E1BE65AB300A9D39D /* Assets.xcassets */; };
		97343E3D1BE65AB300A9D39D /* SsomTests.swift in Sources */ = {isa = PBXBuildFile; fileRef = 97343E3C1BE65AB300A9D39D /* SsomTests.swift */; };
		97343E481BE65AB300A9D39D /* SsomUITests.swift in Sources */ = {isa = PBXBuildFile; fileRef = 97343E471BE65AB300A9D39D /* SsomUITests.swift */; };
		97343E5B1BE65D8C00A9D39D /* OpenGLES.framework in Frameworks */ = {isa = PBXBuildFile; fileRef = 97343E5A1BE65D8C00A9D39D /* OpenGLES.framework */; };
		97343E5D1BE65DA500A9D39D /* SystemConfiguration.framework in Frameworks */ = {isa = PBXBuildFile; fileRef = 97343E5C1BE65DA500A9D39D /* SystemConfiguration.framework */; };
		97343E5F1BE65DAF00A9D39D /* CoreLocation.framework in Frameworks */ = {isa = PBXBuildFile; fileRef = 97343E5E1BE65DAF00A9D39D /* CoreLocation.framework */; };
		97343E611BE65DB900A9D39D /* QuartzCore.framework in Frameworks */ = {isa = PBXBuildFile; fileRef = 97343E601BE65DB900A9D39D /* QuartzCore.framework */; };
		97343E631BE65DC800A9D39D /* libstdc++.6.tbd in Frameworks */ = {isa = PBXBuildFile; fileRef = 97343E621BE65DC800A9D39D /* libstdc++.6.tbd */; };
		97343E651BE65DD100A9D39D /* libxml2.tbd in Frameworks */ = {isa = PBXBuildFile; fileRef = 97343E641BE65DD100A9D39D /* libxml2.tbd */; };
		97343E671BE65DDD00A9D39D /* libsqlite3.tbd in Frameworks */ = {isa = PBXBuildFile; fileRef = 97343E661BE65DDD00A9D39D /* libsqlite3.tbd */; };
		9741C9C61D1565EA00DD090F /* SSDrawerStyler.swift in Sources */ = {isa = PBXBuildFile; fileRef = 9741C9C51D1565EA00DD090F /* SSDrawerStyler.swift */; };
		974291051BF25F7000609974 /* SSListTableViewCell.xib in Resources */ = {isa = PBXBuildFile; fileRef = 974291041BF25F7000609974 /* SSListTableViewCell.xib */; };
		9742910D1BF25FC600609974 /* SSListTableViewCell.swift in Sources */ = {isa = PBXBuildFile; fileRef = 9742910C1BF25FC600609974 /* SSListTableViewCell.swift */; };
		974C9B2E1C5C444C00E17A2B /* SSSignInViewController.swift in Sources */ = {isa = PBXBuildFile; fileRef = 974C9B2D1C5C444C00E17A2B /* SSSignInViewController.swift */; };
		974C9DBA1C6B5A5800E17A2B /* SSDetailView.swift in Sources */ = {isa = PBXBuildFile; fileRef = 974C9DB91C6B5A5800E17A2B /* SSDetailView.swift */; };
		974C9DBC1C6B5B7E00E17A2B /* SSSign.storyboard in Resources */ = {isa = PBXBuildFile; fileRef = 974C9DBB1C6B5B7E00E17A2B /* SSSign.storyboard */; };
		974C9DBE1C6B5B8B00E17A2B /* SSDetailView.xib in Resources */ = {isa = PBXBuildFile; fileRef = 974C9DBD1C6B5B8B00E17A2B /* SSDetailView.xib */; };
		976031BB1D4CBFB3004B7392 /* UIView+Nib.swift in Sources */ = {isa = PBXBuildFile; fileRef = 976031BA1D4CBFB3004B7392 /* UIView+Nib.swift */; };
		976031BD1D4D0AFD004B7392 /* SSUserModel.swift in Sources */ = {isa = PBXBuildFile; fileRef = 976031BC1D4D0AFD004B7392 /* SSUserModel.swift */; };
		976031BF1D4E3BBA004B7392 /* SSChatMessageTableCell.swift in Sources */ = {isa = PBXBuildFile; fileRef = 976031BE1D4E3BBA004B7392 /* SSChatMessageTableCell.swift */; };
		9764D9DF1D35FF6400BBE4C6 /* SSFilterViewModel.swift in Sources */ = {isa = PBXBuildFile; fileRef = 9764D9DB1D35FF6400BBE4C6 /* SSFilterViewModel.swift */; };
		9764D9E01D35FF6400BBE4C6 /* SSMainViewModel.swift in Sources */ = {isa = PBXBuildFile; fileRef = 9764D9DC1D35FF6400BBE4C6 /* SSMainViewModel.swift */; };
		9764D9E11D35FF6400BBE4C6 /* SSViewModel.swift in Sources */ = {isa = PBXBuildFile; fileRef = 9764D9DD1D35FF6400BBE4C6 /* SSViewModel.swift */; };
		9764D9E21D35FF6400BBE4C6 /* SSWriteViewModel.swift in Sources */ = {isa = PBXBuildFile; fileRef = 9764D9DE1D35FF6400BBE4C6 /* SSWriteViewModel.swift */; };
		9764D9E41D36017B00BBE4C6 /* SSMenuTableViewCell.xib in Resources */ = {isa = PBXBuildFile; fileRef = 9764D9E31D36017B00BBE4C6 /* SSMenuTableViewCell.xib */; };
		9766D9D71E1B981A0033CF0C /* SSTabBarController.swift in Sources */ = {isa = PBXBuildFile; fileRef = 9766D9D61E1B981A0033CF0C /* SSTabBarController.swift */; };
		9773F95B1CB14E20008E79FE /* SSSignUpViewController.swift in Sources */ = {isa = PBXBuildFile; fileRef = 9773F95A1CB14E20008E79FE /* SSSignUpViewController.swift */; };
		977DBA661D20BDCD00CFD98F /* CGSize+Float.swift in Sources */ = {isa = PBXBuildFile; fileRef = 977DBA651D20BDCD00CFD98F /* CGSize+Float.swift */; };
		977DBA6D1D23A26A00CFD98F /* ServiceAccount.json in Resources */ = {isa = PBXBuildFile; fileRef = 977DBA6C1D23A26A00CFD98F /* ServiceAccount.json */; };
		977DBA721D2A5C2900CFD98F /* SSMasterViewController.swift in Sources */ = {isa = PBXBuildFile; fileRef = 977DBA711D2A5C2900CFD98F /* SSMasterViewController.swift */; };
		977DBA741D2B82A400CFD98F /* SSScrollView.swift in Sources */ = {isa = PBXBuildFile; fileRef = 977DBA731D2B82A400CFD98F /* SSScrollView.swift */; };
		97803B921D50B8440042B86A /* SSDetailViewController.swift in Sources */ = {isa = PBXBuildFile; fileRef = 97803B911D50B8440042B86A /* SSDetailViewController.swift */; };
		97830FF11C524957008BD6DC /* SSNavigationBarItems.swift in Sources */ = {isa = PBXBuildFile; fileRef = 97830FF01C524957008BD6DC /* SSNavigationBarItems.swift */; };
		97830FF31C57DAD9008BD6DC /* SSAlertController.swift in Sources */ = {isa = PBXBuildFile; fileRef = 97830FF21C57DAD9008BD6DC /* SSAlertController.swift */; };
		978410B61D7AB44F00C71C63 /* SSChatMapViewController.swift in Sources */ = {isa = PBXBuildFile; fileRef = 978410B51D7AB44F00C71C63 /* SSChatMapViewController.swift */; };
		978410B81D7ABAF800C71C63 /* SSChatMapViewModel.swift in Sources */ = {isa = PBXBuildFile; fileRef = 978410B71D7ABAF800C71C63 /* SSChatMapViewModel.swift */; };
		978410BA1D7AC41900C71C63 /* SSModelToObjectConverter.swift in Sources */ = {isa = PBXBuildFile; fileRef = 978410B91D7AC41900C71C63 /* SSModelToObjectConverter.swift */; };
		9787ACE21CFD37AC001CF18C /* Menu.storyboard in Resources */ = {isa = PBXBuildFile; fileRef = 9787ACE11CFD37AC001CF18C /* Menu.storyboard */; };
		9787ACE41CFDF26F001CF18C /* SSMenuViewController.swift in Sources */ = {isa = PBXBuildFile; fileRef = 9787ACE31CFDF26F001CF18C /* SSMenuViewController.swift */; };
		9787ACE61CFDF2C8001CF18C /* SSMenuHeadView.xib in Resources */ = {isa = PBXBuildFile; fileRef = 9787ACE51CFDF2C8001CF18C /* SSMenuHeadView.xib */; };
		9787ACE81CFE7B0B001CF18C /* SSMenuHeadView.swift in Sources */ = {isa = PBXBuildFile; fileRef = 9787ACE71CFE7B0B001CF18C /* SSMenuHeadView.swift */; };
		9787ACEA1CFE7B28001CF18C /* SSMenuTableViewCell.swift in Sources */ = {isa = PBXBuildFile; fileRef = 9787ACE91CFE7B28001CF18C /* SSMenuTableViewCell.swift */; };
		9787ACEC1D042926001CF18C /* Menu.xcassets in Resources */ = {isa = PBXBuildFile; fileRef = 9787ACEB1D042926001CF18C /* Menu.xcassets */; };
		9787ACEE1D0452EE001CF18C /* SSDrawerViewController.swift in Sources */ = {isa = PBXBuildFile; fileRef = 9787ACED1D0452EE001CF18C /* SSDrawerViewController.swift */; };
		978AFDD51DBBDB8C00F965EE /* GoogleService-Info.plist in Resources */ = {isa = PBXBuildFile; fileRef = 978AFDD41DBBDB8C00F965EE /* GoogleService-Info.plist */; };
		978DDB751CCBD57700567169 /* SSChatStoryboard.storyboard in Resources */ = {isa = PBXBuildFile; fileRef = 978DDB741CCBD57700567169 /* SSChatStoryboard.storyboard */; };
		978DDB771CCBDD8700567169 /* SSChat.xcassets in Resources */ = {isa = PBXBuildFile; fileRef = 978DDB761CCBDD8700567169 /* SSChat.xcassets */; };
		978DDB791CCBE13200567169 /* SSChatCoachmarkView.xib in Resources */ = {isa = PBXBuildFile; fileRef = 978DDB781CCBE13200567169 /* SSChatCoachmarkView.xib */; };
		978DDB7B1CCBE68B00567169 /* SSChatCoachmarkView.swift in Sources */ = {isa = PBXBuildFile; fileRef = 978DDB7A1CCBE68B00567169 /* SSChatCoachmarkView.swift */; };
		9799746C1D63022A00F511D7 /* SSChatCoachmarkLineView.swift in Sources */ = {isa = PBXBuildFile; fileRef = 9799746B1D63022A00F511D7 /* SSChatCoachmarkLineView.swift */; };
		979A4A031BF4525A00FAFB21 /* Define.swift in Sources */ = {isa = PBXBuildFile; fileRef = 979A4A001BF4525A00FAFB21 /* Define.swift */; };
		979A4A041BF4525A00FAFB21 /* Util.swift in Sources */ = {isa = PBXBuildFile; fileRef = 979A4A021BF4525A00FAFB21 /* Util.swift */; };
		979A4A061BF4527400FAFB21 /* UIDevice+Util.swift in Sources */ = {isa = PBXBuildFile; fileRef = 979A4A051BF4527400FAFB21 /* UIDevice+Util.swift */; };
		979D76171DA11F700055B3EE /* SSCustomScrollView.swift in Sources */ = {isa = PBXBuildFile; fileRef = 979D76161DA11F700055B3EE /* SSCustomScrollView.swift */; };
		979DD8C41DEC309100D273E5 /* Extensions.swift in Sources */ = {isa = PBXBuildFile; fileRef = 979DD8C31DEC309000D273E5 /* Extensions.swift */; };
		97A6BFF41CCA81A500DA06D2 /* SSAccountManager.swift in Sources */ = {isa = PBXBuildFile; fileRef = 97A6BFF31CCA81A500DA06D2 /* SSAccountManager.swift */; };
		97A6BFF61CCA866C00DA06D2 /* SSChatListViewController.swift in Sources */ = {isa = PBXBuildFile; fileRef = 97A6BFF51CCA866C00DA06D2 /* SSChatListViewController.swift */; };
		97A6BFF81CCA868C00DA06D2 /* SSChatViewController.swift in Sources */ = {isa = PBXBuildFile; fileRef = 97A6BFF71CCA868C00DA06D2 /* SSChatViewController.swift */; };
		97B2D1671D488FA700B5EBD2 /* SSIndicatorView.swift in Sources */ = {isa = PBXBuildFile; fileRef = 97B2D1661D488FA700B5EBD2 /* SSIndicatorView.swift */; };
		97B2D1691D489F1A00B5EBD2 /* SSChatCompletionView.xib in Resources */ = {isa = PBXBuildFile; fileRef = 97B2D1681D489F1A00B5EBD2 /* SSChatCompletionView.xib */; };
		97B2D16D1D48A3F500B5EBD2 /* SSChatStartingTableCell.xib in Resources */ = {isa = PBXBuildFile; fileRef = 97B2D16C1D48A3F500B5EBD2 /* SSChatStartingTableCell.xib */; };
		97B2D16F1D48A4D600B5EBD2 /* SSChatMessageTableCell.xib in Resources */ = {isa = PBXBuildFile; fileRef = 97B2D16E1D48A4D600B5EBD2 /* SSChatMessageTableCell.xib */; };
		97B2D1711D48A51B00B5EBD2 /* SSChatListTableCell.xib in Resources */ = {isa = PBXBuildFile; fileRef = 97B2D1701D48A51B00B5EBD2 /* SSChatListTableCell.xib */; };
		97B2D1731D4A219A00B5EBD2 /* SSChatroomViewModel.swift in Sources */ = {isa = PBXBuildFile; fileRef = 97B2D1721D4A219A00B5EBD2 /* SSChatroomViewModel.swift */; };
		97B2D1751D4A21AC00B5EBD2 /* SSChatViewModel.swift in Sources */ = {isa = PBXBuildFile; fileRef = 97B2D1741D4A21AC00B5EBD2 /* SSChatViewModel.swift */; };
		97B2D1771D4B48AC00B5EBD2 /* SSChatListTableCell.swift in Sources */ = {isa = PBXBuildFile; fileRef = 97B2D1761D4B48AC00B5EBD2 /* SSChatListTableCell.swift */; };
		97B2D1791D4B535A00B5EBD2 /* SSChatStartingTableCell.swift in Sources */ = {isa = PBXBuildFile; fileRef = 97B2D1781D4B535A00B5EBD2 /* SSChatStartingTableCell.swift */; };
		97C5266D1C9F090400484F03 /* UIImage+Crop.swift in Sources */ = {isa = PBXBuildFile; fileRef = 97C5266C1C9F090400484F03 /* UIImage+Crop.swift */; };
		97C5266F1C9F091200484F03 /* String+Util.swift in Sources */ = {isa = PBXBuildFile; fileRef = 97C5266E1C9F091200484F03 /* String+Util.swift */; };
		97D5A3CB1BEBB23500F3DDFB /* ListViewController.swift in Sources */ = {isa = PBXBuildFile; fileRef = 97D5A3CA1BEBB23500F3DDFB /* ListViewController.swift */; };
		97DEBDB91D98430800DB51A3 /* UIViewController+Util.swift in Sources */ = {isa = PBXBuildFile; fileRef = 97DEBDB81D98430800DB51A3 /* UIViewController+Util.swift */; };
		97E21D451D69D619004E3EBC /* SSMenuBottomView.xib in Resources */ = {isa = PBXBuildFile; fileRef = 97E21D441D69D619004E3EBC /* SSMenuBottomView.xib */; };
		97E21D471D69D6A8004E3EBC /* SSMenuBottomView.swift in Sources */ = {isa = PBXBuildFile; fileRef = 97E21D461D69D6A8004E3EBC /* SSMenuBottomView.swift */; };
		BD6B77F5410EB4B139461F16 /* Pods_SsomTests.framework in Frameworks */ = {isa = PBXBuildFile; fileRef = BCD498A6BF100A0C13AAAEAD /* Pods_SsomTests.framework */; };
/* End PBXBuildFile section */

/* Begin PBXContainerItemProxy section */
		97343E391BE65AB300A9D39D /* PBXContainerItemProxy */ = {
			isa = PBXContainerItemProxy;
			containerPortal = 97343E1C1BE65AB300A9D39D /* Project object */;
			proxyType = 1;
			remoteGlobalIDString = 97343E231BE65AB300A9D39D;
			remoteInfo = Ssom;
		};
		97343E441BE65AB300A9D39D /* PBXContainerItemProxy */ = {
			isa = PBXContainerItemProxy;
			containerPortal = 97343E1C1BE65AB300A9D39D /* Project object */;
			proxyType = 1;
			remoteGlobalIDString = 97343E231BE65AB300A9D39D;
			remoteInfo = Ssom;
		};
/* End PBXContainerItemProxy section */

/* Begin PBXCopyFilesBuildPhase section */
		97D5A3F21BF23E5500F3DDFB /* Embed Frameworks */ = {
			isa = PBXCopyFilesBuildPhase;
			buildActionMask = 2147483647;
			dstPath = "";
			dstSubfolderSpec = 10;
			files = (
			);
			name = "Embed Frameworks";
			runOnlyForDeploymentPostprocessing = 0;
		};
/* End PBXCopyFilesBuildPhase section */

/* Begin PBXFileReference section */
		17B5A0F7539C097E36A6A996 /* Pods-Ssom.debug.xcconfig */ = {isa = PBXFileReference; includeInIndex = 1; lastKnownFileType = text.xcconfig; name = "Pods-Ssom.debug.xcconfig"; path = "Pods/Target Support Files/Pods-Ssom/Pods-Ssom.debug.xcconfig"; sourceTree = "<group>"; };
		59A89FB784ADD1A0FC7ECA40 /* Pods-SsomTests.debug.xcconfig */ = {isa = PBXFileReference; includeInIndex = 1; lastKnownFileType = text.xcconfig; name = "Pods-SsomTests.debug.xcconfig"; path = "Pods/Target Support Files/Pods-SsomTests/Pods-SsomTests.debug.xcconfig"; sourceTree = "<group>"; };
		8CDE69CC28D9C3FF9CE4C101 /* Pods-SsomUITests.release.xcconfig */ = {isa = PBXFileReference; includeInIndex = 1; lastKnownFileType = text.xcconfig; name = "Pods-SsomUITests.release.xcconfig"; path = "Pods/Target Support Files/Pods-SsomUITests/Pods-SsomUITests.release.xcconfig"; sourceTree = "<group>"; };
		90F446BB7B078EDE71DA3C2B /* Pods-SsomTests.release.xcconfig */ = {isa = PBXFileReference; includeInIndex = 1; lastKnownFileType = text.xcconfig; name = "Pods-SsomTests.release.xcconfig"; path = "Pods/Target Support Files/Pods-SsomTests/Pods-SsomTests.release.xcconfig"; sourceTree = "<group>"; };
		9701C49F1C512D3900E1D3DB /* SSNavigationBarItems.xib */ = {isa = PBXFileReference; fileEncoding = 4; lastKnownFileType = file.xib; path = SSNavigationBarItems.xib; sourceTree = "<group>"; };
		9703C6231DABC0EA00469BEE /* SSHeartViewController.swift */ = {isa = PBXFileReference; fileEncoding = 4; lastKnownFileType = sourcecode.swift; name = SSHeartViewController.swift; path = Menu/SSHeartViewController.swift; sourceTree = "<group>"; };
		9703C6251DB12B6600469BEE /* SSHeartTableViewCell.swift */ = {isa = PBXFileReference; fileEncoding = 4; lastKnownFileType = sourcecode.swift; name = SSHeartTableViewCell.swift; path = Menu/SSHeartTableViewCell.swift; sourceTree = "<group>"; };
		9703C6271DB205C400469BEE /* StoreKit.framework */ = {isa = PBXFileReference; lastKnownFileType = wrapper.framework; name = StoreKit.framework; path = System/Library/Frameworks/StoreKit.framework; sourceTree = SDKROOT; };
		9703C6291DB2064600469BEE /* Ssom_development.entitlements */ = {isa = PBXFileReference; fileEncoding = 4; lastKnownFileType = text.plist.entitlements; name = Ssom_development.entitlements; path = Ssom/Ssom_development.entitlements; sourceTree = "<group>"; };
		9717EB151D8E6F8400B47718 /* Ssom.entitlements */ = {isa = PBXFileReference; lastKnownFileType = text.plist.entitlements; name = Ssom.entitlements; path = Ssom/Ssom.entitlements; sourceTree = "<group>"; };
		9725A3C41D9ADA4800AB7116 /* SSTodayPhotoViewController.swift */ = {isa = PBXFileReference; fileEncoding = 4; lastKnownFileType = sourcecode.swift; name = SSTodayPhotoViewController.swift; path = Menu/SSTodayPhotoViewController.swift; sourceTree = "<group>"; };
		972C87061DB351BB00E890B3 /* SsomFirebaseRemoteConfigDefaults.plist */ = {isa = PBXFileReference; fileEncoding = 4; lastKnownFileType = text.plist.xml; name = SsomFirebaseRemoteConfigDefaults.plist; path = Ssom/SsomFirebaseRemoteConfigDefaults.plist; sourceTree = "<group>"; };
		9730033A1BF84F1500734D8D /* SSNetworkContext.swift */ = {isa = PBXFileReference; fileEncoding = 4; lastKnownFileType = sourcecode.swift; path = SSNetworkContext.swift; sourceTree = "<group>"; };
		9730033C1BF84F9900734D8D /* SSNetworkAPIClient.swift */ = {isa = PBXFileReference; fileEncoding = 4; lastKnownFileType = sourcecode.swift; path = SSNetworkAPIClient.swift; sourceTree = "<group>"; };
		9730033E1BF84FAE00734D8D /* SSNetworkErrorHandler.swift */ = {isa = PBXFileReference; fileEncoding = 4; lastKnownFileType = sourcecode.swift; path = SSNetworkErrorHandler.swift; sourceTree = "<group>"; };
		973003421BFCDF0500734D8D /* SSPhotoView.swift */ = {isa = PBXFileReference; fileEncoding = 4; lastKnownFileType = sourcecode.swift; path = SSPhotoView.swift; sourceTree = "<group>"; };
		973003441BFCE06400734D8D /* SSPhotoView.xib */ = {isa = PBXFileReference; fileEncoding = 4; lastKnownFileType = file.xib; path = SSPhotoView.xib; sourceTree = "<group>"; };
		973003481C0B4F4D00734D8D /* SSWriteViewController.swift */ = {isa = PBXFileReference; fileEncoding = 4; lastKnownFileType = sourcecode.swift; path = SSWriteViewController.swift; sourceTree = "<group>"; };
		9730034A1C0F38EB00734D8D /* SSFilterView.swift */ = {isa = PBXFileReference; fileEncoding = 4; lastKnownFileType = sourcecode.swift; path = SSFilterView.swift; sourceTree = "<group>"; };
		9730034C1C1091E700734D8D /* SSFilterView.xib */ = {isa = PBXFileReference; fileEncoding = 4; lastKnownFileType = file.xib; path = SSFilterView.xib; sourceTree = "<group>"; };
		9730C9D01D5229BB0042B9FD /* SSError.plist */ = {isa = PBXFileReference; fileEncoding = 4; lastKnownFileType = text.plist.xml; path = SSError.plist; sourceTree = "<group>"; };
		97343E241BE65AB300A9D39D /* Ssom.app */ = {isa = PBXFileReference; explicitFileType = wrapper.application; includeInIndex = 0; path = Ssom.app; sourceTree = BUILT_PRODUCTS_DIR; };
		97343E271BE65AB300A9D39D /* AppDelegate.swift */ = {isa = PBXFileReference; lastKnownFileType = sourcecode.swift; path = AppDelegate.swift; sourceTree = "<group>"; };
		97343E291BE65AB300A9D39D /* MapViewController.swift */ = {isa = PBXFileReference; lastKnownFileType = sourcecode.swift; path = MapViewController.swift; sourceTree = "<group>"; };
		97343E2C1BE65AB300A9D39D /* Base */ = {isa = PBXFileReference; lastKnownFileType = file.storyboard; name = Base; path = Base.lproj/Main.storyboard; sourceTree = "<group>"; };
		97343E2E1BE65AB300A9D39D /* Assets.xcassets */ = {isa = PBXFileReference; lastKnownFileType = folder.assetcatalog; path = Assets.xcassets; sourceTree = "<group>"; };
		97343E331BE65AB300A9D39D /* Info.plist */ = {isa = PBXFileReference; lastKnownFileType = text.plist.xml; name = Info.plist; path = Ssom/Info.plist; sourceTree = "<group>"; };
		97343E381BE65AB300A9D39D /* SsomTests.xctest */ = {isa = PBXFileReference; explicitFileType = wrapper.cfbundle; includeInIndex = 0; path = SsomTests.xctest; sourceTree = BUILT_PRODUCTS_DIR; };
		97343E3C1BE65AB300A9D39D /* SsomTests.swift */ = {isa = PBXFileReference; lastKnownFileType = sourcecode.swift; path = SsomTests.swift; sourceTree = "<group>"; };
		97343E3E1BE65AB300A9D39D /* Info.plist */ = {isa = PBXFileReference; lastKnownFileType = text.plist.xml; path = Info.plist; sourceTree = "<group>"; };
		97343E431BE65AB300A9D39D /* SsomUITests.xctest */ = {isa = PBXFileReference; explicitFileType = wrapper.cfbundle; includeInIndex = 0; path = SsomUITests.xctest; sourceTree = BUILT_PRODUCTS_DIR; };
		97343E471BE65AB300A9D39D /* SsomUITests.swift */ = {isa = PBXFileReference; lastKnownFileType = sourcecode.swift; path = SsomUITests.swift; sourceTree = "<group>"; };
		97343E491BE65AB300A9D39D /* Info.plist */ = {isa = PBXFileReference; lastKnownFileType = text.plist.xml; path = Info.plist; sourceTree = "<group>"; };
		97343E5A1BE65D8C00A9D39D /* OpenGLES.framework */ = {isa = PBXFileReference; lastKnownFileType = wrapper.framework; name = OpenGLES.framework; path = System/Library/Frameworks/OpenGLES.framework; sourceTree = SDKROOT; };
		97343E5C1BE65DA500A9D39D /* SystemConfiguration.framework */ = {isa = PBXFileReference; lastKnownFileType = wrapper.framework; name = SystemConfiguration.framework; path = System/Library/Frameworks/SystemConfiguration.framework; sourceTree = SDKROOT; };
		97343E5E1BE65DAF00A9D39D /* CoreLocation.framework */ = {isa = PBXFileReference; lastKnownFileType = wrapper.framework; name = CoreLocation.framework; path = System/Library/Frameworks/CoreLocation.framework; sourceTree = SDKROOT; };
		97343E601BE65DB900A9D39D /* QuartzCore.framework */ = {isa = PBXFileReference; lastKnownFileType = wrapper.framework; name = QuartzCore.framework; path = System/Library/Frameworks/QuartzCore.framework; sourceTree = SDKROOT; };
		97343E621BE65DC800A9D39D /* libstdc++.6.tbd */ = {isa = PBXFileReference; lastKnownFileType = "sourcecode.text-based-dylib-definition"; name = "libstdc++.6.tbd"; path = "usr/lib/libstdc++.6.tbd"; sourceTree = SDKROOT; };
		97343E641BE65DD100A9D39D /* libxml2.tbd */ = {isa = PBXFileReference; lastKnownFileType = "sourcecode.text-based-dylib-definition"; name = libxml2.tbd; path = usr/lib/libxml2.tbd; sourceTree = SDKROOT; };
		97343E661BE65DDD00A9D39D /* libsqlite3.tbd */ = {isa = PBXFileReference; lastKnownFileType = "sourcecode.text-based-dylib-definition"; name = libsqlite3.tbd; path = usr/lib/libsqlite3.tbd; sourceTree = SDKROOT; };
		9741C9C51D1565EA00DD090F /* SSDrawerStyler.swift */ = {isa = PBXFileReference; fileEncoding = 4; lastKnownFileType = sourcecode.swift; name = SSDrawerStyler.swift; path = Menu/SSDrawerStyler.swift; sourceTree = "<group>"; };
		974291041BF25F7000609974 /* SSListTableViewCell.xib */ = {isa = PBXFileReference; fileEncoding = 4; lastKnownFileType = file.xib; path = SSListTableViewCell.xib; sourceTree = "<group>"; };
		9742910C1BF25FC600609974 /* SSListTableViewCell.swift */ = {isa = PBXFileReference; fileEncoding = 4; lastKnownFileType = sourcecode.swift; path = SSListTableViewCell.swift; sourceTree = "<group>"; };
		974C9B2D1C5C444C00E17A2B /* SSSignInViewController.swift */ = {isa = PBXFileReference; fileEncoding = 4; lastKnownFileType = sourcecode.swift; name = SSSignInViewController.swift; path = SignIn/SSSignInViewController.swift; sourceTree = "<group>"; };
		974C9DB91C6B5A5800E17A2B /* SSDetailView.swift */ = {isa = PBXFileReference; fileEncoding = 4; lastKnownFileType = sourcecode.swift; name = SSDetailView.swift; path = SsomView/SSDetailView.swift; sourceTree = "<group>"; };
		974C9DBB1C6B5B7E00E17A2B /* SSSign.storyboard */ = {isa = PBXFileReference; fileEncoding = 4; lastKnownFileType = file.storyboard; name = SSSign.storyboard; path = SignIn/SSSign.storyboard; sourceTree = "<group>"; };
		974C9DBD1C6B5B8B00E17A2B /* SSDetailView.xib */ = {isa = PBXFileReference; fileEncoding = 4; lastKnownFileType = file.xib; name = SSDetailView.xib; path = SsomView/SSDetailView.xib; sourceTree = "<group>"; };
		976031BA1D4CBFB3004B7392 /* UIView+Nib.swift */ = {isa = PBXFileReference; fileEncoding = 4; lastKnownFileType = sourcecode.swift; name = "UIView+Nib.swift"; path = "Ssom/3rdLib/UIView+Nib.swift"; sourceTree = "<group>"; };
		976031BC1D4D0AFD004B7392 /* SSUserModel.swift */ = {isa = PBXFileReference; fileEncoding = 4; lastKnownFileType = sourcecode.swift; name = SSUserModel.swift; path = ViewModel/SSUserModel.swift; sourceTree = "<group>"; };
		976031BE1D4E3BBA004B7392 /* SSChatMessageTableCell.swift */ = {isa = PBXFileReference; fileEncoding = 4; lastKnownFileType = sourcecode.swift; name = SSChatMessageTableCell.swift; path = Chat/SSChatMessageTableCell.swift; sourceTree = "<group>"; };
		9764D9DB1D35FF6400BBE4C6 /* SSFilterViewModel.swift */ = {isa = PBXFileReference; fileEncoding = 4; lastKnownFileType = sourcecode.swift; name = SSFilterViewModel.swift; path = ViewModel/SSFilterViewModel.swift; sourceTree = "<group>"; };
		9764D9DC1D35FF6400BBE4C6 /* SSMainViewModel.swift */ = {isa = PBXFileReference; fileEncoding = 4; lastKnownFileType = sourcecode.swift; name = SSMainViewModel.swift; path = ViewModel/SSMainViewModel.swift; sourceTree = "<group>"; };
		9764D9DD1D35FF6400BBE4C6 /* SSViewModel.swift */ = {isa = PBXFileReference; fileEncoding = 4; lastKnownFileType = sourcecode.swift; name = SSViewModel.swift; path = ViewModel/SSViewModel.swift; sourceTree = "<group>"; };
		9764D9DE1D35FF6400BBE4C6 /* SSWriteViewModel.swift */ = {isa = PBXFileReference; fileEncoding = 4; lastKnownFileType = sourcecode.swift; name = SSWriteViewModel.swift; path = ViewModel/SSWriteViewModel.swift; sourceTree = "<group>"; };
		9764D9E31D36017B00BBE4C6 /* SSMenuTableViewCell.xib */ = {isa = PBXFileReference; fileEncoding = 4; lastKnownFileType = file.xib; name = SSMenuTableViewCell.xib; path = Menu/SSMenuTableViewCell.xib; sourceTree = "<group>"; };
		9766D9D61E1B981A0033CF0C /* SSTabBarController.swift */ = {isa = PBXFileReference; fileEncoding = 4; lastKnownFileType = sourcecode.swift; path = SSTabBarController.swift; sourceTree = "<group>"; };
		9773F95A1CB14E20008E79FE /* SSSignUpViewController.swift */ = {isa = PBXFileReference; fileEncoding = 4; lastKnownFileType = sourcecode.swift; name = SSSignUpViewController.swift; path = SignIn/SSSignUpViewController.swift; sourceTree = "<group>"; };
		977DBA651D20BDCD00CFD98F /* CGSize+Float.swift */ = {isa = PBXFileReference; fileEncoding = 4; lastKnownFileType = sourcecode.swift; name = "CGSize+Float.swift"; path = "Ssom/3rdLib/CGSize+Float.swift"; sourceTree = "<group>"; };
		977DBA6C1D23A26A00CFD98F /* ServiceAccount.json */ = {isa = PBXFileReference; fileEncoding = 4; lastKnownFileType = text.json; path = ServiceAccount.json; sourceTree = "<group>"; };
		977DBA711D2A5C2900CFD98F /* SSMasterViewController.swift */ = {isa = PBXFileReference; fileEncoding = 4; lastKnownFileType = sourcecode.swift; path = SSMasterViewController.swift; sourceTree = "<group>"; };
		977DBA731D2B82A400CFD98F /* SSScrollView.swift */ = {isa = PBXFileReference; fileEncoding = 4; lastKnownFileType = sourcecode.swift; name = SSScrollView.swift; path = SsomView/SSScrollView.swift; sourceTree = "<group>"; };
		97803B911D50B8440042B86A /* SSDetailViewController.swift */ = {isa = PBXFileReference; fileEncoding = 4; lastKnownFileType = sourcecode.swift; name = SSDetailViewController.swift; path = Ssom/Common/SSDetailViewController.swift; sourceTree = "<group>"; };
		97830FF01C524957008BD6DC /* SSNavigationBarItems.swift */ = {isa = PBXFileReference; fileEncoding = 4; lastKnownFileType = sourcecode.swift; path = SSNavigationBarItems.swift; sourceTree = "<group>"; };
		97830FF21C57DAD9008BD6DC /* SSAlertController.swift */ = {isa = PBXFileReference; fileEncoding = 4; lastKnownFileType = sourcecode.swift; name = SSAlertController.swift; path = Ssom/Common/SSAlertController.swift; sourceTree = "<group>"; };
		978410B51D7AB44F00C71C63 /* SSChatMapViewController.swift */ = {isa = PBXFileReference; fileEncoding = 4; lastKnownFileType = sourcecode.swift; name = SSChatMapViewController.swift; path = Chat/SSChatMapViewController.swift; sourceTree = "<group>"; };
		978410B71D7ABAF800C71C63 /* SSChatMapViewModel.swift */ = {isa = PBXFileReference; fileEncoding = 4; lastKnownFileType = sourcecode.swift; name = SSChatMapViewModel.swift; path = ViewModel/SSChatMapViewModel.swift; sourceTree = "<group>"; };
		978410B91D7AC41900C71C63 /* SSModelToObjectConverter.swift */ = {isa = PBXFileReference; fileEncoding = 4; lastKnownFileType = sourcecode.swift; name = SSModelToObjectConverter.swift; path = ViewModel/SSModelToObjectConverter.swift; sourceTree = "<group>"; };
		9787ACE11CFD37AC001CF18C /* Menu.storyboard */ = {isa = PBXFileReference; fileEncoding = 4; lastKnownFileType = file.storyboard; name = Menu.storyboard; path = Menu/Menu.storyboard; sourceTree = "<group>"; };
		9787ACE31CFDF26F001CF18C /* SSMenuViewController.swift */ = {isa = PBXFileReference; fileEncoding = 4; lastKnownFileType = sourcecode.swift; name = SSMenuViewController.swift; path = Menu/SSMenuViewController.swift; sourceTree = "<group>"; };
		9787ACE51CFDF2C8001CF18C /* SSMenuHeadView.xib */ = {isa = PBXFileReference; fileEncoding = 4; lastKnownFileType = file.xib; name = SSMenuHeadView.xib; path = Menu/SSMenuHeadView.xib; sourceTree = "<group>"; };
		9787ACE71CFE7B0B001CF18C /* SSMenuHeadView.swift */ = {isa = PBXFileReference; fileEncoding = 4; lastKnownFileType = sourcecode.swift; name = SSMenuHeadView.swift; path = Menu/SSMenuHeadView.swift; sourceTree = "<group>"; };
		9787ACE91CFE7B28001CF18C /* SSMenuTableViewCell.swift */ = {isa = PBXFileReference; fileEncoding = 4; lastKnownFileType = sourcecode.swift; name = SSMenuTableViewCell.swift; path = Menu/SSMenuTableViewCell.swift; sourceTree = "<group>"; };
		9787ACEB1D042926001CF18C /* Menu.xcassets */ = {isa = PBXFileReference; lastKnownFileType = folder.assetcatalog; name = Menu.xcassets; path = Menu/Menu.xcassets; sourceTree = "<group>"; };
		9787ACED1D0452EE001CF18C /* SSDrawerViewController.swift */ = {isa = PBXFileReference; fileEncoding = 4; lastKnownFileType = sourcecode.swift; name = SSDrawerViewController.swift; path = Menu/SSDrawerViewController.swift; sourceTree = "<group>"; };
		978AFDD41DBBDB8C00F965EE /* GoogleService-Info.plist */ = {isa = PBXFileReference; fileEncoding = 4; lastKnownFileType = text.plist.xml; path = "GoogleService-Info.plist"; sourceTree = "<group>"; };
		978DDB741CCBD57700567169 /* SSChatStoryboard.storyboard */ = {isa = PBXFileReference; fileEncoding = 4; lastKnownFileType = file.storyboard; name = SSChatStoryboard.storyboard; path = Chat/SSChatStoryboard.storyboard; sourceTree = "<group>"; };
		978DDB761CCBDD8700567169 /* SSChat.xcassets */ = {isa = PBXFileReference; lastKnownFileType = folder.assetcatalog; name = SSChat.xcassets; path = Chat/SSChat.xcassets; sourceTree = "<group>"; };
		978DDB781CCBE13200567169 /* SSChatCoachmarkView.xib */ = {isa = PBXFileReference; fileEncoding = 4; lastKnownFileType = file.xib; name = SSChatCoachmarkView.xib; path = Chat/SSChatCoachmarkView.xib; sourceTree = "<group>"; };
		978DDB7A1CCBE68B00567169 /* SSChatCoachmarkView.swift */ = {isa = PBXFileReference; fileEncoding = 4; lastKnownFileType = sourcecode.swift; name = SSChatCoachmarkView.swift; path = Chat/SSChatCoachmarkView.swift; sourceTree = "<group>"; };
		9799746B1D63022A00F511D7 /* SSChatCoachmarkLineView.swift */ = {isa = PBXFileReference; fileEncoding = 4; lastKnownFileType = sourcecode.swift; name = SSChatCoachmarkLineView.swift; path = Chat/SSChatCoachmarkLineView.swift; sourceTree = "<group>"; };
		979A4A001BF4525A00FAFB21 /* Define.swift */ = {isa = PBXFileReference; fileEncoding = 4; lastKnownFileType = sourcecode.swift; name = Define.swift; path = Ssom/Common/Define.swift; sourceTree = "<group>"; };
		979A4A011BF4525A00FAFB21 /* ObjcBridge.h */ = {isa = PBXFileReference; fileEncoding = 4; lastKnownFileType = sourcecode.c.h; name = ObjcBridge.h; path = Ssom/Common/ObjcBridge.h; sourceTree = "<group>"; };
		979A4A021BF4525A00FAFB21 /* Util.swift */ = {isa = PBXFileReference; fileEncoding = 4; lastKnownFileType = sourcecode.swift; name = Util.swift; path = Ssom/Common/Util.swift; sourceTree = "<group>"; };
		979A4A051BF4527400FAFB21 /* UIDevice+Util.swift */ = {isa = PBXFileReference; fileEncoding = 4; lastKnownFileType = sourcecode.swift; name = "UIDevice+Util.swift"; path = "Ssom/3rdLib/UIDevice+Util.swift"; sourceTree = "<group>"; };
		979D76161DA11F700055B3EE /* SSCustomScrollView.swift */ = {isa = PBXFileReference; fileEncoding = 4; lastKnownFileType = sourcecode.swift; name = SSCustomScrollView.swift; path = Ssom/3rdLib/SSCustomScrollView.swift; sourceTree = "<group>"; };
		979DD8C31DEC309000D273E5 /* Extensions.swift */ = {isa = PBXFileReference; fileEncoding = 4; lastKnownFileType = sourcecode.swift; name = Extensions.swift; path = Ssom/3rdLib/Extensions.swift; sourceTree = "<group>"; };
		97A6BFF31CCA81A500DA06D2 /* SSAccountManager.swift */ = {isa = PBXFileReference; fileEncoding = 4; lastKnownFileType = sourcecode.swift; name = SSAccountManager.swift; path = Ssom/Account/SSAccountManager.swift; sourceTree = "<group>"; };
		97A6BFF51CCA866C00DA06D2 /* SSChatListViewController.swift */ = {isa = PBXFileReference; fileEncoding = 4; lastKnownFileType = sourcecode.swift; name = SSChatListViewController.swift; path = Chat/SSChatListViewController.swift; sourceTree = "<group>"; };
		97A6BFF71CCA868C00DA06D2 /* SSChatViewController.swift */ = {isa = PBXFileReference; fileEncoding = 4; lastKnownFileType = sourcecode.swift; name = SSChatViewController.swift; path = Chat/SSChatViewController.swift; sourceTree = "<group>"; };
		97B2D1661D488FA700B5EBD2 /* SSIndicatorView.swift */ = {isa = PBXFileReference; fileEncoding = 4; lastKnownFileType = sourcecode.swift; name = SSIndicatorView.swift; path = Ssom/Common/SSIndicatorView.swift; sourceTree = "<group>"; };
		97B2D1681D489F1A00B5EBD2 /* SSChatCompletionView.xib */ = {isa = PBXFileReference; fileEncoding = 4; lastKnownFileType = file.xib; name = SSChatCompletionView.xib; path = Chat/SSChatCompletionView.xib; sourceTree = "<group>"; };
		97B2D16C1D48A3F500B5EBD2 /* SSChatStartingTableCell.xib */ = {isa = PBXFileReference; fileEncoding = 4; lastKnownFileType = file.xib; name = SSChatStartingTableCell.xib; path = Chat/SSChatStartingTableCell.xib; sourceTree = "<group>"; };
		97B2D16E1D48A4D600B5EBD2 /* SSChatMessageTableCell.xib */ = {isa = PBXFileReference; fileEncoding = 4; lastKnownFileType = file.xib; name = SSChatMessageTableCell.xib; path = Chat/SSChatMessageTableCell.xib; sourceTree = "<group>"; };
		97B2D1701D48A51B00B5EBD2 /* SSChatListTableCell.xib */ = {isa = PBXFileReference; fileEncoding = 4; lastKnownFileType = file.xib; name = SSChatListTableCell.xib; path = Chat/SSChatListTableCell.xib; sourceTree = "<group>"; };
		97B2D1721D4A219A00B5EBD2 /* SSChatroomViewModel.swift */ = {isa = PBXFileReference; fileEncoding = 4; lastKnownFileType = sourcecode.swift; name = SSChatroomViewModel.swift; path = ViewModel/SSChatroomViewModel.swift; sourceTree = "<group>"; };
		97B2D1741D4A21AC00B5EBD2 /* SSChatViewModel.swift */ = {isa = PBXFileReference; fileEncoding = 4; lastKnownFileType = sourcecode.swift; name = SSChatViewModel.swift; path = ViewModel/SSChatViewModel.swift; sourceTree = "<group>"; };
		97B2D1761D4B48AC00B5EBD2 /* SSChatListTableCell.swift */ = {isa = PBXFileReference; fileEncoding = 4; lastKnownFileType = sourcecode.swift; name = SSChatListTableCell.swift; path = Chat/SSChatListTableCell.swift; sourceTree = "<group>"; };
		97B2D1781D4B535A00B5EBD2 /* SSChatStartingTableCell.swift */ = {isa = PBXFileReference; fileEncoding = 4; lastKnownFileType = sourcecode.swift; name = SSChatStartingTableCell.swift; path = Chat/SSChatStartingTableCell.swift; sourceTree = "<group>"; };
		97C5266C1C9F090400484F03 /* UIImage+Crop.swift */ = {isa = PBXFileReference; fileEncoding = 4; lastKnownFileType = sourcecode.swift; name = "UIImage+Crop.swift"; path = "Ssom/3rdLib/UIImage+Crop.swift"; sourceTree = "<group>"; };
		97C5266E1C9F091200484F03 /* String+Util.swift */ = {isa = PBXFileReference; fileEncoding = 4; lastKnownFileType = sourcecode.swift; name = "String+Util.swift"; path = "Ssom/3rdLib/String+Util.swift"; sourceTree = "<group>"; };
		97D5A3CA1BEBB23500F3DDFB /* ListViewController.swift */ = {isa = PBXFileReference; fileEncoding = 4; lastKnownFileType = sourcecode.swift; path = ListViewController.swift; sourceTree = "<group>"; };
		97DE88941C4561FE0043B8E2 /* MyPlayground.playground */ = {isa = PBXFileReference; lastKnownFileType = file.playground; path = MyPlayground.playground; sourceTree = "<group>"; };
		97DEBDB81D98430800DB51A3 /* UIViewController+Util.swift */ = {isa = PBXFileReference; fileEncoding = 4; lastKnownFileType = sourcecode.swift; name = "UIViewController+Util.swift"; path = "Ssom/3rdLib/UIViewController+Util.swift"; sourceTree = "<group>"; };
		97E21D441D69D619004E3EBC /* SSMenuBottomView.xib */ = {isa = PBXFileReference; fileEncoding = 4; lastKnownFileType = file.xib; name = SSMenuBottomView.xib; path = Menu/SSMenuBottomView.xib; sourceTree = "<group>"; };
		97E21D461D69D6A8004E3EBC /* SSMenuBottomView.swift */ = {isa = PBXFileReference; fileEncoding = 4; lastKnownFileType = sourcecode.swift; name = SSMenuBottomView.swift; path = Menu/SSMenuBottomView.swift; sourceTree = "<group>"; };
		A530854B527325AE2DBAC0BA /* Pods_SsomUITests.framework */ = {isa = PBXFileReference; explicitFileType = wrapper.framework; includeInIndex = 0; path = Pods_SsomUITests.framework; sourceTree = BUILT_PRODUCTS_DIR; };
		BCD498A6BF100A0C13AAAEAD /* Pods_SsomTests.framework */ = {isa = PBXFileReference; explicitFileType = wrapper.framework; includeInIndex = 0; path = Pods_SsomTests.framework; sourceTree = BUILT_PRODUCTS_DIR; };
		D23054E5C0B43CA6939A6F01 /* Pods_Ssom.framework */ = {isa = PBXFileReference; explicitFileType = wrapper.framework; includeInIndex = 0; path = Pods_Ssom.framework; sourceTree = BUILT_PRODUCTS_DIR; };
		DB8D63EF44684737B7FDD792 /* Pods-SsomUITests.debug.xcconfig */ = {isa = PBXFileReference; includeInIndex = 1; lastKnownFileType = text.xcconfig; name = "Pods-SsomUITests.debug.xcconfig"; path = "Pods/Target Support Files/Pods-SsomUITests/Pods-SsomUITests.debug.xcconfig"; sourceTree = "<group>"; };
		FD4D8E1A551570798BFECFB8 /* Pods-Ssom.release.xcconfig */ = {isa = PBXFileReference; includeInIndex = 1; lastKnownFileType = text.xcconfig; name = "Pods-Ssom.release.xcconfig"; path = "Pods/Target Support Files/Pods-Ssom/Pods-Ssom.release.xcconfig"; sourceTree = "<group>"; };
/* End PBXFileReference section */

/* Begin PBXFrameworksBuildPhase section */
		97343E211BE65AB300A9D39D /* Frameworks */ = {
			isa = PBXFrameworksBuildPhase;
			buildActionMask = 2147483647;
			files = (
				9703C6281DB205C400469BEE /* StoreKit.framework in Frameworks */,
				97343E671BE65DDD00A9D39D /* libsqlite3.tbd in Frameworks */,
				97343E651BE65DD100A9D39D /* libxml2.tbd in Frameworks */,
				97343E631BE65DC800A9D39D /* libstdc++.6.tbd in Frameworks */,
				97343E611BE65DB900A9D39D /* QuartzCore.framework in Frameworks */,
				97343E5F1BE65DAF00A9D39D /* CoreLocation.framework in Frameworks */,
				97343E5D1BE65DA500A9D39D /* SystemConfiguration.framework in Frameworks */,
				97343E5B1BE65D8C00A9D39D /* OpenGLES.framework in Frameworks */,
				5BD8ADE7AD8C44F99C1F2136 /* Pods_Ssom.framework in Frameworks */,
			);
			runOnlyForDeploymentPostprocessing = 0;
		};
		97343E351BE65AB300A9D39D /* Frameworks */ = {
			isa = PBXFrameworksBuildPhase;
			buildActionMask = 2147483647;
			files = (
				BD6B77F5410EB4B139461F16 /* Pods_SsomTests.framework in Frameworks */,
			);
			runOnlyForDeploymentPostprocessing = 0;
		};
		97343E401BE65AB300A9D39D /* Frameworks */ = {
			isa = PBXFrameworksBuildPhase;
			buildActionMask = 2147483647;
			files = (
				59689FF47FE2D25F01147592 /* Pods_SsomUITests.framework in Frameworks */,
			);
			runOnlyForDeploymentPostprocessing = 0;
		};
/* End PBXFrameworksBuildPhase section */

/* Begin PBXGroup section */
		5684D2276DFBC16F1DAB7A52 /* Pods */ = {
			isa = PBXGroup;
			children = (
				17B5A0F7539C097E36A6A996 /* Pods-Ssom.debug.xcconfig */,
				FD4D8E1A551570798BFECFB8 /* Pods-Ssom.release.xcconfig */,
				59A89FB784ADD1A0FC7ECA40 /* Pods-SsomTests.debug.xcconfig */,
				90F446BB7B078EDE71DA3C2B /* Pods-SsomTests.release.xcconfig */,
				DB8D63EF44684737B7FDD792 /* Pods-SsomUITests.debug.xcconfig */,
				8CDE69CC28D9C3FF9CE4C101 /* Pods-SsomUITests.release.xcconfig */,
			);
			name = Pods;
			sourceTree = "<group>";
		};
		973003391BF84EA600734D8D /* Network */ = {
			isa = PBXGroup;
			children = (
				9730033A1BF84F1500734D8D /* SSNetworkContext.swift */,
				9730033C1BF84F9900734D8D /* SSNetworkAPIClient.swift */,
				9730033E1BF84FAE00734D8D /* SSNetworkErrorHandler.swift */,
				9730C9D01D5229BB0042B9FD /* SSError.plist */,
			);
			name = Network;
			sourceTree = "<group>";
		};
		9730034E1C10947100734D8D /* Resource */ = {
			isa = PBXGroup;
			children = (
			);
			name = Resource;
			sourceTree = "<group>";
		};
		97343E1B1BE65AB300A9D39D = {
			isa = PBXGroup;
			children = (
				97D5A3CC1BEBB24600F3DDFB /* Common */,
				973003391BF84EA600734D8D /* Network */,
				97A6BFF21CCA812500DA06D2 /* Account */,
				97343E261BE65AB300A9D39D /* Ssom UI */,
				97343E551BE65CD000A9D39D /* 3rd Party */,
				977DBA6B1D23A22B00CFD98F /* Support Files */,
				97343E681BE65E2800A9D39D /* Frameworks */,
				97343E3B1BE65AB300A9D39D /* SsomTests */,
				97343E461BE65AB300A9D39D /* SsomUITests */,
				97343E251BE65AB300A9D39D /* Products */,
				5684D2276DFBC16F1DAB7A52 /* Pods */,
			);
			sourceTree = "<group>";
		};
		97343E251BE65AB300A9D39D /* Products */ = {
			isa = PBXGroup;
			children = (
				97343E241BE65AB300A9D39D /* Ssom.app */,
				97343E381BE65AB300A9D39D /* SsomTests.xctest */,
				97343E431BE65AB300A9D39D /* SsomUITests.xctest */,
			);
			name = Products;
			sourceTree = "<group>";
		};
		97343E261BE65AB300A9D39D /* Ssom UI */ = {
			isa = PBXGroup;
			children = (
				9787ACE01CFD3776001CF18C /* Menu */,
				97A6BFF91CCA869600DA06D2 /* Chat */,
				974C9B2C1C5C43F200E17A2B /* SignIn */,
				9764D9DA1D35FF5300BBE4C6 /* ViewModel */,
				9730034E1C10947100734D8D /* Resource */,
				97343E2E1BE65AB300A9D39D /* Assets.xcassets */,
				97DE88941C4561FE0043B8E2 /* MyPlayground.playground */,
				97343E271BE65AB300A9D39D /* AppDelegate.swift */,
				97343E2B1BE65AB300A9D39D /* Main.storyboard */,
				9766D9D61E1B981A0033CF0C /* SSTabBarController.swift */,
				977DBA711D2A5C2900CFD98F /* SSMasterViewController.swift */,
				97343E291BE65AB300A9D39D /* MapViewController.swift */,
				97D5A3CA1BEBB23500F3DDFB /* ListViewController.swift */,
				974291041BF25F7000609974 /* SSListTableViewCell.xib */,
				9742910C1BF25FC600609974 /* SSListTableViewCell.swift */,
				973003441BFCE06400734D8D /* SSPhotoView.xib */,
				973003421BFCDF0500734D8D /* SSPhotoView.swift */,
				973003481C0B4F4D00734D8D /* SSWriteViewController.swift */,
				977DBA731D2B82A400CFD98F /* SSScrollView.swift */,
				974C9DBD1C6B5B8B00E17A2B /* SSDetailView.xib */,
				974C9DB91C6B5A5800E17A2B /* SSDetailView.swift */,
				9730034C1C1091E700734D8D /* SSFilterView.xib */,
				9730034A1C0F38EB00734D8D /* SSFilterView.swift */,
				9701C49F1C512D3900E1D3DB /* SSNavigationBarItems.xib */,
				97830FF01C524957008BD6DC /* SSNavigationBarItems.swift */,
			);
			name = "Ssom UI";
			path = Ssom;
			sourceTree = "<group>";
		};
		97343E3B1BE65AB300A9D39D /* SsomTests */ = {
			isa = PBXGroup;
			children = (
				97343E3C1BE65AB300A9D39D /* SsomTests.swift */,
				97343E3E1BE65AB300A9D39D /* Info.plist */,
			);
			path = SsomTests;
			sourceTree = "<group>";
		};
		97343E461BE65AB300A9D39D /* SsomUITests */ = {
			isa = PBXGroup;
			children = (
				97343E471BE65AB300A9D39D /* SsomUITests.swift */,
				97343E491BE65AB300A9D39D /* Info.plist */,
			);
			path = SsomUITests;
			sourceTree = "<group>";
		};
		97343E551BE65CD000A9D39D /* 3rd Party */ = {
			isa = PBXGroup;
			children = (
				97D5A3D31BEF373800F3DDFB /* extension */,
			);
			name = "3rd Party";
			sourceTree = "<group>";
		};
		97343E681BE65E2800A9D39D /* Frameworks */ = {
			isa = PBXGroup;
			children = (
				9703C6271DB205C400469BEE /* StoreKit.framework */,
				97343E661BE65DDD00A9D39D /* libsqlite3.tbd */,
				97343E641BE65DD100A9D39D /* libxml2.tbd */,
				97343E621BE65DC800A9D39D /* libstdc++.6.tbd */,
				97343E601BE65DB900A9D39D /* QuartzCore.framework */,
				97343E5E1BE65DAF00A9D39D /* CoreLocation.framework */,
				97343E5C1BE65DA500A9D39D /* SystemConfiguration.framework */,
				97343E5A1BE65D8C00A9D39D /* OpenGLES.framework */,
				D23054E5C0B43CA6939A6F01 /* Pods_Ssom.framework */,
				BCD498A6BF100A0C13AAAEAD /* Pods_SsomTests.framework */,
				A530854B527325AE2DBAC0BA /* Pods_SsomUITests.framework */,
			);
			name = Frameworks;
			sourceTree = "<group>";
		};
		974C9B2C1C5C43F200E17A2B /* SignIn */ = {
			isa = PBXGroup;
			children = (
				974C9DBB1C6B5B7E00E17A2B /* SSSign.storyboard */,
				9773F95A1CB14E20008E79FE /* SSSignUpViewController.swift */,
				974C9B2D1C5C444C00E17A2B /* SSSignInViewController.swift */,
			);
			name = SignIn;
			sourceTree = "<group>";
		};
		9764D9DA1D35FF5300BBE4C6 /* ViewModel */ = {
			isa = PBXGroup;
			children = (
				9764D9DB1D35FF6400BBE4C6 /* SSFilterViewModel.swift */,
				9764D9DC1D35FF6400BBE4C6 /* SSMainViewModel.swift */,
				9764D9DD1D35FF6400BBE4C6 /* SSViewModel.swift */,
				9764D9DE1D35FF6400BBE4C6 /* SSWriteViewModel.swift */,
				976031BC1D4D0AFD004B7392 /* SSUserModel.swift */,
				97B2D1721D4A219A00B5EBD2 /* SSChatroomViewModel.swift */,
				97B2D1741D4A21AC00B5EBD2 /* SSChatViewModel.swift */,
				978410B71D7ABAF800C71C63 /* SSChatMapViewModel.swift */,
				978410B91D7AC41900C71C63 /* SSModelToObjectConverter.swift */,
			);
			name = ViewModel;
			sourceTree = "<group>";
		};
		977DBA6B1D23A22B00CFD98F /* Support Files */ = {
			isa = PBXGroup;
			children = (
				97343E331BE65AB300A9D39D /* Info.plist */,
				9717EB151D8E6F8400B47718 /* Ssom.entitlements */,
				9703C6291DB2064600469BEE /* Ssom_development.entitlements */,
				978AFDD41DBBDB8C00F965EE /* GoogleService-Info.plist */,
				977DBA6C1D23A26A00CFD98F /* ServiceAccount.json */,
				972C87061DB351BB00E890B3 /* SsomFirebaseRemoteConfigDefaults.plist */,
			);
			name = "Support Files";
			sourceTree = "<group>";
		};
		9787ACE01CFD3776001CF18C /* Menu */ = {
			isa = PBXGroup;
			children = (
				9787ACED1D0452EE001CF18C /* SSDrawerViewController.swift */,
				9741C9C51D1565EA00DD090F /* SSDrawerStyler.swift */,
				9787ACEB1D042926001CF18C /* Menu.xcassets */,
				9787ACE11CFD37AC001CF18C /* Menu.storyboard */,
				9787ACE31CFDF26F001CF18C /* SSMenuViewController.swift */,
				9787ACE51CFDF2C8001CF18C /* SSMenuHeadView.xib */,
				9787ACE71CFE7B0B001CF18C /* SSMenuHeadView.swift */,
				9764D9E31D36017B00BBE4C6 /* SSMenuTableViewCell.xib */,
				9787ACE91CFE7B28001CF18C /* SSMenuTableViewCell.swift */,
				97E21D441D69D619004E3EBC /* SSMenuBottomView.xib */,
				97E21D461D69D6A8004E3EBC /* SSMenuBottomView.swift */,
				9725A3C41D9ADA4800AB7116 /* SSTodayPhotoViewController.swift */,
				9703C6231DABC0EA00469BEE /* SSHeartViewController.swift */,
				9703C6251DB12B6600469BEE /* SSHeartTableViewCell.swift */,
			);
			name = Menu;
			sourceTree = "<group>";
		};
		97A6BFF21CCA812500DA06D2 /* Account */ = {
			isa = PBXGroup;
			children = (
				97A6BFF31CCA81A500DA06D2 /* SSAccountManager.swift */,
			);
			name = Account;
			sourceTree = "<group>";
		};
		97A6BFF91CCA869600DA06D2 /* Chat */ = {
			isa = PBXGroup;
			children = (
				978DDB761CCBDD8700567169 /* SSChat.xcassets */,
				978DDB741CCBD57700567169 /* SSChatStoryboard.storyboard */,
				97A6BFF51CCA866C00DA06D2 /* SSChatListViewController.swift */,
				97B2D1701D48A51B00B5EBD2 /* SSChatListTableCell.xib */,
				97B2D1761D4B48AC00B5EBD2 /* SSChatListTableCell.swift */,
				97A6BFF71CCA868C00DA06D2 /* SSChatViewController.swift */,
				97B2D16C1D48A3F500B5EBD2 /* SSChatStartingTableCell.xib */,
				97B2D1781D4B535A00B5EBD2 /* SSChatStartingTableCell.swift */,
				97B2D16E1D48A4D600B5EBD2 /* SSChatMessageTableCell.xib */,
				976031BE1D4E3BBA004B7392 /* SSChatMessageTableCell.swift */,
				978DDB781CCBE13200567169 /* SSChatCoachmarkView.xib */,
				978DDB7A1CCBE68B00567169 /* SSChatCoachmarkView.swift */,
				9799746B1D63022A00F511D7 /* SSChatCoachmarkLineView.swift */,
				97B2D1681D489F1A00B5EBD2 /* SSChatCompletionView.xib */,
				978410B51D7AB44F00C71C63 /* SSChatMapViewController.swift */,
			);
			name = Chat;
			sourceTree = "<group>";
		};
		97D5A3CC1BEBB24600F3DDFB /* Common */ = {
			isa = PBXGroup;
			children = (
				979A4A011BF4525A00FAFB21 /* ObjcBridge.h */,
				979A4A001BF4525A00FAFB21 /* Define.swift */,
				979A4A021BF4525A00FAFB21 /* Util.swift */,
				97830FF21C57DAD9008BD6DC /* SSAlertController.swift */,
				97B2D1661D488FA700B5EBD2 /* SSIndicatorView.swift */,
				97803B911D50B8440042B86A /* SSDetailViewController.swift */,
			);
			name = Common;
			sourceTree = "<group>";
		};
		97D5A3D31BEF373800F3DDFB /* extension */ = {
			isa = PBXGroup;
			children = (
				979A4A051BF4527400FAFB21 /* UIDevice+Util.swift */,
				97C5266C1C9F090400484F03 /* UIImage+Crop.swift */,
				97C5266E1C9F091200484F03 /* String+Util.swift */,
				977DBA651D20BDCD00CFD98F /* CGSize+Float.swift */,
				976031BA1D4CBFB3004B7392 /* UIView+Nib.swift */,
				97DEBDB81D98430800DB51A3 /* UIViewController+Util.swift */,
				979D76161DA11F700055B3EE /* SSCustomScrollView.swift */,
				979DD8C31DEC309000D273E5 /* Extensions.swift */,
			);
			name = extension;
			sourceTree = "<group>";
		};
/* End PBXGroup section */

/* Begin PBXNativeTarget section */
		97343E231BE65AB300A9D39D /* Ssom */ = {
			isa = PBXNativeTarget;
			buildConfigurationList = 97343E4C1BE65AB300A9D39D /* Build configuration list for PBXNativeTarget "Ssom" */;
			buildPhases = (
				1BC46915E707D77B5252CF08 /* [CP] Check Pods Manifest.lock */,
				97343E201BE65AB300A9D39D /* Sources */,
				97343E211BE65AB300A9D39D /* Frameworks */,
				97343E221BE65AB300A9D39D /* Resources */,
				97D5A3F21BF23E5500F3DDFB /* Embed Frameworks */,
				97F2FBC91C705202003CE93C /* ShellScript */,
				977DBA6E1D23A2A900CFD98F /* ShellScript */,
				5BA7F3A24E27AB3382D2A663 /* [CP] Embed Pods Frameworks */,
				9DDD3F6F3A21C26D42D37463 /* [CP] Copy Pods Resources */,
			);
			buildRules = (
			);
			dependencies = (
			);
			name = Ssom;
			productName = Ssom;
			productReference = 97343E241BE65AB300A9D39D /* Ssom.app */;
			productType = "com.apple.product-type.application";
		};
		97343E371BE65AB300A9D39D /* SsomTests */ = {
			isa = PBXNativeTarget;
			buildConfigurationList = 97343E4F1BE65AB300A9D39D /* Build configuration list for PBXNativeTarget "SsomTests" */;
			buildPhases = (
				B61B203170BA291F39493D29 /* [CP] Check Pods Manifest.lock */,
				97343E341BE65AB300A9D39D /* Sources */,
				97343E351BE65AB300A9D39D /* Frameworks */,
				97343E361BE65AB300A9D39D /* Resources */,
				48A841453F40386A94CFEBAD /* [CP] Embed Pods Frameworks */,
				BD62FD0FE188E7C799FE0354 /* [CP] Copy Pods Resources */,
			);
			buildRules = (
			);
			dependencies = (
				97343E3A1BE65AB300A9D39D /* PBXTargetDependency */,
			);
			name = SsomTests;
			productName = SsomTests;
			productReference = 97343E381BE65AB300A9D39D /* SsomTests.xctest */;
			productType = "com.apple.product-type.bundle.unit-test";
		};
		97343E421BE65AB300A9D39D /* SsomUITests */ = {
			isa = PBXNativeTarget;
			buildConfigurationList = 97343E521BE65AB300A9D39D /* Build configuration list for PBXNativeTarget "SsomUITests" */;
			buildPhases = (
				D071140FE898179AFDDD675C /* [CP] Check Pods Manifest.lock */,
				97343E3F1BE65AB300A9D39D /* Sources */,
				97343E401BE65AB300A9D39D /* Frameworks */,
				97343E411BE65AB300A9D39D /* Resources */,
				435F803D4A5394C876199BBC /* [CP] Copy Pods Resources */,
				50F6A6673DC9793C5F2D18E8 /* [CP] Embed Pods Frameworks */,
			);
			buildRules = (
			);
			dependencies = (
				97343E451BE65AB300A9D39D /* PBXTargetDependency */,
			);
			name = SsomUITests;
			productName = SsomUITests;
			productReference = 97343E431BE65AB300A9D39D /* SsomUITests.xctest */;
			productType = "com.apple.product-type.bundle.ui-testing";
		};
/* End PBXNativeTarget section */

/* Begin PBXProject section */
		97343E1C1BE65AB300A9D39D /* Project object */ = {
			isa = PBXProject;
			attributes = {
				LastSwiftUpdateCheck = 0710;
				LastUpgradeCheck = 0910;
				ORGANIZATIONNAME = SsomCompany;
				TargetAttributes = {
					97343E231BE65AB300A9D39D = {
						CreatedOnToolsVersion = 7.1;
						DevelopmentTeam = 3V2J2EZE5D;
						LastSwiftMigration = 0810;
						SystemCapabilities = {
							com.apple.BackgroundModes = {
								enabled = 1;
							};
							com.apple.InAppPurchase = {
								enabled = 1;
							};
							com.apple.Push = {
								enabled = 1;
							};
						};
					};
					97343E371BE65AB300A9D39D = {
						CreatedOnToolsVersion = 7.1;
						LastSwiftMigration = 0810;
						TestTargetID = 97343E231BE65AB300A9D39D;
					};
					97343E421BE65AB300A9D39D = {
						CreatedOnToolsVersion = 7.1;
						LastSwiftMigration = 0810;
						TestTargetID = 97343E231BE65AB300A9D39D;
					};
				};
			};
			buildConfigurationList = 97343E1F1BE65AB300A9D39D /* Build configuration list for PBXProject "Ssom" */;
			compatibilityVersion = "Xcode 3.2";
			developmentRegion = English;
			hasScannedForEncodings = 0;
			knownRegions = (
				en,
				Base,
			);
			mainGroup = 97343E1B1BE65AB300A9D39D;
			productRefGroup = 97343E251BE65AB300A9D39D /* Products */;
			projectDirPath = "";
			projectRoot = "";
			targets = (
				97343E231BE65AB300A9D39D /* Ssom */,
				97343E371BE65AB300A9D39D /* SsomTests */,
				97343E421BE65AB300A9D39D /* SsomUITests */,
			);
		};
/* End PBXProject section */

/* Begin PBXResourcesBuildPhase section */
		97343E221BE65AB300A9D39D /* Resources */ = {
			isa = PBXResourcesBuildPhase;
			buildActionMask = 2147483647;
			files = (
				9730034D1C1091E700734D8D /* SSFilterView.xib in Resources */,
				978DDB791CCBE13200567169 /* SSChatCoachmarkView.xib in Resources */,
				9730C9D11D5229BB0042B9FD /* SSError.plist in Resources */,
				977DBA6D1D23A26A00CFD98F /* ServiceAccount.json in Resources */,
				9701C4A01C512D3900E1D3DB /* SSNavigationBarItems.xib in Resources */,
				974C9DBE1C6B5B8B00E17A2B /* SSDetailView.xib in Resources */,
				9787ACEC1D042926001CF18C /* Menu.xcassets in Resources */,
				97E21D451D69D619004E3EBC /* SSMenuBottomView.xib in Resources */,
				9787ACE61CFDF2C8001CF18C /* SSMenuHeadView.xib in Resources */,
				97B2D1711D48A51B00B5EBD2 /* SSChatListTableCell.xib in Resources */,
				973003451BFCE06400734D8D /* SSPhotoView.xib in Resources */,
				978DDB771CCBDD8700567169 /* SSChat.xcassets in Resources */,
				978AFDD51DBBDB8C00F965EE /* GoogleService-Info.plist in Resources */,
				9764D9E41D36017B00BBE4C6 /* SSMenuTableViewCell.xib in Resources */,
				978DDB751CCBD57700567169 /* SSChatStoryboard.storyboard in Resources */,
				97343E2F1BE65AB300A9D39D /* Assets.xcassets in Resources */,
				97343E2D1BE65AB300A9D39D /* Main.storyboard in Resources */,
				97B2D16D1D48A3F500B5EBD2 /* SSChatStartingTableCell.xib in Resources */,
				9787ACE21CFD37AC001CF18C /* Menu.storyboard in Resources */,
				972C87071DB351BB00E890B3 /* SsomFirebaseRemoteConfigDefaults.plist in Resources */,
				974291051BF25F7000609974 /* SSListTableViewCell.xib in Resources */,
				97B2D1691D489F1A00B5EBD2 /* SSChatCompletionView.xib in Resources */,
				97B2D16F1D48A4D600B5EBD2 /* SSChatMessageTableCell.xib in Resources */,
				974C9DBC1C6B5B7E00E17A2B /* SSSign.storyboard in Resources */,
			);
			runOnlyForDeploymentPostprocessing = 0;
		};
		97343E361BE65AB300A9D39D /* Resources */ = {
			isa = PBXResourcesBuildPhase;
			buildActionMask = 2147483647;
			files = (
			);
			runOnlyForDeploymentPostprocessing = 0;
		};
		97343E411BE65AB300A9D39D /* Resources */ = {
			isa = PBXResourcesBuildPhase;
			buildActionMask = 2147483647;
			files = (
			);
			runOnlyForDeploymentPostprocessing = 0;
		};
/* End PBXResourcesBuildPhase section */

/* Begin PBXShellScriptBuildPhase section */
		1BC46915E707D77B5252CF08 /* [CP] Check Pods Manifest.lock */ = {
			isa = PBXShellScriptBuildPhase;
			buildActionMask = 2147483647;
			files = (
			);
			inputPaths = (
				"${PODS_PODFILE_DIR_PATH}/Podfile.lock",
				"${PODS_ROOT}/Manifest.lock",
			);
			name = "[CP] Check Pods Manifest.lock";
			outputPaths = (
				"$(DERIVED_FILE_DIR)/Pods-Ssom-checkManifestLockResult.txt",
			);
			runOnlyForDeploymentPostprocessing = 0;
			shellPath = /bin/sh;
			shellScript = "diff \"${PODS_PODFILE_DIR_PATH}/Podfile.lock\" \"${PODS_ROOT}/Manifest.lock\" > /dev/null\nif [ $? != 0 ] ; then\n    # print error to STDERR\n    echo \"error: The sandbox is not in sync with the Podfile.lock. Run 'pod install' or update your CocoaPods installation.\" >&2\n    exit 1\nfi\n# This output is used by Xcode 'outputs' to avoid re-running this script phase.\necho \"SUCCESS\" > \"${SCRIPT_OUTPUT_FILE_0}\"\n";
			showEnvVarsInLog = 0;
		};
		435F803D4A5394C876199BBC /* [CP] Copy Pods Resources */ = {
			isa = PBXShellScriptBuildPhase;
			buildActionMask = 2147483647;
			files = (
			);
			inputPaths = (
			);
			name = "[CP] Copy Pods Resources";
			outputPaths = (
			);
			runOnlyForDeploymentPostprocessing = 0;
			shellPath = /bin/sh;
			shellScript = "\"${SRCROOT}/Pods/Target Support Files/Pods-SsomUITests/Pods-SsomUITests-resources.sh\"\n";
			showEnvVarsInLog = 0;
		};
		48A841453F40386A94CFEBAD /* [CP] Embed Pods Frameworks */ = {
			isa = PBXShellScriptBuildPhase;
			buildActionMask = 2147483647;
			files = (
			);
			inputPaths = (
			);
			name = "[CP] Embed Pods Frameworks";
			outputPaths = (
			);
			runOnlyForDeploymentPostprocessing = 0;
			shellPath = /bin/sh;
			shellScript = "\"${SRCROOT}/Pods/Target Support Files/Pods-SsomTests/Pods-SsomTests-frameworks.sh\"\n";
			showEnvVarsInLog = 0;
		};
		50F6A6673DC9793C5F2D18E8 /* [CP] Embed Pods Frameworks */ = {
			isa = PBXShellScriptBuildPhase;
			buildActionMask = 2147483647;
			files = (
			);
			inputPaths = (
			);
			name = "[CP] Embed Pods Frameworks";
			outputPaths = (
			);
			runOnlyForDeploymentPostprocessing = 0;
			shellPath = /bin/sh;
			shellScript = "\"${SRCROOT}/Pods/Target Support Files/Pods-SsomUITests/Pods-SsomUITests-frameworks.sh\"\n";
			showEnvVarsInLog = 0;
		};
		5BA7F3A24E27AB3382D2A663 /* [CP] Embed Pods Frameworks */ = {
			isa = PBXShellScriptBuildPhase;
			buildActionMask = 2147483647;
			files = (
			);
			inputPaths = (
				"${SRCROOT}/Pods/Target Support Files/Pods-Ssom/Pods-Ssom-frameworks.sh",
				"${BUILT_PRODUCTS_DIR}/Alamofire/Alamofire.framework",
				"${BUILT_PRODUCTS_DIR}/BRYXBanner/BRYXBanner.framework",
				"${BUILT_PRODUCTS_DIR}/Bolts/Bolts.framework",
				"${BUILT_PRODUCTS_DIR}/FBSDKCoreKit/FBSDKCoreKit.framework",
				"${BUILT_PRODUCTS_DIR}/FBSDKLoginKit/FBSDKLoginKit.framework",
				"${BUILT_PRODUCTS_DIR}/FBSDKShareKit/FBSDKShareKit.framework",
				"${BUILT_PRODUCTS_DIR}/GTMSessionFetcher/GTMSessionFetcher.framework",
				"${BUILT_PRODUCTS_DIR}/GoogleToolboxForMac/GoogleToolboxForMac.framework",
				"${BUILT_PRODUCTS_DIR}/KeychainAccess/KeychainAccess.framework",
				"${BUILT_PRODUCTS_DIR}/Protobuf/Protobuf.framework",
				"${PODS_ROOT}/Reveal-SDK/RevealServer-11/iOS/RevealServer.framework",
				"${BUILT_PRODUCTS_DIR}/SDWebImage/SDWebImage.framework",
				"${BUILT_PRODUCTS_DIR}/Toast-Swift/Toast_Swift.framework",
				"${BUILT_PRODUCTS_DIR}/UICountingLabel/UICountingLabel.framework",
				"${BUILT_PRODUCTS_DIR}/nanopb/nanopb.framework",
			);
			name = "[CP] Embed Pods Frameworks";
			outputPaths = (
				"${TARGET_BUILD_DIR}/${FRAMEWORKS_FOLDER_PATH}/Alamofire.framework",
				"${TARGET_BUILD_DIR}/${FRAMEWORKS_FOLDER_PATH}/BRYXBanner.framework",
				"${TARGET_BUILD_DIR}/${FRAMEWORKS_FOLDER_PATH}/Bolts.framework",
				"${TARGET_BUILD_DIR}/${FRAMEWORKS_FOLDER_PATH}/FBSDKCoreKit.framework",
				"${TARGET_BUILD_DIR}/${FRAMEWORKS_FOLDER_PATH}/FBSDKLoginKit.framework",
				"${TARGET_BUILD_DIR}/${FRAMEWORKS_FOLDER_PATH}/FBSDKShareKit.framework",
				"${TARGET_BUILD_DIR}/${FRAMEWORKS_FOLDER_PATH}/GTMSessionFetcher.framework",
				"${TARGET_BUILD_DIR}/${FRAMEWORKS_FOLDER_PATH}/GoogleToolboxForMac.framework",
				"${TARGET_BUILD_DIR}/${FRAMEWORKS_FOLDER_PATH}/KeychainAccess.framework",
				"${TARGET_BUILD_DIR}/${FRAMEWORKS_FOLDER_PATH}/Protobuf.framework",
				"${TARGET_BUILD_DIR}/${FRAMEWORKS_FOLDER_PATH}/RevealServer.framework",
				"${TARGET_BUILD_DIR}/${FRAMEWORKS_FOLDER_PATH}/SDWebImage.framework",
				"${TARGET_BUILD_DIR}/${FRAMEWORKS_FOLDER_PATH}/Toast_Swift.framework",
				"${TARGET_BUILD_DIR}/${FRAMEWORKS_FOLDER_PATH}/UICountingLabel.framework",
				"${TARGET_BUILD_DIR}/${FRAMEWORKS_FOLDER_PATH}/nanopb.framework",
			);
			runOnlyForDeploymentPostprocessing = 0;
			shellPath = /bin/sh;
			shellScript = "\"${SRCROOT}/Pods/Target Support Files/Pods-Ssom/Pods-Ssom-frameworks.sh\"\n";
			showEnvVarsInLog = 0;
		};
		977DBA6E1D23A2A900CFD98F /* ShellScript */ = {
			isa = PBXShellScriptBuildPhase;
			buildActionMask = 8;
			files = (
			);
			inputPaths = (
			);
			outputPaths = (
			);
			runOnlyForDeploymentPostprocessing = 1;
			shellPath = /bin/sh;
			shellScript = "# Replace this path with the path to the key you just downloaded\nJSON_FILE=$HOME/ssomiOS/Ssom/ServiceAccount.json\n\n# Replace this with the GOOGLE_APP_ID from your GoogleService-Info.plist file\nGOOGLE_APP_ID=1:637685103442:ios:7770db6eafd745c5\n\ndefaults write com.google.SymbolUpload version -integer 1   # creates file if it does not exist\nJSON=$(cat \"${JSON_FILE}\")\n/usr/bin/plutil -replace \"app_${GOOGLE_APP_ID//:/_}\" -json \"${JSON}\" \"$HOME/Library/Preferences/com.google.SymbolUpload.plist\"\n\"${PODS_ROOT}\"/FirebaseCrash/upload-sym $HOME/ssomiOS/Ssom/ServiceAccount.json";
		};
		97F2FBC91C705202003CE93C /* ShellScript */ = {
			isa = PBXShellScriptBuildPhase;
			buildActionMask = 2147483647;
			files = (
			);
			inputPaths = (
			);
			outputPaths = (
			);
			runOnlyForDeploymentPostprocessing = 0;
			shellPath = /bin/sh;
			shellScript = "\"${PODS_ROOT}/Fabric/run\" 46aaa188a2d4300b0c9713c01b4d9f907cb78d59 c8ff05f35b5a2ef1d6df1cdd4f0a6642402335b1adea67372893f9c341e48bed";
		};
		9DDD3F6F3A21C26D42D37463 /* [CP] Copy Pods Resources */ = {
			isa = PBXShellScriptBuildPhase;
			buildActionMask = 2147483647;
			files = (
			);
			inputPaths = (
				"${SRCROOT}/Pods/Target Support Files/Pods-Ssom/Pods-Ssom-resources.sh",
				"${PODS_ROOT}/GoogleMaps/Maps/Frameworks/GoogleMaps.framework/Resources/GoogleMaps.bundle",
			);
			name = "[CP] Copy Pods Resources";
			outputPaths = (
				"${TARGET_BUILD_DIR}/${UNLOCALIZED_RESOURCES_FOLDER_PATH}",
			);
			runOnlyForDeploymentPostprocessing = 0;
			shellPath = /bin/sh;
			shellScript = "\"${SRCROOT}/Pods/Target Support Files/Pods-Ssom/Pods-Ssom-resources.sh\"\n";
			showEnvVarsInLog = 0;
		};
		B61B203170BA291F39493D29 /* [CP] Check Pods Manifest.lock */ = {
			isa = PBXShellScriptBuildPhase;
			buildActionMask = 2147483647;
			files = (
			);
			inputPaths = (
				"${PODS_PODFILE_DIR_PATH}/Podfile.lock",
				"${PODS_ROOT}/Manifest.lock",
			);
			name = "[CP] Check Pods Manifest.lock";
			outputPaths = (
				"$(DERIVED_FILE_DIR)/Pods-SsomTests-checkManifestLockResult.txt",
			);
			runOnlyForDeploymentPostprocessing = 0;
			shellPath = /bin/sh;
			shellScript = "diff \"${PODS_PODFILE_DIR_PATH}/Podfile.lock\" \"${PODS_ROOT}/Manifest.lock\" > /dev/null\nif [ $? != 0 ] ; then\n    # print error to STDERR\n    echo \"error: The sandbox is not in sync with the Podfile.lock. Run 'pod install' or update your CocoaPods installation.\" >&2\n    exit 1\nfi\n# This output is used by Xcode 'outputs' to avoid re-running this script phase.\necho \"SUCCESS\" > \"${SCRIPT_OUTPUT_FILE_0}\"\n";
			showEnvVarsInLog = 0;
		};
		BD62FD0FE188E7C799FE0354 /* [CP] Copy Pods Resources */ = {
			isa = PBXShellScriptBuildPhase;
			buildActionMask = 2147483647;
			files = (
			);
			inputPaths = (
			);
			name = "[CP] Copy Pods Resources";
			outputPaths = (
			);
			runOnlyForDeploymentPostprocessing = 0;
			shellPath = /bin/sh;
			shellScript = "\"${SRCROOT}/Pods/Target Support Files/Pods-SsomTests/Pods-SsomTests-resources.sh\"\n";
			showEnvVarsInLog = 0;
		};
		D071140FE898179AFDDD675C /* [CP] Check Pods Manifest.lock */ = {
			isa = PBXShellScriptBuildPhase;
			buildActionMask = 2147483647;
			files = (
			);
			inputPaths = (
				"${PODS_PODFILE_DIR_PATH}/Podfile.lock",
				"${PODS_ROOT}/Manifest.lock",
			);
			name = "[CP] Check Pods Manifest.lock";
			outputPaths = (
				"$(DERIVED_FILE_DIR)/Pods-SsomUITests-checkManifestLockResult.txt",
			);
			runOnlyForDeploymentPostprocessing = 0;
			shellPath = /bin/sh;
			shellScript = "diff \"${PODS_PODFILE_DIR_PATH}/Podfile.lock\" \"${PODS_ROOT}/Manifest.lock\" > /dev/null\nif [ $? != 0 ] ; then\n    # print error to STDERR\n    echo \"error: The sandbox is not in sync with the Podfile.lock. Run 'pod install' or update your CocoaPods installation.\" >&2\n    exit 1\nfi\n# This output is used by Xcode 'outputs' to avoid re-running this script phase.\necho \"SUCCESS\" > \"${SCRIPT_OUTPUT_FILE_0}\"\n";
			showEnvVarsInLog = 0;
		};
/* End PBXShellScriptBuildPhase section */

/* Begin PBXSourcesBuildPhase section */
		97343E201BE65AB300A9D39D /* Sources */ = {
			isa = PBXSourcesBuildPhase;
			buildActionMask = 2147483647;
			files = (
				9764D9DF1D35FF6400BBE4C6 /* SSFilterViewModel.swift in Sources */,
				97830FF31C57DAD9008BD6DC /* SSAlertController.swift in Sources */,
				97B2D1751D4A21AC00B5EBD2 /* SSChatViewModel.swift in Sources */,
				977DBA661D20BDCD00CFD98F /* CGSize+Float.swift in Sources */,
				97E21D471D69D6A8004E3EBC /* SSMenuBottomView.swift in Sources */,
				979D76171DA11F700055B3EE /* SSCustomScrollView.swift in Sources */,
				9766D9D71E1B981A0033CF0C /* SSTabBarController.swift in Sources */,
				978410B81D7ABAF800C71C63 /* SSChatMapViewModel.swift in Sources */,
				97B2D1671D488FA700B5EBD2 /* SSIndicatorView.swift in Sources */,
				9787ACEE1D0452EE001CF18C /* SSDrawerViewController.swift in Sources */,
				976031BF1D4E3BBA004B7392 /* SSChatMessageTableCell.swift in Sources */,
				9730033B1BF84F1500734D8D /* SSNetworkContext.swift in Sources */,
				9787ACE41CFDF26F001CF18C /* SSMenuViewController.swift in Sources */,
				9742910D1BF25FC600609974 /* SSListTableViewCell.swift in Sources */,
				9730033D1BF84F9900734D8D /* SSNetworkAPIClient.swift in Sources */,
				97B2D1731D4A219A00B5EBD2 /* SSChatroomViewModel.swift in Sources */,
				978DDB7B1CCBE68B00567169 /* SSChatCoachmarkView.swift in Sources */,
				9741C9C61D1565EA00DD090F /* SSDrawerStyler.swift in Sources */,
				9730034B1C0F38EC00734D8D /* SSFilterView.swift in Sources */,
				97B2D1771D4B48AC00B5EBD2 /* SSChatListTableCell.swift in Sources */,
				97803B921D50B8440042B86A /* SSDetailViewController.swift in Sources */,
				9787ACE81CFE7B0B001CF18C /* SSMenuHeadView.swift in Sources */,
				97C5266D1C9F090400484F03 /* UIImage+Crop.swift in Sources */,
				9703C6261DB12B6600469BEE /* SSHeartTableViewCell.swift in Sources */,
				97343E2A1BE65AB300A9D39D /* MapViewController.swift in Sources */,
				9725A3C51D9ADA4800AB7116 /* SSTodayPhotoViewController.swift in Sources */,
				9764D9E21D35FF6400BBE4C6 /* SSWriteViewModel.swift in Sources */,
				979A4A041BF4525A00FAFB21 /* Util.swift in Sources */,
				979DD8C41DEC309100D273E5 /* Extensions.swift in Sources */,
				976031BB1D4CBFB3004B7392 /* UIView+Nib.swift in Sources */,
				97343E281BE65AB300A9D39D /* AppDelegate.swift in Sources */,
				9730033F1BF84FAE00734D8D /* SSNetworkErrorHandler.swift in Sources */,
				976031BD1D4D0AFD004B7392 /* SSUserModel.swift in Sources */,
				973003431BFCDF0500734D8D /* SSPhotoView.swift in Sources */,
				9773F95B1CB14E20008E79FE /* SSSignUpViewController.swift in Sources */,
				97C5266F1C9F091200484F03 /* String+Util.swift in Sources */,
				97A6BFF41CCA81A500DA06D2 /* SSAccountManager.swift in Sources */,
				978410BA1D7AC41900C71C63 /* SSModelToObjectConverter.swift in Sources */,
				97DEBDB91D98430800DB51A3 /* UIViewController+Util.swift in Sources */,
				9764D9E11D35FF6400BBE4C6 /* SSViewModel.swift in Sources */,
				9764D9E01D35FF6400BBE4C6 /* SSMainViewModel.swift in Sources */,
				97830FF11C524957008BD6DC /* SSNavigationBarItems.swift in Sources */,
				977DBA721D2A5C2900CFD98F /* SSMasterViewController.swift in Sources */,
				9799746C1D63022A00F511D7 /* SSChatCoachmarkLineView.swift in Sources */,
				974C9DBA1C6B5A5800E17A2B /* SSDetailView.swift in Sources */,
				979A4A061BF4527400FAFB21 /* UIDevice+Util.swift in Sources */,
				97D5A3CB1BEBB23500F3DDFB /* ListViewController.swift in Sources */,
				974C9B2E1C5C444C00E17A2B /* SSSignInViewController.swift in Sources */,
				9703C6241DABC0EA00469BEE /* SSHeartViewController.swift in Sources */,
				97A6BFF61CCA866C00DA06D2 /* SSChatListViewController.swift in Sources */,
				9787ACEA1CFE7B28001CF18C /* SSMenuTableViewCell.swift in Sources */,
				973003491C0B4F4D00734D8D /* SSWriteViewController.swift in Sources */,
				978410B61D7AB44F00C71C63 /* SSChatMapViewController.swift in Sources */,
				97A6BFF81CCA868C00DA06D2 /* SSChatViewController.swift in Sources */,
				979A4A031BF4525A00FAFB21 /* Define.swift in Sources */,
				977DBA741D2B82A400CFD98F /* SSScrollView.swift in Sources */,
				97B2D1791D4B535A00B5EBD2 /* SSChatStartingTableCell.swift in Sources */,
			);
			runOnlyForDeploymentPostprocessing = 0;
		};
		97343E341BE65AB300A9D39D /* Sources */ = {
			isa = PBXSourcesBuildPhase;
			buildActionMask = 2147483647;
			files = (
				97343E3D1BE65AB300A9D39D /* SsomTests.swift in Sources */,
			);
			runOnlyForDeploymentPostprocessing = 0;
		};
		97343E3F1BE65AB300A9D39D /* Sources */ = {
			isa = PBXSourcesBuildPhase;
			buildActionMask = 2147483647;
			files = (
				97343E481BE65AB300A9D39D /* SsomUITests.swift in Sources */,
			);
			runOnlyForDeploymentPostprocessing = 0;
		};
/* End PBXSourcesBuildPhase section */

/* Begin PBXTargetDependency section */
		97343E3A1BE65AB300A9D39D /* PBXTargetDependency */ = {
			isa = PBXTargetDependency;
			target = 97343E231BE65AB300A9D39D /* Ssom */;
			targetProxy = 97343E391BE65AB300A9D39D /* PBXContainerItemProxy */;
		};
		97343E451BE65AB300A9D39D /* PBXTargetDependency */ = {
			isa = PBXTargetDependency;
			target = 97343E231BE65AB300A9D39D /* Ssom */;
			targetProxy = 97343E441BE65AB300A9D39D /* PBXContainerItemProxy */;
		};
/* End PBXTargetDependency section */

/* Begin PBXVariantGroup section */
		97343E2B1BE65AB300A9D39D /* Main.storyboard */ = {
			isa = PBXVariantGroup;
			children = (
				97343E2C1BE65AB300A9D39D /* Base */,
			);
			name = Main.storyboard;
			sourceTree = "<group>";
		};
/* End PBXVariantGroup section */

/* Begin XCBuildConfiguration section */
		97343E4A1BE65AB300A9D39D /* Debug */ = {
			isa = XCBuildConfiguration;
			buildSettings = {
				ALWAYS_SEARCH_USER_PATHS = NO;
				CLANG_CXX_LANGUAGE_STANDARD = "gnu++0x";
				CLANG_CXX_LIBRARY = "libc++";
				CLANG_ENABLE_MODULES = YES;
				CLANG_ENABLE_OBJC_ARC = YES;
				CLANG_WARN_BLOCK_CAPTURE_AUTORELEASING = YES;
				CLANG_WARN_BOOL_CONVERSION = YES;
				CLANG_WARN_COMMA = YES;
				CLANG_WARN_CONSTANT_CONVERSION = YES;
				CLANG_WARN_DIRECT_OBJC_ISA_USAGE = YES_ERROR;
				CLANG_WARN_EMPTY_BODY = YES;
				CLANG_WARN_ENUM_CONVERSION = YES;
				CLANG_WARN_INFINITE_RECURSION = YES;
				CLANG_WARN_INT_CONVERSION = YES;
				CLANG_WARN_NON_LITERAL_NULL_CONVERSION = YES;
				CLANG_WARN_OBJC_LITERAL_CONVERSION = YES;
				CLANG_WARN_OBJC_ROOT_CLASS = YES_ERROR;
				CLANG_WARN_RANGE_LOOP_ANALYSIS = YES;
				CLANG_WARN_STRICT_PROTOTYPES = YES;
				CLANG_WARN_SUSPICIOUS_MOVE = YES;
				CLANG_WARN_UNREACHABLE_CODE = YES;
				CLANG_WARN__DUPLICATE_METHOD_MATCH = YES;
				"CODE_SIGN_IDENTITY[sdk=iphoneos*]" = "iPhone Developer";
				COPY_PHASE_STRIP = NO;
				DEBUG_INFORMATION_FORMAT = dwarf;
				ENABLE_STRICT_OBJC_MSGSEND = YES;
				ENABLE_TESTABILITY = YES;
				GCC_C_LANGUAGE_STANDARD = gnu99;
				GCC_DYNAMIC_NO_PIC = NO;
				GCC_NO_COMMON_BLOCKS = YES;
				GCC_OPTIMIZATION_LEVEL = 0;
				GCC_PREPROCESSOR_DEFINITIONS = (
					"DEBUG=1",
					"$(inherited)",
				);
				GCC_WARN_64_TO_32_BIT_CONVERSION = YES;
				GCC_WARN_ABOUT_RETURN_TYPE = YES_ERROR;
				GCC_WARN_UNDECLARED_SELECTOR = YES;
				GCC_WARN_UNINITIALIZED_AUTOS = YES_AGGRESSIVE;
				GCC_WARN_UNUSED_FUNCTION = YES;
				GCC_WARN_UNUSED_VARIABLE = YES;
				IPHONEOS_DEPLOYMENT_TARGET = 9.1;
				MTL_ENABLE_DEBUG_INFO = YES;
				ONLY_ACTIVE_ARCH = YES;
				SDKROOT = iphoneos;
				SWIFT_OPTIMIZATION_LEVEL = "-Onone";
			};
			name = Debug;
		};
		97343E4B1BE65AB300A9D39D /* Release */ = {
			isa = XCBuildConfiguration;
			buildSettings = {
				ALWAYS_SEARCH_USER_PATHS = NO;
				CLANG_CXX_LANGUAGE_STANDARD = "gnu++0x";
				CLANG_CXX_LIBRARY = "libc++";
				CLANG_ENABLE_MODULES = YES;
				CLANG_ENABLE_OBJC_ARC = YES;
				CLANG_WARN_BLOCK_CAPTURE_AUTORELEASING = YES;
				CLANG_WARN_BOOL_CONVERSION = YES;
				CLANG_WARN_COMMA = YES;
				CLANG_WARN_CONSTANT_CONVERSION = YES;
				CLANG_WARN_DIRECT_OBJC_ISA_USAGE = YES_ERROR;
				CLANG_WARN_EMPTY_BODY = YES;
				CLANG_WARN_ENUM_CONVERSION = YES;
				CLANG_WARN_INFINITE_RECURSION = YES;
				CLANG_WARN_INT_CONVERSION = YES;
				CLANG_WARN_NON_LITERAL_NULL_CONVERSION = YES;
				CLANG_WARN_OBJC_LITERAL_CONVERSION = YES;
				CLANG_WARN_OBJC_ROOT_CLASS = YES_ERROR;
				CLANG_WARN_RANGE_LOOP_ANALYSIS = YES;
				CLANG_WARN_STRICT_PROTOTYPES = YES;
				CLANG_WARN_SUSPICIOUS_MOVE = YES;
				CLANG_WARN_UNREACHABLE_CODE = YES;
				CLANG_WARN__DUPLICATE_METHOD_MATCH = YES;
				"CODE_SIGN_IDENTITY[sdk=iphoneos*]" = "iPhone Developer";
				COPY_PHASE_STRIP = NO;
				DEBUG_INFORMATION_FORMAT = "dwarf-with-dsym";
				ENABLE_NS_ASSERTIONS = NO;
				ENABLE_STRICT_OBJC_MSGSEND = YES;
				GCC_C_LANGUAGE_STANDARD = gnu99;
				GCC_NO_COMMON_BLOCKS = YES;
				GCC_WARN_64_TO_32_BIT_CONVERSION = YES;
				GCC_WARN_ABOUT_RETURN_TYPE = YES_ERROR;
				GCC_WARN_UNDECLARED_SELECTOR = YES;
				GCC_WARN_UNINITIALIZED_AUTOS = YES_AGGRESSIVE;
				GCC_WARN_UNUSED_FUNCTION = YES;
				GCC_WARN_UNUSED_VARIABLE = YES;
				IPHONEOS_DEPLOYMENT_TARGET = 9.1;
				MTL_ENABLE_DEBUG_INFO = NO;
				SDKROOT = iphoneos;
				SWIFT_OPTIMIZATION_LEVEL = "-Owholemodule";
				VALIDATE_PRODUCT = YES;
			};
			name = Release;
		};
		97343E4D1BE65AB300A9D39D /* Debug */ = {
			isa = XCBuildConfiguration;
			baseConfigurationReference = 17B5A0F7539C097E36A6A996 /* Pods-Ssom.debug.xcconfig */;
			buildSettings = {
				ALWAYS_EMBED_SWIFT_STANDARD_LIBRARIES = YES;
				ASSETCATALOG_COMPILER_APPICON_NAME = AppIcon;
				ASSETCATALOG_COMPILER_LAUNCHIMAGE_NAME = LaunchImage;
				CODE_SIGN_ENTITLEMENTS = Ssom/Ssom_development.entitlements;
				CODE_SIGN_IDENTITY = "iPhone Developer";
				DEBUG_INFORMATION_FORMAT = dwarf;
				DEVELOPMENT_TEAM = 3V2J2EZE5D;
				FRAMEWORK_SEARCH_PATHS = "$(inherited)";
				HEADER_SEARCH_PATHS = (
					"$(inherited)",
					"\"${PODS_ROOT}/Headers/Public\"",
					"\"${PODS_ROOT}/Headers/Public/GoogleMaps\"/**",
				);
				INFOPLIST_FILE = Ssom/Info.plist;
				IPHONEOS_DEPLOYMENT_TARGET = 8.1;
				LD_RUNPATH_SEARCH_PATHS = "$(inherited) @executable_path/Frameworks";
				OTHER_CFLAGS = (
					"$(inherited)",
					"-iquote",
					"\"$CONFIGURATION_BUILD_DIR/Alamofire.framework/Headers\"",
					"-iquote",
					"\"$CONFIGURATION_BUILD_DIR/MMDrawerController.framework/Headers\"",
					"-iquote",
					"\"$CONFIGURATION_BUILD_DIR/SDWebImage.framework/Headers\"",
					"-isystem",
					"\"${PODS_ROOT}/Headers/Public\"",
					"-isystem",
					"\"${PODS_ROOT}/Headers/Public/GoogleMaps\"",
				);
				PRODUCT_BUNDLE_IDENTIFIER = com.ssom;
				PRODUCT_NAME = "$(TARGET_NAME)";
				SWIFT_OBJC_BRIDGING_HEADER = Ssom/Common/ObjcBridge.h;
				SWIFT_VERSION = 3.0;
				TARGETED_DEVICE_FAMILY = 1;
				USER_HEADER_SEARCH_PATHS = "";
			};
			name = Debug;
		};
		97343E4E1BE65AB300A9D39D /* Release */ = {
			isa = XCBuildConfiguration;
			baseConfigurationReference = FD4D8E1A551570798BFECFB8 /* Pods-Ssom.release.xcconfig */;
			buildSettings = {
				ALWAYS_EMBED_SWIFT_STANDARD_LIBRARIES = YES;
				ASSETCATALOG_COMPILER_APPICON_NAME = AppIcon;
				ASSETCATALOG_COMPILER_LAUNCHIMAGE_NAME = LaunchImage;
				CODE_SIGN_ENTITLEMENTS = Ssom/Ssom.entitlements;
				CODE_SIGN_IDENTITY = "iPhone Developer";
				DEVELOPMENT_TEAM = 3V2J2EZE5D;
				FRAMEWORK_SEARCH_PATHS = "$(inherited)";
				HEADER_SEARCH_PATHS = (
					"$(inherited)",
					"\"${PODS_ROOT}/Headers/Public\"",
					"\"${PODS_ROOT}/Headers/Public/GoogleMaps\"/**",
				);
				INFOPLIST_FILE = Ssom/Info.plist;
				IPHONEOS_DEPLOYMENT_TARGET = 8.1;
				LD_RUNPATH_SEARCH_PATHS = "$(inherited) @executable_path/Frameworks";
				OTHER_CFLAGS = (
					"$(inherited)",
					"-iquote",
					"\"$CONFIGURATION_BUILD_DIR/Alamofire.framework/Headers\"",
					"-iquote",
					"\"$CONFIGURATION_BUILD_DIR/MMDrawerController.framework/Headers\"",
					"-iquote",
					"\"$CONFIGURATION_BUILD_DIR/SDWebImage.framework/Headers\"",
					"-isystem",
					"\"${PODS_ROOT}/Headers/Public\"",
					"-isystem",
					"\"${PODS_ROOT}/Headers/Public/GoogleMaps\"",
				);
				PRODUCT_BUNDLE_IDENTIFIER = com.ssom;
				PRODUCT_NAME = "$(TARGET_NAME)";
				SWIFT_OBJC_BRIDGING_HEADER = Ssom/Common/ObjcBridge.h;
				SWIFT_VERSION = 3.0;
				TARGETED_DEVICE_FAMILY = 1;
				USER_HEADER_SEARCH_PATHS = "";
			};
			name = Release;
		};
		97343E501BE65AB300A9D39D /* Debug */ = {
			isa = XCBuildConfiguration;
			baseConfigurationReference = 59A89FB784ADD1A0FC7ECA40 /* Pods-SsomTests.debug.xcconfig */;
			buildSettings = {
				BUNDLE_LOADER = "$(TEST_HOST)";
				INFOPLIST_FILE = SsomTests/Info.plist;
				LD_RUNPATH_SEARCH_PATHS = "$(inherited) @executable_path/Frameworks @loader_path/Frameworks";
				PRODUCT_BUNDLE_IDENTIFIER = com.ssom.SsomTests;
				PRODUCT_NAME = "$(TARGET_NAME)";
				SWIFT_VERSION = 3.0;
				TEST_HOST = "$(BUILT_PRODUCTS_DIR)/Ssom.app/Ssom";
			};
			name = Debug;
		};
		97343E511BE65AB300A9D39D /* Release */ = {
			isa = XCBuildConfiguration;
			baseConfigurationReference = 90F446BB7B078EDE71DA3C2B /* Pods-SsomTests.release.xcconfig */;
			buildSettings = {
				BUNDLE_LOADER = "$(TEST_HOST)";
				INFOPLIST_FILE = SsomTests/Info.plist;
				LD_RUNPATH_SEARCH_PATHS = "$(inherited) @executable_path/Frameworks @loader_path/Frameworks";
				PRODUCT_BUNDLE_IDENTIFIER = com.ssom.SsomTests;
				PRODUCT_NAME = "$(TARGET_NAME)";
				SWIFT_VERSION = 3.0;
				TEST_HOST = "$(BUILT_PRODUCTS_DIR)/Ssom.app/Ssom";
			};
			name = Release;
		};
		97343E531BE65AB300A9D39D /* Debug */ = {
			isa = XCBuildConfiguration;
			baseConfigurationReference = DB8D63EF44684737B7FDD792 /* Pods-SsomUITests.debug.xcconfig */;
			buildSettings = {
				INFOPLIST_FILE = SsomUITests/Info.plist;
				LD_RUNPATH_SEARCH_PATHS = "$(inherited) @executable_path/Frameworks @loader_path/Frameworks";
				PRODUCT_BUNDLE_IDENTIFIER = com.ssom.SsomUITests;
				PRODUCT_NAME = "$(TARGET_NAME)";
				SWIFT_VERSION = 3.0;
				TEST_TARGET_NAME = Ssom;
				USES_XCTRUNNER = YES;
			};
			name = Debug;
		};
		97343E541BE65AB300A9D39D /* Release */ = {
			isa = XCBuildConfiguration;
			baseConfigurationReference = 8CDE69CC28D9C3FF9CE4C101 /* Pods-SsomUITests.release.xcconfig */;
			buildSettings = {
				INFOPLIST_FILE = SsomUITests/Info.plist;
				LD_RUNPATH_SEARCH_PATHS = "$(inherited) @executable_path/Frameworks @loader_path/Frameworks";
				PRODUCT_BUNDLE_IDENTIFIER = com.ssom.SsomUITests;
				PRODUCT_NAME = "$(TARGET_NAME)";
				SWIFT_VERSION = 3.0;
				TEST_TARGET_NAME = Ssom;
				USES_XCTRUNNER = YES;
			};
			name = Release;
		};
/* End XCBuildConfiguration section */

/* Begin XCConfigurationList section */
		97343E1F1BE65AB300A9D39D /* Build configuration list for PBXProject "Ssom" */ = {
			isa = XCConfigurationList;
			buildConfigurations = (
				97343E4A1BE65AB300A9D39D /* Debug */,
				97343E4B1BE65AB300A9D39D /* Release */,
			);
			defaultConfigurationIsVisible = 0;
			defaultConfigurationName = Release;
		};
		97343E4C1BE65AB300A9D39D /* Build configuration list for PBXNativeTarget "Ssom" */ = {
			isa = XCConfigurationList;
			buildConfigurations = (
				97343E4D1BE65AB300A9D39D /* Debug */,
				97343E4E1BE65AB300A9D39D /* Release */,
			);
			defaultConfigurationIsVisible = 0;
			defaultConfigurationName = Release;
		};
		97343E4F1BE65AB300A9D39D /* Build configuration list for PBXNativeTarget "SsomTests" */ = {
			isa = XCConfigurationList;
			buildConfigurations = (
				97343E501BE65AB300A9D39D /* Debug */,
				97343E511BE65AB300A9D39D /* Release */,
			);
			defaultConfigurationIsVisible = 0;
			defaultConfigurationName = Release;
		};
		97343E521BE65AB300A9D39D /* Build configuration list for PBXNativeTarget "SsomUITests" */ = {
			isa = XCConfigurationList;
			buildConfigurations = (
				97343E531BE65AB300A9D39D /* Debug */,
				97343E541BE65AB300A9D39D /* Release */,
			);
			defaultConfigurationIsVisible = 0;
			defaultConfigurationName = Release;
		};
/* End XCConfigurationList section */
	};
	rootObject = 97343E1C1BE65AB300A9D39D /* Project object */;
}
